
Microsoft Visual Studio Solution File, Format Version 11.00
# Visual Studio 2010
Project("{FAE04EC0-301F-11D3-BF4B-00C04F79EFBC}") = "Editor", "Editor\Editor.csproj", "{8C049112-56BF-42E3-8E91-30EABDB86B16}"
EndProject
Global
	GlobalSection(SolutionConfigurationPlatforms) = preSolution
		Debug|Any CPU = Debug|Any CPU
		Debug|Mixed Platforms = Debug|Mixed Platforms
		Debug|x86 = Debug|x86
		Release|Any CPU = Release|Any CPU
		Release|Mixed Platforms = Release|Mixed Platforms
		Release|x86 = Release|x86
	EndGlobalSection
	GlobalSection(ProjectConfigurationPlatforms) = postSolution
		{8C049112-56BF-42E3-8E91-30EABDB86B16}.Debug|Any CPU.ActiveCfg = Debug|Any CPU
		{8C049112-56BF-42E3-8E91-30EABDB86B16}.Debug|Any CPU.Build.0 = Debug|Any CPU
		{8C049112-56BF-42E3-8E91-30EABDB86B16}.Debug|Mixed Platforms.ActiveCfg = Debug|Any CPU
		{8C049112-56BF-42E3-8E91-30EABDB86B16}.Debug|Mixed Platforms.Build.0 = Debug|Any CPU
		{8C049112-56BF-42E3-8E91-30EABDB86B16}.Debug|x86.ActiveCfg = Debug|Any CPU
		{8C049112-56BF-42E3-8E91-30EABDB86B16}.Release|Any CPU.ActiveCfg = Release|Any CPU
		{8C049112-56BF-42E3-8E91-30EABDB86B16}.Release|Any CPU.Build.0 = Release|Any CPU
		{8C049112-56BF-42E3-8E91-30EABDB86B16}.Release|Mixed Platforms.ActiveCfg = Release|Any CPU
		{8C049112-56BF-42E3-8E91-30EABDB86B16}.Release|Mixed Platforms.Build.0 = Release|Any CPU
		{8C049112-56BF-42E3-8E91-30EABDB86B16}.Release|x86.ActiveCfg = Release|Any CPU
	EndGlobalSection
	GlobalSection(SolutionProperties) = preSolution
		HideSolutionNode = FALSE
	EndGlobalSection
EndGlobal
