
Microsoft Visual Studio Solution File, Format Version 12.00
# Visual Studio 2013
VisualStudioVersion = 12.0.21005.1
MinimumVisualStudioVersion = 10.0.40219.1
Project("{2150E333-8FDC-42A3-9474-1A3956D46DE8}") = "Modules", "Modules", "{C4C64188-4FAE-4CC3-A9E6-D9D4AF7429B6}"
EndProject
Project("{2150E333-8FDC-42A3-9474-1A3956D46DE8}") = ".nuget", ".nuget", "{EAEF8202-B3F6-4F9B-9EFD-41C374433612}"
	ProjectSection(SolutionItems) = preProject
		.nuget\NuGet.Config = .nuget\NuGet.Config
		.nuget\NuGet.exe = .nuget\NuGet.exe
		.nuget\NuGet.targets = .nuget\NuGet.targets
	EndProjectSection
EndProject
Project("{2150E333-8FDC-42A3-9474-1A3956D46DE8}") = "Platform", "Platform", "{ADBF5F67-B480-4A93-9D50-C81856FC61A9}"
EndProject
Project("{2150E333-8FDC-42A3-9474-1A3956D46DE8}") = "App", "App", "{6E9D97F0-4243-452E-B832-1A855B8118EB}"
EndProject
Project("{FAE04EC0-301F-11D3-BF4B-00C04F79EFBC}") = "BehaviorTree", "App\Modules\BehaviorTree\BehaviorTree.csproj", "{6CD185D1-08E0-4729-A999-2D5B57BA8193}"
EndProject
Project("{FAE04EC0-301F-11D3-BF4B-00C04F79EFBC}") = "Editor", "App\Editor\Editor.csproj", "{C46F3337-0F48-4A72-84AD-8FDD1F159BB0}"
EndProject
Project("{FAE04EC0-301F-11D3-BF4B-00C04F79EFBC}") = "Robot", "App\Modules\Robot\Robot.csproj", "{5D6ECBCD-BE14-4DCB-BAEC-57089748B164}"
EndProject
Project("{FAE04EC0-301F-11D3-BF4B-00C04F79EFBC}") = "Hooks", "Platform\Hooks\Hooks.csproj", "{3A98B35C-DEA8-489C-9203-263FFB6B065D}"
EndProject
Project("{FAE04EC0-301F-11D3-BF4B-00C04F79EFBC}") = "Infrastructure", "App\Infrastructure\Infrastructure.csproj", "{48A2E149-0DAC-41B4-BB54-DFBCCD6D42B3}"
EndProject
Project("{FAE04EC0-301F-11D3-BF4B-00C04F79EFBC}") = "Log", "Platform\Log\Log.csproj", "{72E16572-FC1F-4A9E-BC96-035417239298}"
EndProject
Project("{2150E333-8FDC-42A3-9474-1A3956D46DE8}") = "Tools", "Tools", "{FD5F443E-CBEE-443E-821D-C47C86E09534}"
EndProject
Project("{FAE04EC0-301F-11D3-BF4B-00C04F79EFBC}") = "ProtobufTool", "Tools\ProtobufTool\ProtobufTool.csproj", "{87537C92-B2C7-4E46-A6FB-02B73215C100}"
EndProject
Project("{FAE04EC0-301F-11D3-BF4B-00C04F79EFBC}") = "Helper", "Platform\Helper\Helper.csproj", "{24233CD5-A5DF-484B-A482-B79CB7A0D9CB}"
EndProject
Project("{8BC9CEB8-8B4A-11D0-8D11-00A0C91BC942}") = "ENetCpp", "Platform\ENetCpp\ENetCpp.vcxproj", "{C9992B7C-313E-4C9F-A954-640D01EDFB58}"
EndProject
Project("{FAE04EC0-301F-11D3-BF4B-00C04F79EFBC}") = "ENet", "Platform\ENet\ENet.csproj", "{D0B4CFAC-A368-4742-9863-68776CFA9938}"
EndProject
Project("{FAE04EC0-301F-11D3-BF4B-00C04F79EFBC}") = "ENetTest", "Platform\ENetTest\ENetTest.csproj", "{901A8E5C-C4C6-4C3C-8E18-068D75119F5D}"
EndProject
Project("{FAE04EC0-301F-11D3-BF4B-00C04F79EFBC}") = "BossClient", "App\BossClient\BossClient.csproj", "{8650195A-7904-4EBC-9D81-B392A7E9B9B3}"
EndProject
Project("{FAE04EC0-301F-11D3-BF4B-00C04F79EFBC}") = "Login", "App\Modules\Login\Login.csproj", "{5AA48F9A-455D-4CD8-A605-A3AC38283E60}"
EndProject
Project("{FAE04EC0-301F-11D3-BF4B-00C04F79EFBC}") = "BossBase", "App\BossBase\BossBase.csproj", "{999910D3-4E7D-45B1-BD2C-47289CD4D1AB}"
EndProject
Project("{FAE04EC0-301F-11D3-BF4B-00C04F79EFBC}") = "BossCommand", "App\BossCommand\BossCommand.csproj", "{6C16281F-5550-4024-9504-295C63889E4F}"
EndProject
Project("{FAE04EC0-301F-11D3-BF4B-00C04F79EFBC}") = "WCFClient", "App\Modules\WCFClient\WCFClient.csproj", "{B07D70E7-F902-4F67-A486-B7AF27D6B813}"
EndProject
Project("{2150E333-8FDC-42A3-9474-1A3956D46DE8}") = "Game", "Game", "{D0CC1FF4-2747-4278-A51F-BE9AA959175B}"
EndProject
Project("{FAE04EC0-301F-11D3-BF4B-00C04F79EFBC}") = "BehaviorTree", "Game\BehaviorTree\BehaviorTree.csproj", "{C4E7A34A-095C-4983-AB63-FC2D20CD6824}"
EndProject
Project("{FAE04EC0-301F-11D3-BF4B-00C04F79EFBC}") = "BehaviorTreeTest", "Game\BehaviorTreeTest\BehaviorTreeTest.csproj", "{DD6F4735-E8E2-4F10-AE2B-434AB3A40236}"
EndProject
Project("{FAE04EC0-301F-11D3-BF4B-00C04F79EFBC}") = "Handler", "Game\Handler\Handler.csproj", "{CB5BCF0A-4741-477A-94C6-49ECA782555F}"
EndProject
Project("{FAE04EC0-301F-11D3-BF4B-00C04F79EFBC}") = "World", "Game\World\World.csproj", "{CBEDBE33-A883-4BFA-AE0A-8B3573F09BD0}"
EndProject
Project("{FAE04EC0-301F-11D3-BF4B-00C04F79EFBC}") = "WorldTest", "Game\WorldTest\WorldTest.csproj", "{F2BEB8B2-0D9B-4CD9-A4BD-AE8E00903A67}"
EndProject
Global
	GlobalSection(SolutionConfigurationPlatforms) = preSolution
		Debug|Any CPU = Debug|Any CPU
		Debug|Mixed Platforms = Debug|Mixed Platforms
		Debug|Win32 = Debug|Win32
		Debug|x86 = Debug|x86
		Release|Any CPU = Release|Any CPU
		Release|Mixed Platforms = Release|Mixed Platforms
		Release|Win32 = Release|Win32
		Release|x86 = Release|x86
	EndGlobalSection
	GlobalSection(ProjectConfigurationPlatforms) = postSolution
		{6CD185D1-08E0-4729-A999-2D5B57BA8193}.Debug|Any CPU.ActiveCfg = Debug|Any CPU
		{6CD185D1-08E0-4729-A999-2D5B57BA8193}.Debug|Any CPU.Build.0 = Debug|Any CPU
		{6CD185D1-08E0-4729-A999-2D5B57BA8193}.Debug|Mixed Platforms.ActiveCfg = Debug|Any CPU
		{6CD185D1-08E0-4729-A999-2D5B57BA8193}.Debug|Mixed Platforms.Build.0 = Debug|Any CPU
		{6CD185D1-08E0-4729-A999-2D5B57BA8193}.Debug|Win32.ActiveCfg = Debug|Any CPU
		{6CD185D1-08E0-4729-A999-2D5B57BA8193}.Debug|x86.ActiveCfg = Debug|Any CPU
		{6CD185D1-08E0-4729-A999-2D5B57BA8193}.Release|Any CPU.ActiveCfg = Release|Any CPU
		{6CD185D1-08E0-4729-A999-2D5B57BA8193}.Release|Any CPU.Build.0 = Release|Any CPU
		{6CD185D1-08E0-4729-A999-2D5B57BA8193}.Release|Mixed Platforms.ActiveCfg = Release|Any CPU
		{6CD185D1-08E0-4729-A999-2D5B57BA8193}.Release|Mixed Platforms.Build.0 = Release|Any CPU
		{6CD185D1-08E0-4729-A999-2D5B57BA8193}.Release|Win32.ActiveCfg = Release|Any CPU
		{6CD185D1-08E0-4729-A999-2D5B57BA8193}.Release|x86.ActiveCfg = Release|Any CPU
		{C46F3337-0F48-4A72-84AD-8FDD1F159BB0}.Debug|Any CPU.ActiveCfg = Debug|x86
		{C46F3337-0F48-4A72-84AD-8FDD1F159BB0}.Debug|Mixed Platforms.ActiveCfg = Debug|x86
		{C46F3337-0F48-4A72-84AD-8FDD1F159BB0}.Debug|Mixed Platforms.Build.0 = Debug|x86
		{C46F3337-0F48-4A72-84AD-8FDD1F159BB0}.Debug|Win32.ActiveCfg = Debug|x86
		{C46F3337-0F48-4A72-84AD-8FDD1F159BB0}.Debug|Win32.Build.0 = Debug|x86
		{C46F3337-0F48-4A72-84AD-8FDD1F159BB0}.Debug|x86.ActiveCfg = Debug|x86
		{C46F3337-0F48-4A72-84AD-8FDD1F159BB0}.Debug|x86.Build.0 = Debug|x86
		{C46F3337-0F48-4A72-84AD-8FDD1F159BB0}.Release|Any CPU.ActiveCfg = Release|x86
		{C46F3337-0F48-4A72-84AD-8FDD1F159BB0}.Release|Mixed Platforms.ActiveCfg = Release|x86
		{C46F3337-0F48-4A72-84AD-8FDD1F159BB0}.Release|Mixed Platforms.Build.0 = Release|x86
		{C46F3337-0F48-4A72-84AD-8FDD1F159BB0}.Release|Win32.ActiveCfg = Release|x86
		{C46F3337-0F48-4A72-84AD-8FDD1F159BB0}.Release|Win32.Build.0 = Release|x86
		{C46F3337-0F48-4A72-84AD-8FDD1F159BB0}.Release|x86.ActiveCfg = Release|x86
		{C46F3337-0F48-4A72-84AD-8FDD1F159BB0}.Release|x86.Build.0 = Release|x86
		{5D6ECBCD-BE14-4DCB-BAEC-57089748B164}.Debug|Any CPU.ActiveCfg = Debug|Any CPU
		{5D6ECBCD-BE14-4DCB-BAEC-57089748B164}.Debug|Any CPU.Build.0 = Debug|Any CPU
		{5D6ECBCD-BE14-4DCB-BAEC-57089748B164}.Debug|Mixed Platforms.ActiveCfg = Debug|Any CPU
		{5D6ECBCD-BE14-4DCB-BAEC-57089748B164}.Debug|Mixed Platforms.Build.0 = Debug|Any CPU
		{5D6ECBCD-BE14-4DCB-BAEC-57089748B164}.Debug|Win32.ActiveCfg = Debug|Any CPU
		{5D6ECBCD-BE14-4DCB-BAEC-57089748B164}.Debug|x86.ActiveCfg = Debug|Any CPU
		{5D6ECBCD-BE14-4DCB-BAEC-57089748B164}.Release|Any CPU.ActiveCfg = Release|Any CPU
		{5D6ECBCD-BE14-4DCB-BAEC-57089748B164}.Release|Any CPU.Build.0 = Release|Any CPU
		{5D6ECBCD-BE14-4DCB-BAEC-57089748B164}.Release|Mixed Platforms.ActiveCfg = Release|Any CPU
		{5D6ECBCD-BE14-4DCB-BAEC-57089748B164}.Release|Mixed Platforms.Build.0 = Release|Any CPU
		{5D6ECBCD-BE14-4DCB-BAEC-57089748B164}.Release|Win32.ActiveCfg = Release|Any CPU
		{5D6ECBCD-BE14-4DCB-BAEC-57089748B164}.Release|x86.ActiveCfg = Release|Any CPU
		{3A98B35C-DEA8-489C-9203-263FFB6B065D}.Debug|Any CPU.ActiveCfg = Debug|Any CPU
		{3A98B35C-DEA8-489C-9203-263FFB6B065D}.Debug|Any CPU.Build.0 = Debug|Any CPU
		{3A98B35C-DEA8-489C-9203-263FFB6B065D}.Debug|Mixed Platforms.ActiveCfg = Debug|Any CPU
		{3A98B35C-DEA8-489C-9203-263FFB6B065D}.Debug|Mixed Platforms.Build.0 = Debug|Any CPU
		{3A98B35C-DEA8-489C-9203-263FFB6B065D}.Debug|Win32.ActiveCfg = Debug|Any CPU
		{3A98B35C-DEA8-489C-9203-263FFB6B065D}.Debug|x86.ActiveCfg = Debug|Any CPU
		{3A98B35C-DEA8-489C-9203-263FFB6B065D}.Release|Any CPU.ActiveCfg = Release|Any CPU
		{3A98B35C-DEA8-489C-9203-263FFB6B065D}.Release|Any CPU.Build.0 = Release|Any CPU
		{3A98B35C-DEA8-489C-9203-263FFB6B065D}.Release|Mixed Platforms.ActiveCfg = Release|Any CPU
		{3A98B35C-DEA8-489C-9203-263FFB6B065D}.Release|Mixed Platforms.Build.0 = Release|Any CPU
		{3A98B35C-DEA8-489C-9203-263FFB6B065D}.Release|Win32.ActiveCfg = Release|Any CPU
		{3A98B35C-DEA8-489C-9203-263FFB6B065D}.Release|x86.ActiveCfg = Release|Any CPU
		{48A2E149-0DAC-41B4-BB54-DFBCCD6D42B3}.Debug|Any CPU.ActiveCfg = Debug|Any CPU
		{48A2E149-0DAC-41B4-BB54-DFBCCD6D42B3}.Debug|Any CPU.Build.0 = Debug|Any CPU
		{48A2E149-0DAC-41B4-BB54-DFBCCD6D42B3}.Debug|Mixed Platforms.ActiveCfg = Debug|Any CPU
		{48A2E149-0DAC-41B4-BB54-DFBCCD6D42B3}.Debug|Mixed Platforms.Build.0 = Debug|Any CPU
		{48A2E149-0DAC-41B4-BB54-DFBCCD6D42B3}.Debug|Win32.ActiveCfg = Debug|Any CPU
		{48A2E149-0DAC-41B4-BB54-DFBCCD6D42B3}.Debug|x86.ActiveCfg = Debug|Any CPU
		{48A2E149-0DAC-41B4-BB54-DFBCCD6D42B3}.Release|Any CPU.ActiveCfg = Release|Any CPU
		{48A2E149-0DAC-41B4-BB54-DFBCCD6D42B3}.Release|Any CPU.Build.0 = Release|Any CPU
		{48A2E149-0DAC-41B4-BB54-DFBCCD6D42B3}.Release|Mixed Platforms.ActiveCfg = Release|Any CPU
		{48A2E149-0DAC-41B4-BB54-DFBCCD6D42B3}.Release|Mixed Platforms.Build.0 = Release|Any CPU
		{48A2E149-0DAC-41B4-BB54-DFBCCD6D42B3}.Release|Win32.ActiveCfg = Release|Any CPU
		{48A2E149-0DAC-41B4-BB54-DFBCCD6D42B3}.Release|x86.ActiveCfg = Release|Any CPU
		{72E16572-FC1F-4A9E-BC96-035417239298}.Debug|Any CPU.ActiveCfg = Debug|Any CPU
		{72E16572-FC1F-4A9E-BC96-035417239298}.Debug|Any CPU.Build.0 = Debug|Any CPU
		{72E16572-FC1F-4A9E-BC96-035417239298}.Debug|Mixed Platforms.ActiveCfg = Debug|Any CPU
		{72E16572-FC1F-4A9E-BC96-035417239298}.Debug|Mixed Platforms.Build.0 = Debug|Any CPU
		{72E16572-FC1F-4A9E-BC96-035417239298}.Debug|Win32.ActiveCfg = Debug|Any CPU
		{72E16572-FC1F-4A9E-BC96-035417239298}.Debug|x86.ActiveCfg = Debug|Any CPU
		{72E16572-FC1F-4A9E-BC96-035417239298}.Release|Any CPU.ActiveCfg = Release|Any CPU
		{72E16572-FC1F-4A9E-BC96-035417239298}.Release|Any CPU.Build.0 = Release|Any CPU
		{72E16572-FC1F-4A9E-BC96-035417239298}.Release|Mixed Platforms.ActiveCfg = Release|Any CPU
		{72E16572-FC1F-4A9E-BC96-035417239298}.Release|Mixed Platforms.Build.0 = Release|Any CPU
		{72E16572-FC1F-4A9E-BC96-035417239298}.Release|Win32.ActiveCfg = Release|Any CPU
		{72E16572-FC1F-4A9E-BC96-035417239298}.Release|x86.ActiveCfg = Release|Any CPU
		{87537C92-B2C7-4E46-A6FB-02B73215C100}.Debug|Any CPU.ActiveCfg = Debug|Any CPU
		{87537C92-B2C7-4E46-A6FB-02B73215C100}.Debug|Any CPU.Build.0 = Debug|Any CPU
		{87537C92-B2C7-4E46-A6FB-02B73215C100}.Debug|Mixed Platforms.ActiveCfg = Debug|Any CPU
		{87537C92-B2C7-4E46-A6FB-02B73215C100}.Debug|Mixed Platforms.Build.0 = Debug|Any CPU
		{87537C92-B2C7-4E46-A6FB-02B73215C100}.Debug|Win32.ActiveCfg = Debug|Any CPU
		{87537C92-B2C7-4E46-A6FB-02B73215C100}.Debug|x86.ActiveCfg = Debug|Any CPU
		{87537C92-B2C7-4E46-A6FB-02B73215C100}.Release|Any CPU.ActiveCfg = Release|Any CPU
		{87537C92-B2C7-4E46-A6FB-02B73215C100}.Release|Any CPU.Build.0 = Release|Any CPU
		{87537C92-B2C7-4E46-A6FB-02B73215C100}.Release|Mixed Platforms.ActiveCfg = Release|Any CPU
		{87537C92-B2C7-4E46-A6FB-02B73215C100}.Release|Mixed Platforms.Build.0 = Release|Any CPU
		{87537C92-B2C7-4E46-A6FB-02B73215C100}.Release|Win32.ActiveCfg = Release|Any CPU
		{87537C92-B2C7-4E46-A6FB-02B73215C100}.Release|x86.ActiveCfg = Release|Any CPU
		{24233CD5-A5DF-484B-A482-B79CB7A0D9CB}.Debug|Any CPU.ActiveCfg = Debug|Any CPU
		{24233CD5-A5DF-484B-A482-B79CB7A0D9CB}.Debug|Any CPU.Build.0 = Debug|Any CPU
		{24233CD5-A5DF-484B-A482-B79CB7A0D9CB}.Debug|Mixed Platforms.ActiveCfg = Debug|Any CPU
		{24233CD5-A5DF-484B-A482-B79CB7A0D9CB}.Debug|Mixed Platforms.Build.0 = Debug|Any CPU
		{24233CD5-A5DF-484B-A482-B79CB7A0D9CB}.Debug|Win32.ActiveCfg = Debug|Any CPU
		{24233CD5-A5DF-484B-A482-B79CB7A0D9CB}.Debug|x86.ActiveCfg = Debug|Any CPU
		{24233CD5-A5DF-484B-A482-B79CB7A0D9CB}.Release|Any CPU.ActiveCfg = Release|Any CPU
		{24233CD5-A5DF-484B-A482-B79CB7A0D9CB}.Release|Any CPU.Build.0 = Release|Any CPU
		{24233CD5-A5DF-484B-A482-B79CB7A0D9CB}.Release|Mixed Platforms.ActiveCfg = Release|Any CPU
		{24233CD5-A5DF-484B-A482-B79CB7A0D9CB}.Release|Mixed Platforms.Build.0 = Release|Any CPU
		{24233CD5-A5DF-484B-A482-B79CB7A0D9CB}.Release|Win32.ActiveCfg = Release|Any CPU
		{24233CD5-A5DF-484B-A482-B79CB7A0D9CB}.Release|x86.ActiveCfg = Release|Any CPU
		{C9992B7C-313E-4C9F-A954-640D01EDFB58}.Debug|Any CPU.ActiveCfg = Debug|Win32
		{C9992B7C-313E-4C9F-A954-640D01EDFB58}.Debug|Mixed Platforms.ActiveCfg = Debug|Win32
		{C9992B7C-313E-4C9F-A954-640D01EDFB58}.Debug|Mixed Platforms.Build.0 = Debug|Win32
		{C9992B7C-313E-4C9F-A954-640D01EDFB58}.Debug|Win32.ActiveCfg = Debug|Win32
		{C9992B7C-313E-4C9F-A954-640D01EDFB58}.Debug|Win32.Build.0 = Debug|Win32
		{C9992B7C-313E-4C9F-A954-640D01EDFB58}.Debug|x86.ActiveCfg = Debug|Win32
		{C9992B7C-313E-4C9F-A954-640D01EDFB58}.Debug|x86.Build.0 = Debug|Win32
		{C9992B7C-313E-4C9F-A954-640D01EDFB58}.Release|Any CPU.ActiveCfg = Release|Win32
		{C9992B7C-313E-4C9F-A954-640D01EDFB58}.Release|Mixed Platforms.ActiveCfg = Release|Win32
		{C9992B7C-313E-4C9F-A954-640D01EDFB58}.Release|Mixed Platforms.Build.0 = Release|Win32
		{C9992B7C-313E-4C9F-A954-640D01EDFB58}.Release|Win32.ActiveCfg = Release|Win32
		{C9992B7C-313E-4C9F-A954-640D01EDFB58}.Release|Win32.Build.0 = Release|Win32
		{C9992B7C-313E-4C9F-A954-640D01EDFB58}.Release|x86.ActiveCfg = Release|Win32
		{C9992B7C-313E-4C9F-A954-640D01EDFB58}.Release|x86.Build.0 = Release|Win32
		{D0B4CFAC-A368-4742-9863-68776CFA9938}.Debug|Any CPU.ActiveCfg = Debug|Any CPU
		{D0B4CFAC-A368-4742-9863-68776CFA9938}.Debug|Any CPU.Build.0 = Debug|Any CPU
		{D0B4CFAC-A368-4742-9863-68776CFA9938}.Debug|Mixed Platforms.ActiveCfg = Debug|Any CPU
		{D0B4CFAC-A368-4742-9863-68776CFA9938}.Debug|Mixed Platforms.Build.0 = Debug|Any CPU
		{D0B4CFAC-A368-4742-9863-68776CFA9938}.Debug|Win32.ActiveCfg = Debug|Any CPU
		{D0B4CFAC-A368-4742-9863-68776CFA9938}.Debug|x86.ActiveCfg = Debug|Any CPU
		{D0B4CFAC-A368-4742-9863-68776CFA9938}.Release|Any CPU.ActiveCfg = Release|Any CPU
		{D0B4CFAC-A368-4742-9863-68776CFA9938}.Release|Any CPU.Build.0 = Release|Any CPU
		{D0B4CFAC-A368-4742-9863-68776CFA9938}.Release|Mixed Platforms.ActiveCfg = Release|Any CPU
		{D0B4CFAC-A368-4742-9863-68776CFA9938}.Release|Mixed Platforms.Build.0 = Release|Any CPU
		{D0B4CFAC-A368-4742-9863-68776CFA9938}.Release|Win32.ActiveCfg = Release|Any CPU
		{D0B4CFAC-A368-4742-9863-68776CFA9938}.Release|x86.ActiveCfg = Release|Any CPU
		{901A8E5C-C4C6-4C3C-8E18-068D75119F5D}.Debug|Any CPU.ActiveCfg = Debug|Any CPU
		{901A8E5C-C4C6-4C3C-8E18-068D75119F5D}.Debug|Any CPU.Build.0 = Debug|Any CPU
		{901A8E5C-C4C6-4C3C-8E18-068D75119F5D}.Debug|Mixed Platforms.ActiveCfg = Debug|Any CPU
		{901A8E5C-C4C6-4C3C-8E18-068D75119F5D}.Debug|Mixed Platforms.Build.0 = Debug|Any CPU
		{901A8E5C-C4C6-4C3C-8E18-068D75119F5D}.Debug|Win32.ActiveCfg = Debug|Any CPU
		{901A8E5C-C4C6-4C3C-8E18-068D75119F5D}.Debug|x86.ActiveCfg = Debug|Any CPU
		{901A8E5C-C4C6-4C3C-8E18-068D75119F5D}.Release|Any CPU.ActiveCfg = Release|Any CPU
		{901A8E5C-C4C6-4C3C-8E18-068D75119F5D}.Release|Any CPU.Build.0 = Release|Any CPU
		{901A8E5C-C4C6-4C3C-8E18-068D75119F5D}.Release|Mixed Platforms.ActiveCfg = Release|Any CPU
		{901A8E5C-C4C6-4C3C-8E18-068D75119F5D}.Release|Mixed Platforms.Build.0 = Release|Any CPU
		{901A8E5C-C4C6-4C3C-8E18-068D75119F5D}.Release|Win32.ActiveCfg = Release|Any CPU
		{901A8E5C-C4C6-4C3C-8E18-068D75119F5D}.Release|x86.ActiveCfg = Release|Any CPU
		{8650195A-7904-4EBC-9D81-B392A7E9B9B3}.Debug|Any CPU.ActiveCfg = Debug|Any CPU
		{8650195A-7904-4EBC-9D81-B392A7E9B9B3}.Debug|Any CPU.Build.0 = Debug|Any CPU
		{8650195A-7904-4EBC-9D81-B392A7E9B9B3}.Debug|Mixed Platforms.ActiveCfg = Debug|Any CPU
		{8650195A-7904-4EBC-9D81-B392A7E9B9B3}.Debug|Mixed Platforms.Build.0 = Debug|Any CPU
		{8650195A-7904-4EBC-9D81-B392A7E9B9B3}.Debug|Win32.ActiveCfg = Debug|Any CPU
		{8650195A-7904-4EBC-9D81-B392A7E9B9B3}.Debug|x86.ActiveCfg = Debug|Any CPU
		{8650195A-7904-4EBC-9D81-B392A7E9B9B3}.Release|Any CPU.ActiveCfg = Release|Any CPU
		{8650195A-7904-4EBC-9D81-B392A7E9B9B3}.Release|Any CPU.Build.0 = Release|Any CPU
		{8650195A-7904-4EBC-9D81-B392A7E9B9B3}.Release|Mixed Platforms.ActiveCfg = Release|Any CPU
		{8650195A-7904-4EBC-9D81-B392A7E9B9B3}.Release|Mixed Platforms.Build.0 = Release|Any CPU
		{8650195A-7904-4EBC-9D81-B392A7E9B9B3}.Release|Win32.ActiveCfg = Release|Any CPU
		{8650195A-7904-4EBC-9D81-B392A7E9B9B3}.Release|x86.ActiveCfg = Release|Any CPU
		{5AA48F9A-455D-4CD8-A605-A3AC38283E60}.Debug|Any CPU.ActiveCfg = Debug|Any CPU
		{5AA48F9A-455D-4CD8-A605-A3AC38283E60}.Debug|Any CPU.Build.0 = Debug|Any CPU
		{5AA48F9A-455D-4CD8-A605-A3AC38283E60}.Debug|Mixed Platforms.ActiveCfg = Debug|Any CPU
		{5AA48F9A-455D-4CD8-A605-A3AC38283E60}.Debug|Mixed Platforms.Build.0 = Debug|Any CPU
		{5AA48F9A-455D-4CD8-A605-A3AC38283E60}.Debug|Win32.ActiveCfg = Debug|Any CPU
		{5AA48F9A-455D-4CD8-A605-A3AC38283E60}.Debug|x86.ActiveCfg = Debug|Any CPU
		{5AA48F9A-455D-4CD8-A605-A3AC38283E60}.Release|Any CPU.ActiveCfg = Release|Any CPU
		{5AA48F9A-455D-4CD8-A605-A3AC38283E60}.Release|Any CPU.Build.0 = Release|Any CPU
		{5AA48F9A-455D-4CD8-A605-A3AC38283E60}.Release|Mixed Platforms.ActiveCfg = Release|Any CPU
		{5AA48F9A-455D-4CD8-A605-A3AC38283E60}.Release|Mixed Platforms.Build.0 = Release|Any CPU
		{5AA48F9A-455D-4CD8-A605-A3AC38283E60}.Release|Win32.ActiveCfg = Release|Any CPU
		{5AA48F9A-455D-4CD8-A605-A3AC38283E60}.Release|x86.ActiveCfg = Release|Any CPU
		{999910D3-4E7D-45B1-BD2C-47289CD4D1AB}.Debug|Any CPU.ActiveCfg = Debug|Any CPU
		{999910D3-4E7D-45B1-BD2C-47289CD4D1AB}.Debug|Any CPU.Build.0 = Debug|Any CPU
		{999910D3-4E7D-45B1-BD2C-47289CD4D1AB}.Debug|Mixed Platforms.ActiveCfg = Debug|Any CPU
		{999910D3-4E7D-45B1-BD2C-47289CD4D1AB}.Debug|Mixed Platforms.Build.0 = Debug|Any CPU
		{999910D3-4E7D-45B1-BD2C-47289CD4D1AB}.Debug|Win32.ActiveCfg = Debug|Any CPU
		{999910D3-4E7D-45B1-BD2C-47289CD4D1AB}.Debug|x86.ActiveCfg = Debug|Any CPU
		{999910D3-4E7D-45B1-BD2C-47289CD4D1AB}.Release|Any CPU.ActiveCfg = Release|Any CPU
		{999910D3-4E7D-45B1-BD2C-47289CD4D1AB}.Release|Any CPU.Build.0 = Release|Any CPU
		{999910D3-4E7D-45B1-BD2C-47289CD4D1AB}.Release|Mixed Platforms.ActiveCfg = Release|Any CPU
		{999910D3-4E7D-45B1-BD2C-47289CD4D1AB}.Release|Mixed Platforms.Build.0 = Release|Any CPU
		{999910D3-4E7D-45B1-BD2C-47289CD4D1AB}.Release|Win32.ActiveCfg = Release|Any CPU
		{999910D3-4E7D-45B1-BD2C-47289CD4D1AB}.Release|x86.ActiveCfg = Release|Any CPU
		{6C16281F-5550-4024-9504-295C63889E4F}.Debug|Any CPU.ActiveCfg = Debug|Any CPU
		{6C16281F-5550-4024-9504-295C63889E4F}.Debug|Any CPU.Build.0 = Debug|Any CPU
		{6C16281F-5550-4024-9504-295C63889E4F}.Debug|Mixed Platforms.ActiveCfg = Debug|Any CPU
		{6C16281F-5550-4024-9504-295C63889E4F}.Debug|Mixed Platforms.Build.0 = Debug|Any CPU
		{6C16281F-5550-4024-9504-295C63889E4F}.Debug|Win32.ActiveCfg = Debug|Any CPU
		{6C16281F-5550-4024-9504-295C63889E4F}.Debug|x86.ActiveCfg = Debug|Any CPU
		{6C16281F-5550-4024-9504-295C63889E4F}.Release|Any CPU.ActiveCfg = Release|Any CPU
		{6C16281F-5550-4024-9504-295C63889E4F}.Release|Any CPU.Build.0 = Release|Any CPU
		{6C16281F-5550-4024-9504-295C63889E4F}.Release|Mixed Platforms.ActiveCfg = Release|Any CPU
		{6C16281F-5550-4024-9504-295C63889E4F}.Release|Mixed Platforms.Build.0 = Release|Any CPU
		{6C16281F-5550-4024-9504-295C63889E4F}.Release|Win32.ActiveCfg = Release|Any CPU
		{6C16281F-5550-4024-9504-295C63889E4F}.Release|x86.ActiveCfg = Release|Any CPU
		{B07D70E7-F902-4F67-A486-B7AF27D6B813}.Debug|Any CPU.ActiveCfg = Debug|Any CPU
		{B07D70E7-F902-4F67-A486-B7AF27D6B813}.Debug|Any CPU.Build.0 = Debug|Any CPU
		{B07D70E7-F902-4F67-A486-B7AF27D6B813}.Debug|Mixed Platforms.ActiveCfg = Debug|Any CPU
		{B07D70E7-F902-4F67-A486-B7AF27D6B813}.Debug|Mixed Platforms.Build.0 = Debug|Any CPU
		{B07D70E7-F902-4F67-A486-B7AF27D6B813}.Debug|Win32.ActiveCfg = Debug|Any CPU
		{B07D70E7-F902-4F67-A486-B7AF27D6B813}.Debug|x86.ActiveCfg = Debug|Any CPU
		{B07D70E7-F902-4F67-A486-B7AF27D6B813}.Release|Any CPU.ActiveCfg = Release|Any CPU
		{B07D70E7-F902-4F67-A486-B7AF27D6B813}.Release|Any CPU.Build.0 = Release|Any CPU
		{B07D70E7-F902-4F67-A486-B7AF27D6B813}.Release|Mixed Platforms.ActiveCfg = Release|Any CPU
		{B07D70E7-F902-4F67-A486-B7AF27D6B813}.Release|Mixed Platforms.Build.0 = Release|Any CPU
		{B07D70E7-F902-4F67-A486-B7AF27D6B813}.Release|Win32.ActiveCfg = Release|Any CPU
		{B07D70E7-F902-4F67-A486-B7AF27D6B813}.Release|x86.ActiveCfg = Release|Any CPU
		{C4E7A34A-095C-4983-AB63-FC2D20CD6824}.Debug|Any CPU.ActiveCfg = Debug|Any CPU
		{C4E7A34A-095C-4983-AB63-FC2D20CD6824}.Debug|Any CPU.Build.0 = Debug|Any CPU
		{C4E7A34A-095C-4983-AB63-FC2D20CD6824}.Debug|Mixed Platforms.ActiveCfg = Debug|Any CPU
		{C4E7A34A-095C-4983-AB63-FC2D20CD6824}.Debug|Mixed Platforms.Build.0 = Debug|Any CPU
		{C4E7A34A-095C-4983-AB63-FC2D20CD6824}.Debug|Win32.ActiveCfg = Debug|Any CPU
		{C4E7A34A-095C-4983-AB63-FC2D20CD6824}.Debug|x86.ActiveCfg = Debug|Any CPU
		{C4E7A34A-095C-4983-AB63-FC2D20CD6824}.Release|Any CPU.ActiveCfg = Release|Any CPU
		{C4E7A34A-095C-4983-AB63-FC2D20CD6824}.Release|Any CPU.Build.0 = Release|Any CPU
		{C4E7A34A-095C-4983-AB63-FC2D20CD6824}.Release|Mixed Platforms.ActiveCfg = Release|Any CPU
		{C4E7A34A-095C-4983-AB63-FC2D20CD6824}.Release|Mixed Platforms.Build.0 = Release|Any CPU
		{C4E7A34A-095C-4983-AB63-FC2D20CD6824}.Release|Win32.ActiveCfg = Release|Any CPU
		{C4E7A34A-095C-4983-AB63-FC2D20CD6824}.Release|x86.ActiveCfg = Release|Any CPU
		{DD6F4735-E8E2-4F10-AE2B-434AB3A40236}.Debug|Any CPU.ActiveCfg = Debug|Any CPU
		{DD6F4735-E8E2-4F10-AE2B-434AB3A40236}.Debug|Any CPU.Build.0 = Debug|Any CPU
		{DD6F4735-E8E2-4F10-AE2B-434AB3A40236}.Debug|Mixed Platforms.ActiveCfg = Debug|Any CPU
		{DD6F4735-E8E2-4F10-AE2B-434AB3A40236}.Debug|Mixed Platforms.Build.0 = Debug|Any CPU
		{DD6F4735-E8E2-4F10-AE2B-434AB3A40236}.Debug|Win32.ActiveCfg = Debug|Any CPU
		{DD6F4735-E8E2-4F10-AE2B-434AB3A40236}.Debug|x86.ActiveCfg = Debug|Any CPU
		{DD6F4735-E8E2-4F10-AE2B-434AB3A40236}.Release|Any CPU.ActiveCfg = Release|Any CPU
		{DD6F4735-E8E2-4F10-AE2B-434AB3A40236}.Release|Any CPU.Build.0 = Release|Any CPU
		{DD6F4735-E8E2-4F10-AE2B-434AB3A40236}.Release|Mixed Platforms.ActiveCfg = Release|Any CPU
		{DD6F4735-E8E2-4F10-AE2B-434AB3A40236}.Release|Mixed Platforms.Build.0 = Release|Any CPU
		{DD6F4735-E8E2-4F10-AE2B-434AB3A40236}.Release|Win32.ActiveCfg = Release|Any CPU
		{DD6F4735-E8E2-4F10-AE2B-434AB3A40236}.Release|x86.ActiveCfg = Release|Any CPU
		{CB5BCF0A-4741-477A-94C6-49ECA782555F}.Debug|Any CPU.ActiveCfg = Debug|Any CPU
		{CB5BCF0A-4741-477A-94C6-49ECA782555F}.Debug|Any CPU.Build.0 = Debug|Any CPU
		{CB5BCF0A-4741-477A-94C6-49ECA782555F}.Debug|Mixed Platforms.ActiveCfg = Debug|Any CPU
		{CB5BCF0A-4741-477A-94C6-49ECA782555F}.Debug|Mixed Platforms.Build.0 = Debug|Any CPU
		{CB5BCF0A-4741-477A-94C6-49ECA782555F}.Debug|Win32.ActiveCfg = Debug|Any CPU
		{CB5BCF0A-4741-477A-94C6-49ECA782555F}.Debug|x86.ActiveCfg = Debug|Any CPU
		{CB5BCF0A-4741-477A-94C6-49ECA782555F}.Release|Any CPU.ActiveCfg = Release|Any CPU
		{CB5BCF0A-4741-477A-94C6-49ECA782555F}.Release|Any CPU.Build.0 = Release|Any CPU
		{CB5BCF0A-4741-477A-94C6-49ECA782555F}.Release|Mixed Platforms.ActiveCfg = Release|Any CPU
		{CB5BCF0A-4741-477A-94C6-49ECA782555F}.Release|Mixed Platforms.Build.0 = Release|Any CPU
		{CB5BCF0A-4741-477A-94C6-49ECA782555F}.Release|Win32.ActiveCfg = Release|Any CPU
		{CB5BCF0A-4741-477A-94C6-49ECA782555F}.Release|x86.ActiveCfg = Release|Any CPU
		{CBEDBE33-A883-4BFA-AE0A-8B3573F09BD0}.Debug|Any CPU.ActiveCfg = Debug|Any CPU
		{CBEDBE33-A883-4BFA-AE0A-8B3573F09BD0}.Debug|Any CPU.Build.0 = Debug|Any CPU
		{CBEDBE33-A883-4BFA-AE0A-8B3573F09BD0}.Debug|Mixed Platforms.ActiveCfg = Debug|Any CPU
		{CBEDBE33-A883-4BFA-AE0A-8B3573F09BD0}.Debug|Mixed Platforms.Build.0 = Debug|Any CPU
		{CBEDBE33-A883-4BFA-AE0A-8B3573F09BD0}.Debug|Win32.ActiveCfg = Debug|Any CPU
		{CBEDBE33-A883-4BFA-AE0A-8B3573F09BD0}.Debug|x86.ActiveCfg = Debug|Any CPU
		{CBEDBE33-A883-4BFA-AE0A-8B3573F09BD0}.Release|Any CPU.ActiveCfg = Release|Any CPU
		{CBEDBE33-A883-4BFA-AE0A-8B3573F09BD0}.Release|Any CPU.Build.0 = Release|Any CPU
		{CBEDBE33-A883-4BFA-AE0A-8B3573F09BD0}.Release|Mixed Platforms.ActiveCfg = Release|Any CPU
		{CBEDBE33-A883-4BFA-AE0A-8B3573F09BD0}.Release|Mixed Platforms.Build.0 = Release|Any CPU
		{CBEDBE33-A883-4BFA-AE0A-8B3573F09BD0}.Release|Win32.ActiveCfg = Release|Any CPU
		{CBEDBE33-A883-4BFA-AE0A-8B3573F09BD0}.Release|x86.ActiveCfg = Release|Any CPU
		{F2BEB8B2-0D9B-4CD9-A4BD-AE8E00903A67}.Debug|Any CPU.ActiveCfg = Debug|Any CPU
		{F2BEB8B2-0D9B-4CD9-A4BD-AE8E00903A67}.Debug|Any CPU.Build.0 = Debug|Any CPU
		{F2BEB8B2-0D9B-4CD9-A4BD-AE8E00903A67}.Debug|Mixed Platforms.ActiveCfg = Debug|Any CPU
		{F2BEB8B2-0D9B-4CD9-A4BD-AE8E00903A67}.Debug|Mixed Platforms.Build.0 = Debug|Any CPU
		{F2BEB8B2-0D9B-4CD9-A4BD-AE8E00903A67}.Debug|Win32.ActiveCfg = Debug|Any CPU
		{F2BEB8B2-0D9B-4CD9-A4BD-AE8E00903A67}.Debug|x86.ActiveCfg = Debug|Any CPU
		{F2BEB8B2-0D9B-4CD9-A4BD-AE8E00903A67}.Release|Any CPU.ActiveCfg = Release|Any CPU
		{F2BEB8B2-0D9B-4CD9-A4BD-AE8E00903A67}.Release|Any CPU.Build.0 = Release|Any CPU
		{F2BEB8B2-0D9B-4CD9-A4BD-AE8E00903A67}.Release|Mixed Platforms.ActiveCfg = Release|Any CPU
		{F2BEB8B2-0D9B-4CD9-A4BD-AE8E00903A67}.Release|Mixed Platforms.Build.0 = Release|Any CPU
		{F2BEB8B2-0D9B-4CD9-A4BD-AE8E00903A67}.Release|Win32.ActiveCfg = Release|Any CPU
		{F2BEB8B2-0D9B-4CD9-A4BD-AE8E00903A67}.Release|x86.ActiveCfg = Release|Any CPU
	EndGlobalSection
	GlobalSection(SolutionProperties) = preSolution
		HideSolutionNode = FALSE
	EndGlobalSection
	GlobalSection(NestedProjects) = preSolution
		{C4C64188-4FAE-4CC3-A9E6-D9D4AF7429B6} = {6E9D97F0-4243-452E-B832-1A855B8118EB}
		{C46F3337-0F48-4A72-84AD-8FDD1F159BB0} = {6E9D97F0-4243-452E-B832-1A855B8118EB}
		{48A2E149-0DAC-41B4-BB54-DFBCCD6D42B3} = {6E9D97F0-4243-452E-B832-1A855B8118EB}
		{8650195A-7904-4EBC-9D81-B392A7E9B9B3} = {6E9D97F0-4243-452E-B832-1A855B8118EB}
		{999910D3-4E7D-45B1-BD2C-47289CD4D1AB} = {6E9D97F0-4243-452E-B832-1A855B8118EB}
		{6C16281F-5550-4024-9504-295C63889E4F} = {6E9D97F0-4243-452E-B832-1A855B8118EB}
		{3A98B35C-DEA8-489C-9203-263FFB6B065D} = {ADBF5F67-B480-4A93-9D50-C81856FC61A9}
		{72E16572-FC1F-4A9E-BC96-035417239298} = {ADBF5F67-B480-4A93-9D50-C81856FC61A9}
		{24233CD5-A5DF-484B-A482-B79CB7A0D9CB} = {ADBF5F67-B480-4A93-9D50-C81856FC61A9}
		{C9992B7C-313E-4C9F-A954-640D01EDFB58} = {ADBF5F67-B480-4A93-9D50-C81856FC61A9}
		{D0B4CFAC-A368-4742-9863-68776CFA9938} = {ADBF5F67-B480-4A93-9D50-C81856FC61A9}
		{901A8E5C-C4C6-4C3C-8E18-068D75119F5D} = {ADBF5F67-B480-4A93-9D50-C81856FC61A9}
		{6CD185D1-08E0-4729-A999-2D5B57BA8193} = {C4C64188-4FAE-4CC3-A9E6-D9D4AF7429B6}
		{5D6ECBCD-BE14-4DCB-BAEC-57089748B164} = {C4C64188-4FAE-4CC3-A9E6-D9D4AF7429B6}
		{5AA48F9A-455D-4CD8-A605-A3AC38283E60} = {C4C64188-4FAE-4CC3-A9E6-D9D4AF7429B6}
		{B07D70E7-F902-4F67-A486-B7AF27D6B813} = {C4C64188-4FAE-4CC3-A9E6-D9D4AF7429B6}
		{87537C92-B2C7-4E46-A6FB-02B73215C100} = {FD5F443E-CBEE-443E-821D-C47C86E09534}
		{C4E7A34A-095C-4983-AB63-FC2D20CD6824} = {D0CC1FF4-2747-4278-A51F-BE9AA959175B}
		{DD6F4735-E8E2-4F10-AE2B-434AB3A40236} = {D0CC1FF4-2747-4278-A51F-BE9AA959175B}
		{CB5BCF0A-4741-477A-94C6-49ECA782555F} = {D0CC1FF4-2747-4278-A51F-BE9AA959175B}
		{CBEDBE33-A883-4BFA-AE0A-8B3573F09BD0} = {D0CC1FF4-2747-4278-A51F-BE9AA959175B}
		{F2BEB8B2-0D9B-4CD9-A4BD-AE8E00903A67} = {D0CC1FF4-2747-4278-A51F-BE9AA959175B}
	EndGlobalSection
EndGlobal
