
Microsoft Visual Studio Solution File, Format Version 12.00
# Visual Studio 2013
VisualStudioVersion = 12.0.30723.0
MinimumVisualStudioVersion = 10.0.40219.1
Project("{2150E333-8FDC-42A3-9474-1A3956D46DE8}") = "Modules", "Modules", "{C4C64188-4FAE-4CC3-A9E6-D9D4AF7429B6}"
EndProject
Project("{2150E333-8FDC-42A3-9474-1A3956D46DE8}") = ".nuget", ".nuget", "{EAEF8202-B3F6-4F9B-9EFD-41C374433612}"
	ProjectSection(SolutionItems) = preProject
		.nuget\NuGet.Config = .nuget\NuGet.Config
		.nuget\NuGet.exe = .nuget\NuGet.exe
		.nuget\NuGet.targets = .nuget\NuGet.targets
	EndProjectSection
EndProject
Project("{2150E333-8FDC-42A3-9474-1A3956D46DE8}") = "Platform", "Platform", "{ADBF5F67-B480-4A93-9D50-C81856FC61A9}"
EndProject
Project("{2150E333-8FDC-42A3-9474-1A3956D46DE8}") = "App", "App", "{6E9D97F0-4243-452E-B832-1A855B8118EB}"
EndProject
Project("{FAE04EC0-301F-11D3-BF4B-00C04F79EFBC}") = "Editor", "App\Editor\Editor.csproj", "{C46F3337-0F48-4A72-84AD-8FDD1F159BB0}"
EndProject
Project("{FAE04EC0-301F-11D3-BF4B-00C04F79EFBC}") = "Infrastructure", "App\Infrastructure\Infrastructure.csproj", "{48A2E149-0DAC-41B4-BB54-DFBCCD6D42B3}"
EndProject
Project("{2150E333-8FDC-42A3-9474-1A3956D46DE8}") = "Tools", "Tools", "{FD5F443E-CBEE-443E-821D-C47C86E09534}"
EndProject
Project("{2150E333-8FDC-42A3-9474-1A3956D46DE8}") = "Game", "Game", "{D0CC1FF4-2747-4278-A51F-BE9AA959175B}"
EndProject
Project("{2150E333-8FDC-42A3-9474-1A3956D46DE8}") = "Solution Items", "Solution Items", "{2814EB55-E1C2-4751-AC14-94116DA9D22B}"
EndProject
Project("{FAE04EC0-301F-11D3-BF4B-00C04F79EFBC}") = "TNet", "Platform\TNet\TNet.csproj", "{B42D431A-3A54-4649-942A-C5356D7F9FBC}"
EndProject
Project("{FAE04EC0-301F-11D3-BF4B-00C04F79EFBC}") = "TNetTest", "Platform\TNetTest\TNetTest.csproj", "{F176D1FA-63E5-4B89-9A03-D44CCCCC069A}"
EndProject
Project("{FAE04EC0-301F-11D3-BF4B-00C04F79EFBC}") = "Common", "Platform\Common\Common.csproj", "{19F8F043-1F99-4550-99DF-DEA5C7D77E55}"
EndProject
Project("{FAE04EC0-301F-11D3-BF4B-00C04F79EFBC}") = "Model", "Game\Model\Model.csproj", "{0FA529D1-D0A9-4A8E-90F5-117CE80F2EDE}"
EndProject
Project("{FAE04EC0-301F-11D3-BF4B-00C04F79EFBC}") = "Controller", "Game\Controller\Controller.csproj", "{E69C1F22-E004-4D69-8667-787BD243454B}"
EndProject
Project("{FAE04EC0-301F-11D3-BF4B-00C04F79EFBC}") = "BehaviorTreeModule", "App\Modules\BehaviorTreeModule\BehaviorTreeModule.csproj", "{6CD185D1-08E0-4729-A999-2D5B57BA8193}"
EndProject
Project("{FAE04EC0-301F-11D3-BF4B-00C04F79EFBC}") = "MongoDBTest", "Game\MongoDBTest\MongoDBTest.csproj", "{93FB20CF-827A-4CED-A273-90117EB7192F}"
EndProject
Project("{2150E333-8FDC-42A3-9474-1A3956D46DE8}") = "Server", "Server", "{AAD111B8-4746-4445-A428-97A72A04FCCD}"
EndProject
Project("{FAE04EC0-301F-11D3-BF4B-00C04F79EFBC}") = "Login", "Server\Login\Login.csproj", "{2B3EC6BE-0920-4C93-934F-41DC76108818}"
EndProject
Project("{FAE04EC0-301F-11D3-BF4B-00C04F79EFBC}") = "UNet", "Platform\UNet\UNet.csproj", "{D0B4CFAC-A368-4742-9863-68776CFA9938}"
EndProject
Project("{8BC9CEB8-8B4A-11D0-8D11-00A0C91BC942}") = "ENet", "Platform\ENet\ENet.vcxproj", "{C9992B7C-313E-4C9F-A954-640D01EDFB58}"
EndProject
Project("{FAE04EC0-301F-11D3-BF4B-00C04F79EFBC}") = "UNetTest", "Platform\UNetTest\UNetTest.csproj", "{901A8E5C-C4C6-4C3C-8E18-068D75119F5D}"
EndProject
Global
	GlobalSection(SolutionConfigurationPlatforms) = preSolution
		Debug|Any CPU = Debug|Any CPU
		Debug|Mixed Platforms = Debug|Mixed Platforms
		Debug|Win32 = Debug|Win32
		Debug|x86 = Debug|x86
		Release|Any CPU = Release|Any CPU
		Release|Mixed Platforms = Release|Mixed Platforms
		Release|Win32 = Release|Win32
		Release|x86 = Release|x86
	EndGlobalSection
	GlobalSection(ProjectConfigurationPlatforms) = postSolution
		{C46F3337-0F48-4A72-84AD-8FDD1F159BB0}.Debug|Any CPU.ActiveCfg = Debug|x86
		{C46F3337-0F48-4A72-84AD-8FDD1F159BB0}.Debug|Mixed Platforms.ActiveCfg = Debug|x86
		{C46F3337-0F48-4A72-84AD-8FDD1F159BB0}.Debug|Mixed Platforms.Build.0 = Debug|x86
		{C46F3337-0F48-4A72-84AD-8FDD1F159BB0}.Debug|Win32.ActiveCfg = Debug|x86
		{C46F3337-0F48-4A72-84AD-8FDD1F159BB0}.Debug|Win32.Build.0 = Debug|x86
		{C46F3337-0F48-4A72-84AD-8FDD1F159BB0}.Debug|x86.ActiveCfg = Debug|x86
		{C46F3337-0F48-4A72-84AD-8FDD1F159BB0}.Debug|x86.Build.0 = Debug|x86
		{C46F3337-0F48-4A72-84AD-8FDD1F159BB0}.Release|Any CPU.ActiveCfg = Release|x86
		{C46F3337-0F48-4A72-84AD-8FDD1F159BB0}.Release|Mixed Platforms.ActiveCfg = Release|x86
		{C46F3337-0F48-4A72-84AD-8FDD1F159BB0}.Release|Mixed Platforms.Build.0 = Release|x86
		{C46F3337-0F48-4A72-84AD-8FDD1F159BB0}.Release|Win32.ActiveCfg = Release|x86
		{C46F3337-0F48-4A72-84AD-8FDD1F159BB0}.Release|Win32.Build.0 = Release|x86
		{C46F3337-0F48-4A72-84AD-8FDD1F159BB0}.Release|x86.ActiveCfg = Release|x86
		{C46F3337-0F48-4A72-84AD-8FDD1F159BB0}.Release|x86.Build.0 = Release|x86
		{48A2E149-0DAC-41B4-BB54-DFBCCD6D42B3}.Debug|Any CPU.ActiveCfg = Debug|Any CPU
		{48A2E149-0DAC-41B4-BB54-DFBCCD6D42B3}.Debug|Any CPU.Build.0 = Debug|Any CPU
		{48A2E149-0DAC-41B4-BB54-DFBCCD6D42B3}.Debug|Mixed Platforms.ActiveCfg = Debug|Any CPU
		{48A2E149-0DAC-41B4-BB54-DFBCCD6D42B3}.Debug|Mixed Platforms.Build.0 = Debug|Any CPU
		{48A2E149-0DAC-41B4-BB54-DFBCCD6D42B3}.Debug|Win32.ActiveCfg = Debug|Any CPU
		{48A2E149-0DAC-41B4-BB54-DFBCCD6D42B3}.Debug|x86.ActiveCfg = Debug|Any CPU
		{48A2E149-0DAC-41B4-BB54-DFBCCD6D42B3}.Release|Any CPU.ActiveCfg = Release|Any CPU
		{48A2E149-0DAC-41B4-BB54-DFBCCD6D42B3}.Release|Any CPU.Build.0 = Release|Any CPU
		{48A2E149-0DAC-41B4-BB54-DFBCCD6D42B3}.Release|Mixed Platforms.ActiveCfg = Release|Any CPU
		{48A2E149-0DAC-41B4-BB54-DFBCCD6D42B3}.Release|Mixed Platforms.Build.0 = Release|Any CPU
		{48A2E149-0DAC-41B4-BB54-DFBCCD6D42B3}.Release|Win32.ActiveCfg = Release|Any CPU
		{48A2E149-0DAC-41B4-BB54-DFBCCD6D42B3}.Release|x86.ActiveCfg = Release|Any CPU
		{B42D431A-3A54-4649-942A-C5356D7F9FBC}.Debug|Any CPU.ActiveCfg = Debug|Any CPU
		{B42D431A-3A54-4649-942A-C5356D7F9FBC}.Debug|Any CPU.Build.0 = Debug|Any CPU
		{B42D431A-3A54-4649-942A-C5356D7F9FBC}.Debug|Mixed Platforms.ActiveCfg = Debug|Any CPU
		{B42D431A-3A54-4649-942A-C5356D7F9FBC}.Debug|Mixed Platforms.Build.0 = Debug|Any CPU
		{B42D431A-3A54-4649-942A-C5356D7F9FBC}.Debug|Win32.ActiveCfg = Debug|Any CPU
		{B42D431A-3A54-4649-942A-C5356D7F9FBC}.Debug|x86.ActiveCfg = Debug|Any CPU
		{B42D431A-3A54-4649-942A-C5356D7F9FBC}.Release|Any CPU.ActiveCfg = Release|Any CPU
		{B42D431A-3A54-4649-942A-C5356D7F9FBC}.Release|Any CPU.Build.0 = Release|Any CPU
		{B42D431A-3A54-4649-942A-C5356D7F9FBC}.Release|Mixed Platforms.ActiveCfg = Release|Any CPU
		{B42D431A-3A54-4649-942A-C5356D7F9FBC}.Release|Mixed Platforms.Build.0 = Release|Any CPU
		{B42D431A-3A54-4649-942A-C5356D7F9FBC}.Release|Win32.ActiveCfg = Release|Any CPU
		{B42D431A-3A54-4649-942A-C5356D7F9FBC}.Release|x86.ActiveCfg = Release|Any CPU
		{F176D1FA-63E5-4B89-9A03-D44CCCCC069A}.Debug|Any CPU.ActiveCfg = Debug|Any CPU
		{F176D1FA-63E5-4B89-9A03-D44CCCCC069A}.Debug|Any CPU.Build.0 = Debug|Any CPU
		{F176D1FA-63E5-4B89-9A03-D44CCCCC069A}.Debug|Mixed Platforms.ActiveCfg = Debug|Any CPU
		{F176D1FA-63E5-4B89-9A03-D44CCCCC069A}.Debug|Mixed Platforms.Build.0 = Debug|Any CPU
		{F176D1FA-63E5-4B89-9A03-D44CCCCC069A}.Debug|Win32.ActiveCfg = Debug|Any CPU
		{F176D1FA-63E5-4B89-9A03-D44CCCCC069A}.Debug|x86.ActiveCfg = Debug|Any CPU
		{F176D1FA-63E5-4B89-9A03-D44CCCCC069A}.Release|Any CPU.ActiveCfg = Release|Any CPU
		{F176D1FA-63E5-4B89-9A03-D44CCCCC069A}.Release|Any CPU.Build.0 = Release|Any CPU
		{F176D1FA-63E5-4B89-9A03-D44CCCCC069A}.Release|Mixed Platforms.ActiveCfg = Release|Any CPU
		{F176D1FA-63E5-4B89-9A03-D44CCCCC069A}.Release|Mixed Platforms.Build.0 = Release|Any CPU
		{F176D1FA-63E5-4B89-9A03-D44CCCCC069A}.Release|Win32.ActiveCfg = Release|Any CPU
		{F176D1FA-63E5-4B89-9A03-D44CCCCC069A}.Release|x86.ActiveCfg = Release|Any CPU
		{19F8F043-1F99-4550-99DF-DEA5C7D77E55}.Debug|Any CPU.ActiveCfg = Debug|Any CPU
		{19F8F043-1F99-4550-99DF-DEA5C7D77E55}.Debug|Any CPU.Build.0 = Debug|Any CPU
		{19F8F043-1F99-4550-99DF-DEA5C7D77E55}.Debug|Mixed Platforms.ActiveCfg = Debug|Any CPU
		{19F8F043-1F99-4550-99DF-DEA5C7D77E55}.Debug|Mixed Platforms.Build.0 = Debug|Any CPU
		{19F8F043-1F99-4550-99DF-DEA5C7D77E55}.Debug|Win32.ActiveCfg = Debug|Any CPU
		{19F8F043-1F99-4550-99DF-DEA5C7D77E55}.Debug|x86.ActiveCfg = Debug|Any CPU
		{19F8F043-1F99-4550-99DF-DEA5C7D77E55}.Release|Any CPU.ActiveCfg = Release|Any CPU
		{19F8F043-1F99-4550-99DF-DEA5C7D77E55}.Release|Any CPU.Build.0 = Release|Any CPU
		{19F8F043-1F99-4550-99DF-DEA5C7D77E55}.Release|Mixed Platforms.ActiveCfg = Release|Any CPU
		{19F8F043-1F99-4550-99DF-DEA5C7D77E55}.Release|Mixed Platforms.Build.0 = Release|Any CPU
		{19F8F043-1F99-4550-99DF-DEA5C7D77E55}.Release|Win32.ActiveCfg = Release|Any CPU
		{19F8F043-1F99-4550-99DF-DEA5C7D77E55}.Release|x86.ActiveCfg = Release|Any CPU
		{0FA529D1-D0A9-4A8E-90F5-117CE80F2EDE}.Debug|Any CPU.ActiveCfg = Debug|Any CPU
		{0FA529D1-D0A9-4A8E-90F5-117CE80F2EDE}.Debug|Any CPU.Build.0 = Debug|Any CPU
		{0FA529D1-D0A9-4A8E-90F5-117CE80F2EDE}.Debug|Mixed Platforms.ActiveCfg = Debug|Any CPU
		{0FA529D1-D0A9-4A8E-90F5-117CE80F2EDE}.Debug|Mixed Platforms.Build.0 = Debug|Any CPU
		{0FA529D1-D0A9-4A8E-90F5-117CE80F2EDE}.Debug|Win32.ActiveCfg = Debug|Any CPU
		{0FA529D1-D0A9-4A8E-90F5-117CE80F2EDE}.Debug|x86.ActiveCfg = Debug|Any CPU
		{0FA529D1-D0A9-4A8E-90F5-117CE80F2EDE}.Release|Any CPU.ActiveCfg = Release|Any CPU
		{0FA529D1-D0A9-4A8E-90F5-117CE80F2EDE}.Release|Any CPU.Build.0 = Release|Any CPU
		{0FA529D1-D0A9-4A8E-90F5-117CE80F2EDE}.Release|Mixed Platforms.ActiveCfg = Release|Any CPU
		{0FA529D1-D0A9-4A8E-90F5-117CE80F2EDE}.Release|Mixed Platforms.Build.0 = Release|Any CPU
		{0FA529D1-D0A9-4A8E-90F5-117CE80F2EDE}.Release|Win32.ActiveCfg = Release|Any CPU
		{0FA529D1-D0A9-4A8E-90F5-117CE80F2EDE}.Release|x86.ActiveCfg = Release|Any CPU
		{E69C1F22-E004-4D69-8667-787BD243454B}.Debug|Any CPU.ActiveCfg = Debug|Any CPU
		{E69C1F22-E004-4D69-8667-787BD243454B}.Debug|Any CPU.Build.0 = Debug|Any CPU
		{E69C1F22-E004-4D69-8667-787BD243454B}.Debug|Mixed Platforms.ActiveCfg = Debug|Any CPU
		{E69C1F22-E004-4D69-8667-787BD243454B}.Debug|Mixed Platforms.Build.0 = Debug|Any CPU
		{E69C1F22-E004-4D69-8667-787BD243454B}.Debug|Win32.ActiveCfg = Debug|Any CPU
		{E69C1F22-E004-4D69-8667-787BD243454B}.Debug|x86.ActiveCfg = Debug|Any CPU
		{E69C1F22-E004-4D69-8667-787BD243454B}.Release|Any CPU.ActiveCfg = Release|Any CPU
		{E69C1F22-E004-4D69-8667-787BD243454B}.Release|Any CPU.Build.0 = Release|Any CPU
		{E69C1F22-E004-4D69-8667-787BD243454B}.Release|Mixed Platforms.ActiveCfg = Release|Any CPU
		{E69C1F22-E004-4D69-8667-787BD243454B}.Release|Mixed Platforms.Build.0 = Release|Any CPU
		{E69C1F22-E004-4D69-8667-787BD243454B}.Release|Win32.ActiveCfg = Release|Any CPU
		{E69C1F22-E004-4D69-8667-787BD243454B}.Release|x86.ActiveCfg = Release|Any CPU
		{6CD185D1-08E0-4729-A999-2D5B57BA8193}.Debug|Any CPU.ActiveCfg = Debug|Any CPU
		{6CD185D1-08E0-4729-A999-2D5B57BA8193}.Debug|Any CPU.Build.0 = Debug|Any CPU
		{6CD185D1-08E0-4729-A999-2D5B57BA8193}.Debug|Mixed Platforms.ActiveCfg = Debug|Any CPU
		{6CD185D1-08E0-4729-A999-2D5B57BA8193}.Debug|Mixed Platforms.Build.0 = Debug|Any CPU
		{6CD185D1-08E0-4729-A999-2D5B57BA8193}.Debug|Win32.ActiveCfg = Debug|Any CPU
		{6CD185D1-08E0-4729-A999-2D5B57BA8193}.Debug|x86.ActiveCfg = Debug|Any CPU
		{6CD185D1-08E0-4729-A999-2D5B57BA8193}.Release|Any CPU.ActiveCfg = Release|Any CPU
		{6CD185D1-08E0-4729-A999-2D5B57BA8193}.Release|Any CPU.Build.0 = Release|Any CPU
		{6CD185D1-08E0-4729-A999-2D5B57BA8193}.Release|Mixed Platforms.ActiveCfg = Release|Any CPU
		{6CD185D1-08E0-4729-A999-2D5B57BA8193}.Release|Mixed Platforms.Build.0 = Release|Any CPU
		{6CD185D1-08E0-4729-A999-2D5B57BA8193}.Release|Win32.ActiveCfg = Release|Any CPU
		{6CD185D1-08E0-4729-A999-2D5B57BA8193}.Release|x86.ActiveCfg = Release|Any CPU
		{93FB20CF-827A-4CED-A273-90117EB7192F}.Debug|Any CPU.ActiveCfg = Debug|Any CPU
		{93FB20CF-827A-4CED-A273-90117EB7192F}.Debug|Any CPU.Build.0 = Debug|Any CPU
		{93FB20CF-827A-4CED-A273-90117EB7192F}.Debug|Mixed Platforms.ActiveCfg = Debug|Any CPU
		{93FB20CF-827A-4CED-A273-90117EB7192F}.Debug|Mixed Platforms.Build.0 = Debug|Any CPU
		{93FB20CF-827A-4CED-A273-90117EB7192F}.Debug|Win32.ActiveCfg = Debug|Any CPU
		{93FB20CF-827A-4CED-A273-90117EB7192F}.Debug|x86.ActiveCfg = Debug|Any CPU
		{93FB20CF-827A-4CED-A273-90117EB7192F}.Release|Any CPU.ActiveCfg = Release|Any CPU
		{93FB20CF-827A-4CED-A273-90117EB7192F}.Release|Any CPU.Build.0 = Release|Any CPU
		{93FB20CF-827A-4CED-A273-90117EB7192F}.Release|Mixed Platforms.ActiveCfg = Release|Any CPU
		{93FB20CF-827A-4CED-A273-90117EB7192F}.Release|Mixed Platforms.Build.0 = Release|Any CPU
		{93FB20CF-827A-4CED-A273-90117EB7192F}.Release|Win32.ActiveCfg = Release|Any CPU
		{93FB20CF-827A-4CED-A273-90117EB7192F}.Release|x86.ActiveCfg = Release|Any CPU
		{2B3EC6BE-0920-4C93-934F-41DC76108818}.Debug|Any CPU.ActiveCfg = Debug|Any CPU
		{2B3EC6BE-0920-4C93-934F-41DC76108818}.Debug|Any CPU.Build.0 = Debug|Any CPU
		{2B3EC6BE-0920-4C93-934F-41DC76108818}.Debug|Mixed Platforms.ActiveCfg = Debug|Any CPU
		{2B3EC6BE-0920-4C93-934F-41DC76108818}.Debug|Mixed Platforms.Build.0 = Debug|Any CPU
		{2B3EC6BE-0920-4C93-934F-41DC76108818}.Debug|Win32.ActiveCfg = Debug|Any CPU
		{2B3EC6BE-0920-4C93-934F-41DC76108818}.Debug|x86.ActiveCfg = Debug|Any CPU
		{2B3EC6BE-0920-4C93-934F-41DC76108818}.Release|Any CPU.ActiveCfg = Release|Any CPU
		{2B3EC6BE-0920-4C93-934F-41DC76108818}.Release|Any CPU.Build.0 = Release|Any CPU
		{2B3EC6BE-0920-4C93-934F-41DC76108818}.Release|Mixed Platforms.ActiveCfg = Release|Any CPU
		{2B3EC6BE-0920-4C93-934F-41DC76108818}.Release|Mixed Platforms.Build.0 = Release|Any CPU
		{2B3EC6BE-0920-4C93-934F-41DC76108818}.Release|Win32.ActiveCfg = Release|Any CPU
		{2B3EC6BE-0920-4C93-934F-41DC76108818}.Release|x86.ActiveCfg = Release|Any CPU
		{D0B4CFAC-A368-4742-9863-68776CFA9938}.Debug|Any CPU.ActiveCfg = Debug|Any CPU
		{D0B4CFAC-A368-4742-9863-68776CFA9938}.Debug|Any CPU.Build.0 = Debug|Any CPU
		{D0B4CFAC-A368-4742-9863-68776CFA9938}.Debug|Mixed Platforms.ActiveCfg = Debug|Any CPU
		{D0B4CFAC-A368-4742-9863-68776CFA9938}.Debug|Mixed Platforms.Build.0 = Debug|Any CPU
		{D0B4CFAC-A368-4742-9863-68776CFA9938}.Debug|Win32.ActiveCfg = Debug|Any CPU
		{D0B4CFAC-A368-4742-9863-68776CFA9938}.Debug|x86.ActiveCfg = Debug|Any CPU
		{D0B4CFAC-A368-4742-9863-68776CFA9938}.Release|Any CPU.ActiveCfg = Release|Any CPU
		{D0B4CFAC-A368-4742-9863-68776CFA9938}.Release|Any CPU.Build.0 = Release|Any CPU
		{D0B4CFAC-A368-4742-9863-68776CFA9938}.Release|Mixed Platforms.ActiveCfg = Release|Any CPU
		{D0B4CFAC-A368-4742-9863-68776CFA9938}.Release|Mixed Platforms.Build.0 = Release|Any CPU
		{D0B4CFAC-A368-4742-9863-68776CFA9938}.Release|Win32.ActiveCfg = Release|Any CPU
		{D0B4CFAC-A368-4742-9863-68776CFA9938}.Release|x86.ActiveCfg = Release|Any CPU
		{C9992B7C-313E-4C9F-A954-640D01EDFB58}.Debug|Any CPU.ActiveCfg = Debug|Win32
		{C9992B7C-313E-4C9F-A954-640D01EDFB58}.Debug|Mixed Platforms.ActiveCfg = Debug|Win32
		{C9992B7C-313E-4C9F-A954-640D01EDFB58}.Debug|Mixed Platforms.Build.0 = Debug|Win32
		{C9992B7C-313E-4C9F-A954-640D01EDFB58}.Debug|Win32.ActiveCfg = Debug|Win32
		{C9992B7C-313E-4C9F-A954-640D01EDFB58}.Debug|Win32.Build.0 = Debug|Win32
		{C9992B7C-313E-4C9F-A954-640D01EDFB58}.Debug|x86.ActiveCfg = Debug|Win32
		{C9992B7C-313E-4C9F-A954-640D01EDFB58}.Debug|x86.Build.0 = Debug|Win32
		{C9992B7C-313E-4C9F-A954-640D01EDFB58}.Release|Any CPU.ActiveCfg = Release|Win32
		{C9992B7C-313E-4C9F-A954-640D01EDFB58}.Release|Mixed Platforms.ActiveCfg = Release|Win32
		{C9992B7C-313E-4C9F-A954-640D01EDFB58}.Release|Mixed Platforms.Build.0 = Release|Win32
		{C9992B7C-313E-4C9F-A954-640D01EDFB58}.Release|Win32.ActiveCfg = Release|Win32
		{C9992B7C-313E-4C9F-A954-640D01EDFB58}.Release|Win32.Build.0 = Release|Win32
		{C9992B7C-313E-4C9F-A954-640D01EDFB58}.Release|x86.ActiveCfg = Release|Win32
		{C9992B7C-313E-4C9F-A954-640D01EDFB58}.Release|x86.Build.0 = Release|Win32
		{901A8E5C-C4C6-4C3C-8E18-068D75119F5D}.Debug|Any CPU.ActiveCfg = Debug|Any CPU
		{901A8E5C-C4C6-4C3C-8E18-068D75119F5D}.Debug|Any CPU.Build.0 = Debug|Any CPU
		{901A8E5C-C4C6-4C3C-8E18-068D75119F5D}.Debug|Mixed Platforms.ActiveCfg = Debug|Any CPU
		{901A8E5C-C4C6-4C3C-8E18-068D75119F5D}.Debug|Mixed Platforms.Build.0 = Debug|Any CPU
		{901A8E5C-C4C6-4C3C-8E18-068D75119F5D}.Debug|Win32.ActiveCfg = Debug|Any CPU
		{901A8E5C-C4C6-4C3C-8E18-068D75119F5D}.Debug|x86.ActiveCfg = Debug|Any CPU
		{901A8E5C-C4C6-4C3C-8E18-068D75119F5D}.Release|Any CPU.ActiveCfg = Release|Any CPU
		{901A8E5C-C4C6-4C3C-8E18-068D75119F5D}.Release|Any CPU.Build.0 = Release|Any CPU
		{901A8E5C-C4C6-4C3C-8E18-068D75119F5D}.Release|Mixed Platforms.ActiveCfg = Release|Any CPU
		{901A8E5C-C4C6-4C3C-8E18-068D75119F5D}.Release|Mixed Platforms.Build.0 = Release|Any CPU
		{901A8E5C-C4C6-4C3C-8E18-068D75119F5D}.Release|Win32.ActiveCfg = Release|Any CPU
		{901A8E5C-C4C6-4C3C-8E18-068D75119F5D}.Release|x86.ActiveCfg = Release|Any CPU
	EndGlobalSection
	GlobalSection(SolutionProperties) = preSolution
		HideSolutionNode = FALSE
	EndGlobalSection
	GlobalSection(NestedProjects) = preSolution
		{C4C64188-4FAE-4CC3-A9E6-D9D4AF7429B6} = {6E9D97F0-4243-452E-B832-1A855B8118EB}
		{C46F3337-0F48-4A72-84AD-8FDD1F159BB0} = {6E9D97F0-4243-452E-B832-1A855B8118EB}
		{48A2E149-0DAC-41B4-BB54-DFBCCD6D42B3} = {6E9D97F0-4243-452E-B832-1A855B8118EB}
		{B42D431A-3A54-4649-942A-C5356D7F9FBC} = {ADBF5F67-B480-4A93-9D50-C81856FC61A9}
		{F176D1FA-63E5-4B89-9A03-D44CCCCC069A} = {ADBF5F67-B480-4A93-9D50-C81856FC61A9}
		{19F8F043-1F99-4550-99DF-DEA5C7D77E55} = {ADBF5F67-B480-4A93-9D50-C81856FC61A9}
		{0FA529D1-D0A9-4A8E-90F5-117CE80F2EDE} = {D0CC1FF4-2747-4278-A51F-BE9AA959175B}
		{E69C1F22-E004-4D69-8667-787BD243454B} = {D0CC1FF4-2747-4278-A51F-BE9AA959175B}
		{6CD185D1-08E0-4729-A999-2D5B57BA8193} = {C4C64188-4FAE-4CC3-A9E6-D9D4AF7429B6}
		{93FB20CF-827A-4CED-A273-90117EB7192F} = {D0CC1FF4-2747-4278-A51F-BE9AA959175B}
		{2B3EC6BE-0920-4C93-934F-41DC76108818} = {AAD111B8-4746-4445-A428-97A72A04FCCD}
		{D0B4CFAC-A368-4742-9863-68776CFA9938} = {ADBF5F67-B480-4A93-9D50-C81856FC61A9}
		{C9992B7C-313E-4C9F-A954-640D01EDFB58} = {ADBF5F67-B480-4A93-9D50-C81856FC61A9}
		{901A8E5C-C4C6-4C3C-8E18-068D75119F5D} = {ADBF5F67-B480-4A93-9D50-C81856FC61A9}
	EndGlobalSection
EndGlobal
