
Microsoft Visual Studio Solution File, Format Version 12.00
# Visual Studio 15
VisualStudioVersion = 15.0.27130.2036
MinimumVisualStudioVersion = 10.0.40219.1
Project("{2150E333-8FDC-42A3-9474-1A3956D46DE8}") = "Client", "Client", "{914C77C9-212A-4DD0-8D9A-074620E77FAA}"
EndProject
Project("{2150E333-8FDC-42A3-9474-1A3956D46DE8}") = "Server", "Server", "{46008B91-6EC0-448B-8D1A-D8C6D2EEBEF4}"
EndProject
Project("{2150E333-8FDC-42A3-9474-1A3956D46DE8}") = "ThirdParty", "ThirdParty", "{78640FA0-9F11-412D-A639-61F03D02407A}"
EndProject
Project("{9A19103F-16F7-4668-BE54-9A1E7A4F7556}") = "Server.App", "Server\App\Server.App.csproj", "{69F1AA11-D05A-4843-B0DD-56B5E2E212A8}"
EndProject
Project("{9A19103F-16F7-4668-BE54-9A1E7A4F7556}") = "Server.Model", "Server\Model\Server.Model.csproj", "{EE38E3D2-3D2A-4061-BD50-AE8568126C7D}"
EndProject
Project("{9A19103F-16F7-4668-BE54-9A1E7A4F7556}") = "Server.Hotfix", "Server\Hotfix\Server.Hotfix.csproj", "{C305ED5B-8425-47A1-BEE1-85830CADC27A}"
EndProject
Project("{2150E333-8FDC-42A3-9474-1A3956D46DE8}") = "MongodbDriver", "MongodbDriver", "{4940CE10-6652-4AC6-9D30-CF200A217643}"
EndProject
Project("{9A19103F-16F7-4668-BE54-9A1E7A4F7556}") = "MongoDB.Bson", "Server\ThirdParty\MongodbDriver\DotNetCoreDriver\MongoDB.Bson\MongoDB.Bson.csproj", "{BC611535-3BDA-45C5-8765-9E242E312B8F}"
EndProject
Project("{9A19103F-16F7-4668-BE54-9A1E7A4F7556}") = "MongoDB.Driver", "Server\ThirdParty\MongodbDriver\DotNetCoreDriver\MongoDB.Driver\MongoDB.Driver.csproj", "{6D19C1F8-085C-422E-8DAF-2E49024DB08C}"
EndProject
Project("{9A19103F-16F7-4668-BE54-9A1E7A4F7556}") = "MongoDB.Driver.Core", "Server\ThirdParty\MongodbDriver\DotNetCoreDriver\MongoDB.Driver.Core\MongoDB.Driver.Core.csproj", "{831276B2-B7EB-4FD0-93E5-4D2109C78950}"
EndProject
Project("{9A19103F-16F7-4668-BE54-9A1E7A4F7556}") = "Google.Protobuf", "Server\ThirdParty\Google.Protobuf\Google.Protobuf.csproj", "{BC06C46E-79F3-4AB6-800E-FA080CA54A0B}"
EndProject
Project("{FAE04EC0-301F-11D3-BF4B-00C04F79EFBC}") = "Unity.Model", "Unity\Unity.Model.csproj", "{6396AEEA-8EF9-9740-4CEF-891CC997106C}"
EndProject
Project("{FAE04EC0-301F-11D3-BF4B-00C04F79EFBC}") = "Unity.Hotfix", "Unity\Unity.Hotfix.csproj", "{350246F3-F094-675F-855B-FB9B18C2B23E}"
EndProject
Project("{FAE04EC0-301F-11D3-BF4B-00C04F79EFBC}") = "Unity.Editor", "Unity\Unity.Editor.csproj", "{C17F48D3-964E-E97C-3D2E-966F7A6C6D93}"
EndProject
Project("{FAE04EC0-301F-11D3-BF4B-00C04F79EFBC}") = "Unity.ThirdParty", "Unity\Unity.ThirdParty.csproj", "{CFBC0A95-3456-3439-6B2E-60FDE0FE5EE1}"
EndProject
Project("{FAE04EC0-301F-11D3-BF4B-00C04F79EFBC}") = "KcpLib", "Server\ThirdParty\KcpLib\KcpLib.csproj", "{CD9683D9-0B4B-42D1-A1E0-1689BEEFD725}"
EndProject
Global
	GlobalSection(SolutionConfigurationPlatforms) = preSolution
		Debug|Any CPU = Debug|Any CPU
		Debug|x64 = Debug|x64
		Debug|x86 = Debug|x86
		Release|Any CPU = Release|Any CPU
		Release|x64 = Release|x64
		Release|x86 = Release|x86
	EndGlobalSection
	GlobalSection(ProjectConfigurationPlatforms) = postSolution
		{69F1AA11-D05A-4843-B0DD-56B5E2E212A8}.Debug|Any CPU.ActiveCfg = Debug|Any CPU
		{69F1AA11-D05A-4843-B0DD-56B5E2E212A8}.Debug|Any CPU.Build.0 = Debug|Any CPU
		{69F1AA11-D05A-4843-B0DD-56B5E2E212A8}.Debug|x64.ActiveCfg = Debug|Any CPU
		{69F1AA11-D05A-4843-B0DD-56B5E2E212A8}.Debug|x64.Build.0 = Debug|Any CPU
		{69F1AA11-D05A-4843-B0DD-56B5E2E212A8}.Debug|x86.ActiveCfg = Debug|Any CPU
		{69F1AA11-D05A-4843-B0DD-56B5E2E212A8}.Debug|x86.Build.0 = Debug|Any CPU
		{69F1AA11-D05A-4843-B0DD-56B5E2E212A8}.Release|Any CPU.ActiveCfg = Release|Any CPU
		{69F1AA11-D05A-4843-B0DD-56B5E2E212A8}.Release|Any CPU.Build.0 = Release|Any CPU
		{69F1AA11-D05A-4843-B0DD-56B5E2E212A8}.Release|x64.ActiveCfg = Release|Any CPU
		{69F1AA11-D05A-4843-B0DD-56B5E2E212A8}.Release|x64.Build.0 = Release|Any CPU
		{69F1AA11-D05A-4843-B0DD-56B5E2E212A8}.Release|x86.ActiveCfg = Release|Any CPU
		{69F1AA11-D05A-4843-B0DD-56B5E2E212A8}.Release|x86.Build.0 = Release|Any CPU
		{EE38E3D2-3D2A-4061-BD50-AE8568126C7D}.Debug|Any CPU.ActiveCfg = Debug|Any CPU
		{EE38E3D2-3D2A-4061-BD50-AE8568126C7D}.Debug|Any CPU.Build.0 = Debug|Any CPU
		{EE38E3D2-3D2A-4061-BD50-AE8568126C7D}.Debug|x64.ActiveCfg = Debug|Any CPU
		{EE38E3D2-3D2A-4061-BD50-AE8568126C7D}.Debug|x64.Build.0 = Debug|Any CPU
		{EE38E3D2-3D2A-4061-BD50-AE8568126C7D}.Debug|x86.ActiveCfg = Debug|Any CPU
		{EE38E3D2-3D2A-4061-BD50-AE8568126C7D}.Debug|x86.Build.0 = Debug|Any CPU
		{EE38E3D2-3D2A-4061-BD50-AE8568126C7D}.Release|Any CPU.ActiveCfg = Release|Any CPU
		{EE38E3D2-3D2A-4061-BD50-AE8568126C7D}.Release|Any CPU.Build.0 = Release|Any CPU
		{EE38E3D2-3D2A-4061-BD50-AE8568126C7D}.Release|x64.ActiveCfg = Release|Any CPU
		{EE38E3D2-3D2A-4061-BD50-AE8568126C7D}.Release|x64.Build.0 = Release|Any CPU
		{EE38E3D2-3D2A-4061-BD50-AE8568126C7D}.Release|x86.ActiveCfg = Release|Any CPU
		{EE38E3D2-3D2A-4061-BD50-AE8568126C7D}.Release|x86.Build.0 = Release|Any CPU
		{C305ED5B-8425-47A1-BEE1-85830CADC27A}.Debug|Any CPU.ActiveCfg = Debug|Any CPU
		{C305ED5B-8425-47A1-BEE1-85830CADC27A}.Debug|Any CPU.Build.0 = Debug|Any CPU
		{C305ED5B-8425-47A1-BEE1-85830CADC27A}.Debug|x64.ActiveCfg = Debug|Any CPU
		{C305ED5B-8425-47A1-BEE1-85830CADC27A}.Debug|x64.Build.0 = Debug|Any CPU
		{C305ED5B-8425-47A1-BEE1-85830CADC27A}.Debug|x86.ActiveCfg = Debug|Any CPU
		{C305ED5B-8425-47A1-BEE1-85830CADC27A}.Debug|x86.Build.0 = Debug|Any CPU
		{C305ED5B-8425-47A1-BEE1-85830CADC27A}.Release|Any CPU.ActiveCfg = Release|Any CPU
		{C305ED5B-8425-47A1-BEE1-85830CADC27A}.Release|Any CPU.Build.0 = Release|Any CPU
		{C305ED5B-8425-47A1-BEE1-85830CADC27A}.Release|x64.ActiveCfg = Release|Any CPU
		{C305ED5B-8425-47A1-BEE1-85830CADC27A}.Release|x64.Build.0 = Release|Any CPU
		{C305ED5B-8425-47A1-BEE1-85830CADC27A}.Release|x86.ActiveCfg = Release|Any CPU
		{C305ED5B-8425-47A1-BEE1-85830CADC27A}.Release|x86.Build.0 = Release|Any CPU
		{BC611535-3BDA-45C5-8765-9E242E312B8F}.Debug|Any CPU.ActiveCfg = Debug|Any CPU
		{BC611535-3BDA-45C5-8765-9E242E312B8F}.Debug|Any CPU.Build.0 = Debug|Any CPU
		{BC611535-3BDA-45C5-8765-9E242E312B8F}.Debug|x64.ActiveCfg = Debug|Any CPU
		{BC611535-3BDA-45C5-8765-9E242E312B8F}.Debug|x64.Build.0 = Debug|Any CPU
		{BC611535-3BDA-45C5-8765-9E242E312B8F}.Debug|x86.ActiveCfg = Debug|Any CPU
		{BC611535-3BDA-45C5-8765-9E242E312B8F}.Debug|x86.Build.0 = Debug|Any CPU
		{BC611535-3BDA-45C5-8765-9E242E312B8F}.Release|Any CPU.ActiveCfg = Release|Any CPU
		{BC611535-3BDA-45C5-8765-9E242E312B8F}.Release|Any CPU.Build.0 = Release|Any CPU
		{BC611535-3BDA-45C5-8765-9E242E312B8F}.Release|x64.ActiveCfg = Release|Any CPU
		{BC611535-3BDA-45C5-8765-9E242E312B8F}.Release|x64.Build.0 = Release|Any CPU
		{BC611535-3BDA-45C5-8765-9E242E312B8F}.Release|x86.ActiveCfg = Release|Any CPU
		{BC611535-3BDA-45C5-8765-9E242E312B8F}.Release|x86.Build.0 = Release|Any CPU
		{6D19C1F8-085C-422E-8DAF-2E49024DB08C}.Debug|Any CPU.ActiveCfg = Debug|Any CPU
		{6D19C1F8-085C-422E-8DAF-2E49024DB08C}.Debug|Any CPU.Build.0 = Debug|Any CPU
		{6D19C1F8-085C-422E-8DAF-2E49024DB08C}.Debug|x64.ActiveCfg = Debug|Any CPU
		{6D19C1F8-085C-422E-8DAF-2E49024DB08C}.Debug|x64.Build.0 = Debug|Any CPU
		{6D19C1F8-085C-422E-8DAF-2E49024DB08C}.Debug|x86.ActiveCfg = Debug|Any CPU
		{6D19C1F8-085C-422E-8DAF-2E49024DB08C}.Debug|x86.Build.0 = Debug|Any CPU
		{6D19C1F8-085C-422E-8DAF-2E49024DB08C}.Release|Any CPU.ActiveCfg = Release|Any CPU
		{6D19C1F8-085C-422E-8DAF-2E49024DB08C}.Release|Any CPU.Build.0 = Release|Any CPU
		{6D19C1F8-085C-422E-8DAF-2E49024DB08C}.Release|x64.ActiveCfg = Release|Any CPU
		{6D19C1F8-085C-422E-8DAF-2E49024DB08C}.Release|x64.Build.0 = Release|Any CPU
		{6D19C1F8-085C-422E-8DAF-2E49024DB08C}.Release|x86.ActiveCfg = Release|Any CPU
		{6D19C1F8-085C-422E-8DAF-2E49024DB08C}.Release|x86.Build.0 = Release|Any CPU
		{831276B2-B7EB-4FD0-93E5-4D2109C78950}.Debug|Any CPU.ActiveCfg = Debug|Any CPU
		{831276B2-B7EB-4FD0-93E5-4D2109C78950}.Debug|Any CPU.Build.0 = Debug|Any CPU
		{831276B2-B7EB-4FD0-93E5-4D2109C78950}.Debug|x64.ActiveCfg = Debug|Any CPU
		{831276B2-B7EB-4FD0-93E5-4D2109C78950}.Debug|x64.Build.0 = Debug|Any CPU
		{831276B2-B7EB-4FD0-93E5-4D2109C78950}.Debug|x86.ActiveCfg = Debug|Any CPU
		{831276B2-B7EB-4FD0-93E5-4D2109C78950}.Debug|x86.Build.0 = Debug|Any CPU
		{831276B2-B7EB-4FD0-93E5-4D2109C78950}.Release|Any CPU.ActiveCfg = Release|Any CPU
		{831276B2-B7EB-4FD0-93E5-4D2109C78950}.Release|Any CPU.Build.0 = Release|Any CPU
		{831276B2-B7EB-4FD0-93E5-4D2109C78950}.Release|x64.ActiveCfg = Release|Any CPU
		{831276B2-B7EB-4FD0-93E5-4D2109C78950}.Release|x64.Build.0 = Release|Any CPU
		{831276B2-B7EB-4FD0-93E5-4D2109C78950}.Release|x86.ActiveCfg = Release|Any CPU
		{831276B2-B7EB-4FD0-93E5-4D2109C78950}.Release|x86.Build.0 = Release|Any CPU
		{BC06C46E-79F3-4AB6-800E-FA080CA54A0B}.Debug|Any CPU.ActiveCfg = Debug|Any CPU
		{BC06C46E-79F3-4AB6-800E-FA080CA54A0B}.Debug|Any CPU.Build.0 = Debug|Any CPU
		{BC06C46E-79F3-4AB6-800E-FA080CA54A0B}.Debug|x64.ActiveCfg = Debug|Any CPU
		{BC06C46E-79F3-4AB6-800E-FA080CA54A0B}.Debug|x64.Build.0 = Debug|Any CPU
		{BC06C46E-79F3-4AB6-800E-FA080CA54A0B}.Debug|x86.ActiveCfg = Debug|Any CPU
		{BC06C46E-79F3-4AB6-800E-FA080CA54A0B}.Debug|x86.Build.0 = Debug|Any CPU
		{BC06C46E-79F3-4AB6-800E-FA080CA54A0B}.Release|Any CPU.ActiveCfg = Release|Any CPU
		{BC06C46E-79F3-4AB6-800E-FA080CA54A0B}.Release|Any CPU.Build.0 = Release|Any CPU
		{BC06C46E-79F3-4AB6-800E-FA080CA54A0B}.Release|x64.ActiveCfg = Release|Any CPU
		{BC06C46E-79F3-4AB6-800E-FA080CA54A0B}.Release|x64.Build.0 = Release|Any CPU
		{BC06C46E-79F3-4AB6-800E-FA080CA54A0B}.Release|x86.ActiveCfg = Release|Any CPU
		{BC06C46E-79F3-4AB6-800E-FA080CA54A0B}.Release|x86.Build.0 = Release|Any CPU
		{6396AEEA-8EF9-9740-4CEF-891CC997106C}.Debug|Any CPU.ActiveCfg = Debug|Any CPU
		{6396AEEA-8EF9-9740-4CEF-891CC997106C}.Debug|Any CPU.Build.0 = Debug|Any CPU
		{6396AEEA-8EF9-9740-4CEF-891CC997106C}.Debug|x64.ActiveCfg = Debug|Any CPU
		{6396AEEA-8EF9-9740-4CEF-891CC997106C}.Debug|x64.Build.0 = Debug|Any CPU
		{6396AEEA-8EF9-9740-4CEF-891CC997106C}.Debug|x86.ActiveCfg = Debug|Any CPU
		{6396AEEA-8EF9-9740-4CEF-891CC997106C}.Debug|x86.Build.0 = Debug|Any CPU
		{6396AEEA-8EF9-9740-4CEF-891CC997106C}.Release|Any CPU.ActiveCfg = Release|Any CPU
		{6396AEEA-8EF9-9740-4CEF-891CC997106C}.Release|Any CPU.Build.0 = Release|Any CPU
		{6396AEEA-8EF9-9740-4CEF-891CC997106C}.Release|x64.ActiveCfg = Release|Any CPU
		{6396AEEA-8EF9-9740-4CEF-891CC997106C}.Release|x64.Build.0 = Release|Any CPU
		{6396AEEA-8EF9-9740-4CEF-891CC997106C}.Release|x86.ActiveCfg = Release|Any CPU
		{6396AEEA-8EF9-9740-4CEF-891CC997106C}.Release|x86.Build.0 = Release|Any CPU
		{350246F3-F094-675F-855B-FB9B18C2B23E}.Debug|Any CPU.ActiveCfg = Debug|Any CPU
		{350246F3-F094-675F-855B-FB9B18C2B23E}.Debug|Any CPU.Build.0 = Debug|Any CPU
		{350246F3-F094-675F-855B-FB9B18C2B23E}.Debug|x64.ActiveCfg = Debug|Any CPU
		{350246F3-F094-675F-855B-FB9B18C2B23E}.Debug|x64.Build.0 = Debug|Any CPU
		{350246F3-F094-675F-855B-FB9B18C2B23E}.Debug|x86.ActiveCfg = Debug|Any CPU
		{350246F3-F094-675F-855B-FB9B18C2B23E}.Debug|x86.Build.0 = Debug|Any CPU
		{350246F3-F094-675F-855B-FB9B18C2B23E}.Release|Any CPU.ActiveCfg = Release|Any CPU
		{350246F3-F094-675F-855B-FB9B18C2B23E}.Release|Any CPU.Build.0 = Release|Any CPU
		{350246F3-F094-675F-855B-FB9B18C2B23E}.Release|x64.ActiveCfg = Release|Any CPU
		{350246F3-F094-675F-855B-FB9B18C2B23E}.Release|x64.Build.0 = Release|Any CPU
		{350246F3-F094-675F-855B-FB9B18C2B23E}.Release|x86.ActiveCfg = Release|Any CPU
		{350246F3-F094-675F-855B-FB9B18C2B23E}.Release|x86.Build.0 = Release|Any CPU
		{C17F48D3-964E-E97C-3D2E-966F7A6C6D93}.Debug|Any CPU.ActiveCfg = Debug|Any CPU
		{C17F48D3-964E-E97C-3D2E-966F7A6C6D93}.Debug|Any CPU.Build.0 = Debug|Any CPU
		{C17F48D3-964E-E97C-3D2E-966F7A6C6D93}.Debug|x64.ActiveCfg = Debug|Any CPU
		{C17F48D3-964E-E97C-3D2E-966F7A6C6D93}.Debug|x64.Build.0 = Debug|Any CPU
		{C17F48D3-964E-E97C-3D2E-966F7A6C6D93}.Debug|x86.ActiveCfg = Debug|Any CPU
		{C17F48D3-964E-E97C-3D2E-966F7A6C6D93}.Debug|x86.Build.0 = Debug|Any CPU
		{C17F48D3-964E-E97C-3D2E-966F7A6C6D93}.Release|Any CPU.ActiveCfg = Release|Any CPU
		{C17F48D3-964E-E97C-3D2E-966F7A6C6D93}.Release|Any CPU.Build.0 = Release|Any CPU
		{C17F48D3-964E-E97C-3D2E-966F7A6C6D93}.Release|x64.ActiveCfg = Release|Any CPU
		{C17F48D3-964E-E97C-3D2E-966F7A6C6D93}.Release|x64.Build.0 = Release|Any CPU
		{C17F48D3-964E-E97C-3D2E-966F7A6C6D93}.Release|x86.ActiveCfg = Release|Any CPU
		{C17F48D3-964E-E97C-3D2E-966F7A6C6D93}.Release|x86.Build.0 = Release|Any CPU
		{CFBC0A95-3456-3439-6B2E-60FDE0FE5EE1}.Debug|Any CPU.ActiveCfg = Debug|Any CPU
		{CFBC0A95-3456-3439-6B2E-60FDE0FE5EE1}.Debug|Any CPU.Build.0 = Debug|Any CPU
		{CFBC0A95-3456-3439-6B2E-60FDE0FE5EE1}.Debug|x64.ActiveCfg = Debug|Any CPU
		{CFBC0A95-3456-3439-6B2E-60FDE0FE5EE1}.Debug|x64.Build.0 = Debug|Any CPU
		{CFBC0A95-3456-3439-6B2E-60FDE0FE5EE1}.Debug|x86.ActiveCfg = Debug|Any CPU
		{CFBC0A95-3456-3439-6B2E-60FDE0FE5EE1}.Debug|x86.Build.0 = Debug|Any CPU
		{CFBC0A95-3456-3439-6B2E-60FDE0FE5EE1}.Release|Any CPU.ActiveCfg = Release|Any CPU
		{CFBC0A95-3456-3439-6B2E-60FDE0FE5EE1}.Release|Any CPU.Build.0 = Release|Any CPU
		{CFBC0A95-3456-3439-6B2E-60FDE0FE5EE1}.Release|x64.ActiveCfg = Release|Any CPU
		{CFBC0A95-3456-3439-6B2E-60FDE0FE5EE1}.Release|x64.Build.0 = Release|Any CPU
		{CFBC0A95-3456-3439-6B2E-60FDE0FE5EE1}.Release|x86.ActiveCfg = Release|Any CPU
		{CFBC0A95-3456-3439-6B2E-60FDE0FE5EE1}.Release|x86.Build.0 = Release|Any CPU
		{CD9683D9-0B4B-42D1-A1E0-1689BEEFD725}.Debug|Any CPU.ActiveCfg = Debug|Any CPU
		{CD9683D9-0B4B-42D1-A1E0-1689BEEFD725}.Debug|Any CPU.Build.0 = Debug|Any CPU
		{CD9683D9-0B4B-42D1-A1E0-1689BEEFD725}.Debug|x64.ActiveCfg = Debug|Any CPU
		{CD9683D9-0B4B-42D1-A1E0-1689BEEFD725}.Debug|x64.Build.0 = Debug|Any CPU
		{CD9683D9-0B4B-42D1-A1E0-1689BEEFD725}.Debug|x86.ActiveCfg = Debug|Any CPU
		{CD9683D9-0B4B-42D1-A1E0-1689BEEFD725}.Debug|x86.Build.0 = Debug|Any CPU
		{CD9683D9-0B4B-42D1-A1E0-1689BEEFD725}.Release|Any CPU.ActiveCfg = Release|Any CPU
		{CD9683D9-0B4B-42D1-A1E0-1689BEEFD725}.Release|Any CPU.Build.0 = Release|Any CPU
		{CD9683D9-0B4B-42D1-A1E0-1689BEEFD725}.Release|x64.ActiveCfg = Release|Any CPU
		{CD9683D9-0B4B-42D1-A1E0-1689BEEFD725}.Release|x64.Build.0 = Release|Any CPU
		{CD9683D9-0B4B-42D1-A1E0-1689BEEFD725}.Release|x86.ActiveCfg = Release|Any CPU
		{CD9683D9-0B4B-42D1-A1E0-1689BEEFD725}.Release|x86.Build.0 = Release|Any CPU
	EndGlobalSection
	GlobalSection(SolutionProperties) = preSolution
		HideSolutionNode = FALSE
	EndGlobalSection
	GlobalSection(NestedProjects) = preSolution
		{78640FA0-9F11-412D-A639-61F03D02407A} = {46008B91-6EC0-448B-8D1A-D8C6D2EEBEF4}
		{69F1AA11-D05A-4843-B0DD-56B5E2E212A8} = {46008B91-6EC0-448B-8D1A-D8C6D2EEBEF4}
		{EE38E3D2-3D2A-4061-BD50-AE8568126C7D} = {46008B91-6EC0-448B-8D1A-D8C6D2EEBEF4}
		{C305ED5B-8425-47A1-BEE1-85830CADC27A} = {46008B91-6EC0-448B-8D1A-D8C6D2EEBEF4}
		{4940CE10-6652-4AC6-9D30-CF200A217643} = {78640FA0-9F11-412D-A639-61F03D02407A}
		{BC611535-3BDA-45C5-8765-9E242E312B8F} = {4940CE10-6652-4AC6-9D30-CF200A217643}
		{6D19C1F8-085C-422E-8DAF-2E49024DB08C} = {4940CE10-6652-4AC6-9D30-CF200A217643}
		{831276B2-B7EB-4FD0-93E5-4D2109C78950} = {4940CE10-6652-4AC6-9D30-CF200A217643}
		{BC06C46E-79F3-4AB6-800E-FA080CA54A0B} = {78640FA0-9F11-412D-A639-61F03D02407A}
		{6396AEEA-8EF9-9740-4CEF-891CC997106C} = {914C77C9-212A-4DD0-8D9A-074620E77FAA}
		{350246F3-F094-675F-855B-FB9B18C2B23E} = {914C77C9-212A-4DD0-8D9A-074620E77FAA}
		{C17F48D3-964E-E97C-3D2E-966F7A6C6D93} = {914C77C9-212A-4DD0-8D9A-074620E77FAA}
		{CFBC0A95-3456-3439-6B2E-60FDE0FE5EE1} = {914C77C9-212A-4DD0-8D9A-074620E77FAA}
		{CD9683D9-0B4B-42D1-A1E0-1689BEEFD725} = {78640FA0-9F11-412D-A639-61F03D02407A}
	EndGlobalSection
	GlobalSection(ExtensibilityGlobals) = postSolution
		SolutionGuid = {EABC01E3-3EB5-47EF-B46E-AAD8BB3585F1}
	EndGlobalSection
EndGlobal
