
Microsoft Visual Studio Solution File, Format Version 12.00
# Visual Studio 15
VisualStudioVersion = 15.0.27130.2036
MinimumVisualStudioVersion = 10.0.40219.1
Project("{2150E333-8FDC-42A3-9474-1A3956D46DE8}") = "Client", "Client", "{914C77C9-212A-4DD0-8D9A-074620E77FAA}"
EndProject
Project("{2150E333-8FDC-42A3-9474-1A3956D46DE8}") = "Server", "Server", "{46008B91-6EC0-448B-8D1A-D8C6D2EEBEF4}"
EndProject
Project("{9A19103F-16F7-4668-BE54-9A1E7A4F7556}") = "Server.App", "Server\App\Server.App.csproj", "{69F1AA11-D05A-4843-B0DD-56B5E2E212A8}"
EndProject
Project("{9A19103F-16F7-4668-BE54-9A1E7A4F7556}") = "Server.Model", "Server\Model\Server.Model.csproj", "{EE38E3D2-3D2A-4061-BD50-AE8568126C7D}"
EndProject
Project("{9A19103F-16F7-4668-BE54-9A1E7A4F7556}") = "Server.Hotfix", "Server\Hotfix\Server.Hotfix.csproj", "{C305ED5B-8425-47A1-BEE1-85830CADC27A}"
EndProject
Project("{FAE04EC0-301F-11D3-BF4B-00C04F79EFBC}") = "Unity.Model", "Unity\Unity.Model.csproj", "{6396AEEA-8EF9-9740-4CEF-891CC997106C}"
EndProject
Project("{FAE04EC0-301F-11D3-BF4B-00C04F79EFBC}") = "Unity.Hotfix", "Unity\Unity.Hotfix.csproj", "{350246F3-F094-675F-855B-FB9B18C2B23E}"
EndProject
Project("{FAE04EC0-301F-11D3-BF4B-00C04F79EFBC}") = "Unity.Editor", "Unity\Unity.Editor.csproj", "{C17F48D3-964E-E97C-3D2E-966F7A6C6D93}"
EndProject
Project("{FAE04EC0-301F-11D3-BF4B-00C04F79EFBC}") = "Unity.ThirdParty", "Unity\Unity.ThirdParty.csproj", "{CFBC0A95-3456-3439-6B2E-60FDE0FE5EE1}"
EndProject
Project("{2150E333-8FDC-42A3-9474-1A3956D46DE8}") = "Tools", "Tools", "{4BC66C3C-D55F-4FAA-A2F5-29E8EB1797AE}"
EndProject
Project("{FAE04EC0-301F-11D3-BF4B-00C04F79EFBC}") = "Unity.HotfixView", "Unity\Unity.HotfixView.csproj", "{D31345DE-9B88-525C-8E9C-744C99AE7509}"
EndProject
Project("{FAE04EC0-301F-11D3-BF4B-00C04F79EFBC}") = "Unity.ModelView", "Unity\Unity.ModelView.csproj", "{2F8409C1-DA01-D464-DBF2-00C6449E459E}"
EndProject
Project("{FAE04EC0-301F-11D3-BF4B-00C04F79EFBC}") = "Server.ThirdParty", "Server\ThirdParty\Server.ThirdParty.csproj", "{5CC830C4-3F2E-46AD-8160-3A0B032ACA5B}"
EndProject
Project("{FAE04EC0-301F-11D3-BF4B-00C04F79EFBC}") = "Proto2CS", "Tools\Proto2CS\Proto2CS.csproj", "{8CE3862F-0F7C-4759-A0E5-266AC3991E32}"
EndProject
Project("{FAE04EC0-301F-11D3-BF4B-00C04F79EFBC}") = "ExcelExporter", "Tools\ExcelExporter\ExcelExporter.csproj", "{E2F0B649-1A7B-4F01-A48B-A2825223C2B4}"
EndProject
Global
	GlobalSection(SolutionConfigurationPlatforms) = preSolution
		Debug|Any CPU = Debug|Any CPU
		Debug|x64 = Debug|x64
		Debug|x86 = Debug|x86
		Release|Any CPU = Release|Any CPU
		Release|x64 = Release|x64
		Release|x86 = Release|x86
	EndGlobalSection
	GlobalSection(ProjectConfigurationPlatforms) = postSolution
		{69F1AA11-D05A-4843-B0DD-56B5E2E212A8}.Debug|Any CPU.ActiveCfg = Debug|Any CPU
		{69F1AA11-D05A-4843-B0DD-56B5E2E212A8}.Debug|Any CPU.Build.0 = Debug|Any CPU
		{69F1AA11-D05A-4843-B0DD-56B5E2E212A8}.Debug|x64.ActiveCfg = Debug|Any CPU
		{69F1AA11-D05A-4843-B0DD-56B5E2E212A8}.Debug|x64.Build.0 = Debug|Any CPU
		{69F1AA11-D05A-4843-B0DD-56B5E2E212A8}.Debug|x86.ActiveCfg = Debug|Any CPU
		{69F1AA11-D05A-4843-B0DD-56B5E2E212A8}.Debug|x86.Build.0 = Debug|Any CPU
		{69F1AA11-D05A-4843-B0DD-56B5E2E212A8}.Release|Any CPU.ActiveCfg = Release|Any CPU
		{69F1AA11-D05A-4843-B0DD-56B5E2E212A8}.Release|Any CPU.Build.0 = Release|Any CPU
		{69F1AA11-D05A-4843-B0DD-56B5E2E212A8}.Release|x64.ActiveCfg = Release|Any CPU
		{69F1AA11-D05A-4843-B0DD-56B5E2E212A8}.Release|x64.Build.0 = Release|Any CPU
		{69F1AA11-D05A-4843-B0DD-56B5E2E212A8}.Release|x86.ActiveCfg = Release|Any CPU
		{69F1AA11-D05A-4843-B0DD-56B5E2E212A8}.Release|x86.Build.0 = Release|Any CPU
		{EE38E3D2-3D2A-4061-BD50-AE8568126C7D}.Debug|Any CPU.ActiveCfg = Debug|Any CPU
		{EE38E3D2-3D2A-4061-BD50-AE8568126C7D}.Debug|Any CPU.Build.0 = Debug|Any CPU
		{EE38E3D2-3D2A-4061-BD50-AE8568126C7D}.Debug|x64.ActiveCfg = Debug|Any CPU
		{EE38E3D2-3D2A-4061-BD50-AE8568126C7D}.Debug|x64.Build.0 = Debug|Any CPU
		{EE38E3D2-3D2A-4061-BD50-AE8568126C7D}.Debug|x86.ActiveCfg = Debug|Any CPU
		{EE38E3D2-3D2A-4061-BD50-AE8568126C7D}.Debug|x86.Build.0 = Debug|Any CPU
		{EE38E3D2-3D2A-4061-BD50-AE8568126C7D}.Release|Any CPU.ActiveCfg = Release|Any CPU
		{EE38E3D2-3D2A-4061-BD50-AE8568126C7D}.Release|Any CPU.Build.0 = Release|Any CPU
		{EE38E3D2-3D2A-4061-BD50-AE8568126C7D}.Release|x64.ActiveCfg = Release|Any CPU
		{EE38E3D2-3D2A-4061-BD50-AE8568126C7D}.Release|x64.Build.0 = Release|Any CPU
		{EE38E3D2-3D2A-4061-BD50-AE8568126C7D}.Release|x86.ActiveCfg = Release|Any CPU
		{EE38E3D2-3D2A-4061-BD50-AE8568126C7D}.Release|x86.Build.0 = Release|Any CPU
		{C305ED5B-8425-47A1-BEE1-85830CADC27A}.Debug|Any CPU.ActiveCfg = Debug|Any CPU
		{C305ED5B-8425-47A1-BEE1-85830CADC27A}.Debug|Any CPU.Build.0 = Debug|Any CPU
		{C305ED5B-8425-47A1-BEE1-85830CADC27A}.Debug|x64.ActiveCfg = Debug|Any CPU
		{C305ED5B-8425-47A1-BEE1-85830CADC27A}.Debug|x64.Build.0 = Debug|Any CPU
		{C305ED5B-8425-47A1-BEE1-85830CADC27A}.Debug|x86.ActiveCfg = Debug|Any CPU
		{C305ED5B-8425-47A1-BEE1-85830CADC27A}.Debug|x86.Build.0 = Debug|Any CPU
		{C305ED5B-8425-47A1-BEE1-85830CADC27A}.Release|Any CPU.ActiveCfg = Release|Any CPU
		{C305ED5B-8425-47A1-BEE1-85830CADC27A}.Release|Any CPU.Build.0 = Release|Any CPU
		{C305ED5B-8425-47A1-BEE1-85830CADC27A}.Release|x64.ActiveCfg = Release|Any CPU
		{C305ED5B-8425-47A1-BEE1-85830CADC27A}.Release|x64.Build.0 = Release|Any CPU
		{C305ED5B-8425-47A1-BEE1-85830CADC27A}.Release|x86.ActiveCfg = Release|Any CPU
		{C305ED5B-8425-47A1-BEE1-85830CADC27A}.Release|x86.Build.0 = Release|Any CPU
		{6396AEEA-8EF9-9740-4CEF-891CC997106C}.Debug|x64.ActiveCfg = Debug|Any CPU
		{6396AEEA-8EF9-9740-4CEF-891CC997106C}.Debug|x64.Build.0 = Debug|Any CPU
		{6396AEEA-8EF9-9740-4CEF-891CC997106C}.Debug|x86.ActiveCfg = Debug|Any CPU
		{6396AEEA-8EF9-9740-4CEF-891CC997106C}.Debug|x86.Build.0 = Debug|Any CPU
		{6396AEEA-8EF9-9740-4CEF-891CC997106C}.Release|Any CPU.ActiveCfg = Release|Any CPU
		{6396AEEA-8EF9-9740-4CEF-891CC997106C}.Release|Any CPU.Build.0 = Release|Any CPU
		{6396AEEA-8EF9-9740-4CEF-891CC997106C}.Release|x64.ActiveCfg = Release|Any CPU
		{6396AEEA-8EF9-9740-4CEF-891CC997106C}.Release|x64.Build.0 = Release|Any CPU
		{6396AEEA-8EF9-9740-4CEF-891CC997106C}.Release|x86.ActiveCfg = Release|Any CPU
		{6396AEEA-8EF9-9740-4CEF-891CC997106C}.Release|x86.Build.0 = Release|Any CPU
		{6396AEEA-8EF9-9740-4CEF-891CC997106C}.Debug|Any CPU.ActiveCfg = Debug|Any CPU
		{6396AEEA-8EF9-9740-4CEF-891CC997106C}.Debug|Any CPU.Build.0 = Debug|Any CPU
		{350246F3-F094-675F-855B-FB9B18C2B23E}.Debug|x64.ActiveCfg = Debug|Any CPU
		{350246F3-F094-675F-855B-FB9B18C2B23E}.Debug|x64.Build.0 = Debug|Any CPU
		{350246F3-F094-675F-855B-FB9B18C2B23E}.Debug|x86.ActiveCfg = Debug|Any CPU
		{350246F3-F094-675F-855B-FB9B18C2B23E}.Debug|x86.Build.0 = Debug|Any CPU
		{350246F3-F094-675F-855B-FB9B18C2B23E}.Release|Any CPU.ActiveCfg = Release|Any CPU
		{350246F3-F094-675F-855B-FB9B18C2B23E}.Release|Any CPU.Build.0 = Release|Any CPU
		{350246F3-F094-675F-855B-FB9B18C2B23E}.Release|x64.ActiveCfg = Release|Any CPU
		{350246F3-F094-675F-855B-FB9B18C2B23E}.Release|x64.Build.0 = Release|Any CPU
		{350246F3-F094-675F-855B-FB9B18C2B23E}.Release|x86.ActiveCfg = Release|Any CPU
		{350246F3-F094-675F-855B-FB9B18C2B23E}.Release|x86.Build.0 = Release|Any CPU
		{350246F3-F094-675F-855B-FB9B18C2B23E}.Debug|Any CPU.ActiveCfg = Debug|Any CPU
		{350246F3-F094-675F-855B-FB9B18C2B23E}.Debug|Any CPU.Build.0 = Debug|Any CPU
		{C17F48D3-964E-E97C-3D2E-966F7A6C6D93}.Debug|Any CPU.ActiveCfg = Debug|Any CPU
		{C17F48D3-964E-E97C-3D2E-966F7A6C6D93}.Debug|Any CPU.Build.0 = Debug|Any CPU
		{C17F48D3-964E-E97C-3D2E-966F7A6C6D93}.Debug|x64.ActiveCfg = Debug|Any CPU
		{C17F48D3-964E-E97C-3D2E-966F7A6C6D93}.Debug|x64.Build.0 = Debug|Any CPU
		{C17F48D3-964E-E97C-3D2E-966F7A6C6D93}.Debug|x86.ActiveCfg = Debug|Any CPU
		{C17F48D3-964E-E97C-3D2E-966F7A6C6D93}.Debug|x86.Build.0 = Debug|Any CPU
		{C17F48D3-964E-E97C-3D2E-966F7A6C6D93}.Release|Any CPU.ActiveCfg = Release|Any CPU
		{C17F48D3-964E-E97C-3D2E-966F7A6C6D93}.Release|Any CPU.Build.0 = Release|Any CPU
		{C17F48D3-964E-E97C-3D2E-966F7A6C6D93}.Release|x64.ActiveCfg = Release|Any CPU
		{C17F48D3-964E-E97C-3D2E-966F7A6C6D93}.Release|x64.Build.0 = Release|Any CPU
		{C17F48D3-964E-E97C-3D2E-966F7A6C6D93}.Release|x86.ActiveCfg = Release|Any CPU
		{C17F48D3-964E-E97C-3D2E-966F7A6C6D93}.Release|x86.Build.0 = Release|Any CPU
		{CFBC0A95-3456-3439-6B2E-60FDE0FE5EE1}.Debug|x64.ActiveCfg = Debug|Any CPU
		{CFBC0A95-3456-3439-6B2E-60FDE0FE5EE1}.Debug|x64.Build.0 = Debug|Any CPU
		{CFBC0A95-3456-3439-6B2E-60FDE0FE5EE1}.Debug|x86.ActiveCfg = Debug|Any CPU
		{CFBC0A95-3456-3439-6B2E-60FDE0FE5EE1}.Debug|x86.Build.0 = Debug|Any CPU
		{CFBC0A95-3456-3439-6B2E-60FDE0FE5EE1}.Release|Any CPU.ActiveCfg = Release|Any CPU
		{CFBC0A95-3456-3439-6B2E-60FDE0FE5EE1}.Release|Any CPU.Build.0 = Release|Any CPU
		{CFBC0A95-3456-3439-6B2E-60FDE0FE5EE1}.Release|x64.ActiveCfg = Release|Any CPU
		{CFBC0A95-3456-3439-6B2E-60FDE0FE5EE1}.Release|x64.Build.0 = Release|Any CPU
		{CFBC0A95-3456-3439-6B2E-60FDE0FE5EE1}.Release|x86.ActiveCfg = Release|Any CPU
		{CFBC0A95-3456-3439-6B2E-60FDE0FE5EE1}.Release|x86.Build.0 = Release|Any CPU
		{CFBC0A95-3456-3439-6B2E-60FDE0FE5EE1}.Debug|Any CPU.ActiveCfg = Debug|Any CPU
		{CFBC0A95-3456-3439-6B2E-60FDE0FE5EE1}.Debug|Any CPU.Build.0 = Debug|Any CPU
		{D31345DE-9B88-525C-8E9C-744C99AE7509}.Debug|Any CPU.ActiveCfg = Debug|Any CPU
		{D31345DE-9B88-525C-8E9C-744C99AE7509}.Debug|Any CPU.Build.0 = Debug|Any CPU
		{D31345DE-9B88-525C-8E9C-744C99AE7509}.Debug|x64.ActiveCfg = Debug|Any CPU
		{D31345DE-9B88-525C-8E9C-744C99AE7509}.Debug|x64.Build.0 = Debug|Any CPU
		{D31345DE-9B88-525C-8E9C-744C99AE7509}.Debug|x86.ActiveCfg = Debug|Any CPU
		{D31345DE-9B88-525C-8E9C-744C99AE7509}.Debug|x86.Build.0 = Debug|Any CPU
		{D31345DE-9B88-525C-8E9C-744C99AE7509}.Release|Any CPU.ActiveCfg = Release|Any CPU
		{D31345DE-9B88-525C-8E9C-744C99AE7509}.Release|Any CPU.Build.0 = Release|Any CPU
		{D31345DE-9B88-525C-8E9C-744C99AE7509}.Release|x64.ActiveCfg = Release|Any CPU
		{D31345DE-9B88-525C-8E9C-744C99AE7509}.Release|x64.Build.0 = Release|Any CPU
		{D31345DE-9B88-525C-8E9C-744C99AE7509}.Release|x86.ActiveCfg = Release|Any CPU
		{D31345DE-9B88-525C-8E9C-744C99AE7509}.Release|x86.Build.0 = Release|Any CPU
		{2F8409C1-DA01-D464-DBF2-00C6449E459E}.Debug|Any CPU.ActiveCfg = Debug|Any CPU
		{2F8409C1-DA01-D464-DBF2-00C6449E459E}.Debug|Any CPU.Build.0 = Debug|Any CPU
		{2F8409C1-DA01-D464-DBF2-00C6449E459E}.Debug|x64.ActiveCfg = Debug|Any CPU
		{2F8409C1-DA01-D464-DBF2-00C6449E459E}.Debug|x64.Build.0 = Debug|Any CPU
		{2F8409C1-DA01-D464-DBF2-00C6449E459E}.Debug|x86.ActiveCfg = Debug|Any CPU
		{2F8409C1-DA01-D464-DBF2-00C6449E459E}.Debug|x86.Build.0 = Debug|Any CPU
		{2F8409C1-DA01-D464-DBF2-00C6449E459E}.Release|Any CPU.ActiveCfg = Release|Any CPU
		{2F8409C1-DA01-D464-DBF2-00C6449E459E}.Release|Any CPU.Build.0 = Release|Any CPU
		{2F8409C1-DA01-D464-DBF2-00C6449E459E}.Release|x64.ActiveCfg = Release|Any CPU
		{2F8409C1-DA01-D464-DBF2-00C6449E459E}.Release|x64.Build.0 = Release|Any CPU
		{2F8409C1-DA01-D464-DBF2-00C6449E459E}.Release|x86.ActiveCfg = Release|Any CPU
		{2F8409C1-DA01-D464-DBF2-00C6449E459E}.Release|x86.Build.0 = Release|Any CPU
		{5CC830C4-3F2E-46AD-8160-3A0B032ACA5B}.Debug|Any CPU.ActiveCfg = Debug|Any CPU
		{5CC830C4-3F2E-46AD-8160-3A0B032ACA5B}.Debug|Any CPU.Build.0 = Debug|Any CPU
		{5CC830C4-3F2E-46AD-8160-3A0B032ACA5B}.Debug|x64.ActiveCfg = Debug|Any CPU
		{5CC830C4-3F2E-46AD-8160-3A0B032ACA5B}.Debug|x64.Build.0 = Debug|Any CPU
		{5CC830C4-3F2E-46AD-8160-3A0B032ACA5B}.Debug|x86.ActiveCfg = Debug|Any CPU
		{5CC830C4-3F2E-46AD-8160-3A0B032ACA5B}.Debug|x86.Build.0 = Debug|Any CPU
		{5CC830C4-3F2E-46AD-8160-3A0B032ACA5B}.Release|Any CPU.ActiveCfg = Release|Any CPU
		{5CC830C4-3F2E-46AD-8160-3A0B032ACA5B}.Release|Any CPU.Build.0 = Release|Any CPU
		{5CC830C4-3F2E-46AD-8160-3A0B032ACA5B}.Release|x64.ActiveCfg = Release|Any CPU
		{5CC830C4-3F2E-46AD-8160-3A0B032ACA5B}.Release|x64.Build.0 = Release|Any CPU
		{5CC830C4-3F2E-46AD-8160-3A0B032ACA5B}.Release|x86.ActiveCfg = Release|Any CPU
		{5CC830C4-3F2E-46AD-8160-3A0B032ACA5B}.Release|x86.Build.0 = Release|Any CPU
		{8CE3862F-0F7C-4759-A0E5-266AC3991E32}.Debug|Any CPU.ActiveCfg = Debug|Any CPU
		{8CE3862F-0F7C-4759-A0E5-266AC3991E32}.Debug|Any CPU.Build.0 = Debug|Any CPU
		{8CE3862F-0F7C-4759-A0E5-266AC3991E32}.Debug|x64.ActiveCfg = Debug|Any CPU
		{8CE3862F-0F7C-4759-A0E5-266AC3991E32}.Debug|x64.Build.0 = Debug|Any CPU
		{8CE3862F-0F7C-4759-A0E5-266AC3991E32}.Debug|x86.ActiveCfg = Debug|Any CPU
		{8CE3862F-0F7C-4759-A0E5-266AC3991E32}.Debug|x86.Build.0 = Debug|Any CPU
		{8CE3862F-0F7C-4759-A0E5-266AC3991E32}.Release|Any CPU.ActiveCfg = Release|Any CPU
		{8CE3862F-0F7C-4759-A0E5-266AC3991E32}.Release|Any CPU.Build.0 = Release|Any CPU
		{8CE3862F-0F7C-4759-A0E5-266AC3991E32}.Release|x64.ActiveCfg = Release|Any CPU
		{8CE3862F-0F7C-4759-A0E5-266AC3991E32}.Release|x64.Build.0 = Release|Any CPU
		{8CE3862F-0F7C-4759-A0E5-266AC3991E32}.Release|x86.ActiveCfg = Release|Any CPU
		{8CE3862F-0F7C-4759-A0E5-266AC3991E32}.Release|x86.Build.0 = Release|Any CPU
		{E2F0B649-1A7B-4F01-A48B-A2825223C2B4}.Debug|Any CPU.ActiveCfg = Debug|Any CPU
		{E2F0B649-1A7B-4F01-A48B-A2825223C2B4}.Debug|Any CPU.Build.0 = Debug|Any CPU
		{E2F0B649-1A7B-4F01-A48B-A2825223C2B4}.Debug|x64.ActiveCfg = Debug|Any CPU
		{E2F0B649-1A7B-4F01-A48B-A2825223C2B4}.Debug|x64.Build.0 = Debug|Any CPU
		{E2F0B649-1A7B-4F01-A48B-A2825223C2B4}.Debug|x86.ActiveCfg = Debug|Any CPU
		{E2F0B649-1A7B-4F01-A48B-A2825223C2B4}.Debug|x86.Build.0 = Debug|Any CPU
		{E2F0B649-1A7B-4F01-A48B-A2825223C2B4}.Release|Any CPU.ActiveCfg = Release|Any CPU
		{E2F0B649-1A7B-4F01-A48B-A2825223C2B4}.Release|Any CPU.Build.0 = Release|Any CPU
		{E2F0B649-1A7B-4F01-A48B-A2825223C2B4}.Release|x64.ActiveCfg = Release|Any CPU
		{E2F0B649-1A7B-4F01-A48B-A2825223C2B4}.Release|x64.Build.0 = Release|Any CPU
		{E2F0B649-1A7B-4F01-A48B-A2825223C2B4}.Release|x86.ActiveCfg = Release|Any CPU
		{E2F0B649-1A7B-4F01-A48B-A2825223C2B4}.Release|x86.Build.0 = Release|Any CPU
	EndGlobalSection
	GlobalSection(SolutionProperties) = preSolution
		HideSolutionNode = FALSE
	EndGlobalSection
	GlobalSection(NestedProjects) = preSolution
		{69F1AA11-D05A-4843-B0DD-56B5E2E212A8} = {46008B91-6EC0-448B-8D1A-D8C6D2EEBEF4}
		{EE38E3D2-3D2A-4061-BD50-AE8568126C7D} = {46008B91-6EC0-448B-8D1A-D8C6D2EEBEF4}
		{C305ED5B-8425-47A1-BEE1-85830CADC27A} = {46008B91-6EC0-448B-8D1A-D8C6D2EEBEF4}
		{6396AEEA-8EF9-9740-4CEF-891CC997106C} = {914C77C9-212A-4DD0-8D9A-074620E77FAA}
		{350246F3-F094-675F-855B-FB9B18C2B23E} = {914C77C9-212A-4DD0-8D9A-074620E77FAA}
		{C17F48D3-964E-E97C-3D2E-966F7A6C6D93} = {914C77C9-212A-4DD0-8D9A-074620E77FAA}
		{CFBC0A95-3456-3439-6B2E-60FDE0FE5EE1} = {914C77C9-212A-4DD0-8D9A-074620E77FAA}
		{D31345DE-9B88-525C-8E9C-744C99AE7509} = {914C77C9-212A-4DD0-8D9A-074620E77FAA}
		{2F8409C1-DA01-D464-DBF2-00C6449E459E} = {914C77C9-212A-4DD0-8D9A-074620E77FAA}
		{5CC830C4-3F2E-46AD-8160-3A0B032ACA5B} = {46008B91-6EC0-448B-8D1A-D8C6D2EEBEF4}
		{8CE3862F-0F7C-4759-A0E5-266AC3991E32} = {4BC66C3C-D55F-4FAA-A2F5-29E8EB1797AE}
		{E2F0B649-1A7B-4F01-A48B-A2825223C2B4} = {4BC66C3C-D55F-4FAA-A2F5-29E8EB1797AE}
	EndGlobalSection
	GlobalSection(ExtensibilityGlobals) = postSolution
		SolutionGuid = {EABC01E3-3EB5-47EF-B46E-AAD8BB3585F1}
	EndGlobalSection
EndGlobal
