
Microsoft Visual Studio Solution File, Format Version 12.00
# Visual Studio 15
VisualStudioVersion = 15.0.26730.15
MinimumVisualStudioVersion = 10.0.40219.1
Project("{FAE04EC0-301F-11D3-BF4B-00C04F79EFBC}") = "Unity.Plugins", "Unity\Unity.Plugins.csproj", "{D1FDB199-0FB7-099D-3771-C6A942E4E326}"
EndProject
Project("{FAE04EC0-301F-11D3-BF4B-00C04F79EFBC}") = "Unity", "Unity\Unity.csproj", "{CF118143-7E37-744F-BE45-3F55345FEC40}"
EndProject
Project("{FAE04EC0-301F-11D3-BF4B-00C04F79EFBC}") = "Unity.Editor", "Unity\Unity.Editor.csproj", "{C17F48D3-964E-E97C-3D2E-966F7A6C6D93}"
EndProject
Project("{FAE04EC0-301F-11D3-BF4B-00C04F79EFBC}") = "Unity.Hotfix", "Unity\Hotfix\Unity.Hotfix.csproj", "{40533600-4E69-4F7D-A924-E1A3B4127255}"
EndProject
Project("{2150E333-8FDC-42A3-9474-1A3956D46DE8}") = "Client", "Client", "{914C77C9-212A-4DD0-8D9A-074620E77FAA}"
EndProject
Project("{2150E333-8FDC-42A3-9474-1A3956D46DE8}") = "Server", "Server", "{46008B91-6EC0-448B-8D1A-D8C6D2EEBEF4}"
EndProject
Project("{FAE04EC0-301F-11D3-BF4B-00C04F79EFBC}") = "Server.App", "Server\App\Server.App.csproj", "{3F8DC04C-9E05-403F-B6A5-36293EB99937}"
EndProject
Project("{FAE04EC0-301F-11D3-BF4B-00C04F79EFBC}") = "Server.Base", "Server\Base\Server.Base.csproj", "{E5078EC6-2B0E-4711-BE8B-D99F69638316}"
EndProject
Project("{FAE04EC0-301F-11D3-BF4B-00C04F79EFBC}") = "Server.Hotfix", "Server\Hotfix\Server.Hotfix.csproj", "{3878BD71-2F75-4EDF-882F-BC708154B1B0}"
EndProject
Project("{FAE04EC0-301F-11D3-BF4B-00C04F79EFBC}") = "Server.Model", "Server\Model\Server.Model.csproj", "{820D3488-76B9-4EE8-872A-BE06C2350B20}"
EndProject
Project("{2150E333-8FDC-42A3-9474-1A3956D46DE8}") = "ThirdParty", "ThirdParty", "{78640FA0-9F11-412D-A639-61F03D02407A}"
EndProject
Project("{8BC9CEB8-8B4A-11D0-8D11-00A0C91BC942}") = "ENet", "Server\ThirdParty\ENet\ENet.vcxproj", "{C9992B7C-313E-4C9F-A954-640D01EDFB58}"
EndProject
Global
	GlobalSection(SolutionConfigurationPlatforms) = preSolution
		Debug|Any CPU = Debug|Any CPU
		Debug|x64 = Debug|x64
		Debug|x86 = Debug|x86
		Release|Any CPU = Release|Any CPU
		Release|x64 = Release|x64
		Release|x86 = Release|x86
	EndGlobalSection
	GlobalSection(ProjectConfigurationPlatforms) = postSolution
		{D1FDB199-0FB7-099D-3771-C6A942E4E326}.Debug|Any CPU.ActiveCfg = Debug|Any CPU
		{D1FDB199-0FB7-099D-3771-C6A942E4E326}.Debug|Any CPU.Build.0 = Debug|Any CPU
		{D1FDB199-0FB7-099D-3771-C6A942E4E326}.Debug|x64.ActiveCfg = Debug|Any CPU
		{D1FDB199-0FB7-099D-3771-C6A942E4E326}.Debug|x64.Build.0 = Debug|Any CPU
		{D1FDB199-0FB7-099D-3771-C6A942E4E326}.Debug|x86.ActiveCfg = Debug|Any CPU
		{D1FDB199-0FB7-099D-3771-C6A942E4E326}.Debug|x86.Build.0 = Debug|Any CPU
		{D1FDB199-0FB7-099D-3771-C6A942E4E326}.Release|Any CPU.ActiveCfg = Release|Any CPU
		{D1FDB199-0FB7-099D-3771-C6A942E4E326}.Release|Any CPU.Build.0 = Release|Any CPU
		{D1FDB199-0FB7-099D-3771-C6A942E4E326}.Release|x64.ActiveCfg = Release|Any CPU
		{D1FDB199-0FB7-099D-3771-C6A942E4E326}.Release|x64.Build.0 = Release|Any CPU
		{D1FDB199-0FB7-099D-3771-C6A942E4E326}.Release|x86.ActiveCfg = Release|Any CPU
		{D1FDB199-0FB7-099D-3771-C6A942E4E326}.Release|x86.Build.0 = Release|Any CPU
		{CF118143-7E37-744F-BE45-3F55345FEC40}.Debug|Any CPU.ActiveCfg = Debug|Any CPU
		{CF118143-7E37-744F-BE45-3F55345FEC40}.Debug|Any CPU.Build.0 = Debug|Any CPU
		{CF118143-7E37-744F-BE45-3F55345FEC40}.Debug|x64.ActiveCfg = Debug|Any CPU
		{CF118143-7E37-744F-BE45-3F55345FEC40}.Debug|x64.Build.0 = Debug|Any CPU
		{CF118143-7E37-744F-BE45-3F55345FEC40}.Debug|x86.ActiveCfg = Debug|Any CPU
		{CF118143-7E37-744F-BE45-3F55345FEC40}.Debug|x86.Build.0 = Debug|Any CPU
		{CF118143-7E37-744F-BE45-3F55345FEC40}.Release|Any CPU.ActiveCfg = Release|Any CPU
		{CF118143-7E37-744F-BE45-3F55345FEC40}.Release|Any CPU.Build.0 = Release|Any CPU
		{CF118143-7E37-744F-BE45-3F55345FEC40}.Release|x64.ActiveCfg = Release|Any CPU
		{CF118143-7E37-744F-BE45-3F55345FEC40}.Release|x64.Build.0 = Release|Any CPU
		{CF118143-7E37-744F-BE45-3F55345FEC40}.Release|x86.ActiveCfg = Release|Any CPU
		{CF118143-7E37-744F-BE45-3F55345FEC40}.Release|x86.Build.0 = Release|Any CPU
		{C17F48D3-964E-E97C-3D2E-966F7A6C6D93}.Debug|Any CPU.ActiveCfg = Debug|Any CPU
		{C17F48D3-964E-E97C-3D2E-966F7A6C6D93}.Debug|Any CPU.Build.0 = Debug|Any CPU
		{C17F48D3-964E-E97C-3D2E-966F7A6C6D93}.Debug|x64.ActiveCfg = Debug|Any CPU
		{C17F48D3-964E-E97C-3D2E-966F7A6C6D93}.Debug|x64.Build.0 = Debug|Any CPU
		{C17F48D3-964E-E97C-3D2E-966F7A6C6D93}.Debug|x86.ActiveCfg = Debug|Any CPU
		{C17F48D3-964E-E97C-3D2E-966F7A6C6D93}.Debug|x86.Build.0 = Debug|Any CPU
		{C17F48D3-964E-E97C-3D2E-966F7A6C6D93}.Release|Any CPU.ActiveCfg = Release|Any CPU
		{C17F48D3-964E-E97C-3D2E-966F7A6C6D93}.Release|Any CPU.Build.0 = Release|Any CPU
		{C17F48D3-964E-E97C-3D2E-966F7A6C6D93}.Release|x64.ActiveCfg = Release|Any CPU
		{C17F48D3-964E-E97C-3D2E-966F7A6C6D93}.Release|x64.Build.0 = Release|Any CPU
		{C17F48D3-964E-E97C-3D2E-966F7A6C6D93}.Release|x86.ActiveCfg = Release|Any CPU
		{C17F48D3-964E-E97C-3D2E-966F7A6C6D93}.Release|x86.Build.0 = Release|Any CPU
		{40533600-4E69-4F7D-A924-E1A3B4127255}.Debug|Any CPU.ActiveCfg = Debug|Any CPU
		{40533600-4E69-4F7D-A924-E1A3B4127255}.Debug|Any CPU.Build.0 = Debug|Any CPU
		{40533600-4E69-4F7D-A924-E1A3B4127255}.Debug|x64.ActiveCfg = Debug|Any CPU
		{40533600-4E69-4F7D-A924-E1A3B4127255}.Debug|x64.Build.0 = Debug|Any CPU
		{40533600-4E69-4F7D-A924-E1A3B4127255}.Debug|x86.ActiveCfg = Debug|Any CPU
		{40533600-4E69-4F7D-A924-E1A3B4127255}.Debug|x86.Build.0 = Debug|Any CPU
		{40533600-4E69-4F7D-A924-E1A3B4127255}.Release|Any CPU.ActiveCfg = Release|Any CPU
		{40533600-4E69-4F7D-A924-E1A3B4127255}.Release|Any CPU.Build.0 = Release|Any CPU
		{40533600-4E69-4F7D-A924-E1A3B4127255}.Release|x64.ActiveCfg = Release|Any CPU
		{40533600-4E69-4F7D-A924-E1A3B4127255}.Release|x64.Build.0 = Release|Any CPU
		{40533600-4E69-4F7D-A924-E1A3B4127255}.Release|x86.ActiveCfg = Release|Any CPU
		{40533600-4E69-4F7D-A924-E1A3B4127255}.Release|x86.Build.0 = Release|Any CPU
		{3F8DC04C-9E05-403F-B6A5-36293EB99937}.Debug|Any CPU.ActiveCfg = Debug|Any CPU
		{3F8DC04C-9E05-403F-B6A5-36293EB99937}.Debug|Any CPU.Build.0 = Debug|Any CPU
		{3F8DC04C-9E05-403F-B6A5-36293EB99937}.Debug|x64.ActiveCfg = Debug|Any CPU
		{3F8DC04C-9E05-403F-B6A5-36293EB99937}.Debug|x64.Build.0 = Debug|Any CPU
		{3F8DC04C-9E05-403F-B6A5-36293EB99937}.Debug|x86.ActiveCfg = Debug|Any CPU
		{3F8DC04C-9E05-403F-B6A5-36293EB99937}.Debug|x86.Build.0 = Debug|Any CPU
		{3F8DC04C-9E05-403F-B6A5-36293EB99937}.Release|Any CPU.ActiveCfg = Release|Any CPU
		{3F8DC04C-9E05-403F-B6A5-36293EB99937}.Release|Any CPU.Build.0 = Release|Any CPU
		{3F8DC04C-9E05-403F-B6A5-36293EB99937}.Release|x64.ActiveCfg = Release|Any CPU
		{3F8DC04C-9E05-403F-B6A5-36293EB99937}.Release|x64.Build.0 = Release|Any CPU
		{3F8DC04C-9E05-403F-B6A5-36293EB99937}.Release|x86.ActiveCfg = Release|Any CPU
		{3F8DC04C-9E05-403F-B6A5-36293EB99937}.Release|x86.Build.0 = Release|Any CPU
		{E5078EC6-2B0E-4711-BE8B-D99F69638316}.Debug|Any CPU.ActiveCfg = Debug|Any CPU
		{E5078EC6-2B0E-4711-BE8B-D99F69638316}.Debug|Any CPU.Build.0 = Debug|Any CPU
		{E5078EC6-2B0E-4711-BE8B-D99F69638316}.Debug|x64.ActiveCfg = Debug|Any CPU
		{E5078EC6-2B0E-4711-BE8B-D99F69638316}.Debug|x64.Build.0 = Debug|Any CPU
		{E5078EC6-2B0E-4711-BE8B-D99F69638316}.Debug|x86.ActiveCfg = Debug|Any CPU
		{E5078EC6-2B0E-4711-BE8B-D99F69638316}.Debug|x86.Build.0 = Debug|Any CPU
		{E5078EC6-2B0E-4711-BE8B-D99F69638316}.Release|Any CPU.ActiveCfg = Release|Any CPU
		{E5078EC6-2B0E-4711-BE8B-D99F69638316}.Release|Any CPU.Build.0 = Release|Any CPU
		{E5078EC6-2B0E-4711-BE8B-D99F69638316}.Release|x64.ActiveCfg = Release|Any CPU
		{E5078EC6-2B0E-4711-BE8B-D99F69638316}.Release|x64.Build.0 = Release|Any CPU
		{E5078EC6-2B0E-4711-BE8B-D99F69638316}.Release|x86.ActiveCfg = Release|Any CPU
		{E5078EC6-2B0E-4711-BE8B-D99F69638316}.Release|x86.Build.0 = Release|Any CPU
		{3878BD71-2F75-4EDF-882F-BC708154B1B0}.Debug|Any CPU.ActiveCfg = Debug|Any CPU
		{3878BD71-2F75-4EDF-882F-BC708154B1B0}.Debug|Any CPU.Build.0 = Debug|Any CPU
		{3878BD71-2F75-4EDF-882F-BC708154B1B0}.Debug|x64.ActiveCfg = Debug|Any CPU
		{3878BD71-2F75-4EDF-882F-BC708154B1B0}.Debug|x64.Build.0 = Debug|Any CPU
		{3878BD71-2F75-4EDF-882F-BC708154B1B0}.Debug|x86.ActiveCfg = Debug|Any CPU
		{3878BD71-2F75-4EDF-882F-BC708154B1B0}.Debug|x86.Build.0 = Debug|Any CPU
		{3878BD71-2F75-4EDF-882F-BC708154B1B0}.Release|Any CPU.ActiveCfg = Release|Any CPU
		{3878BD71-2F75-4EDF-882F-BC708154B1B0}.Release|Any CPU.Build.0 = Release|Any CPU
		{3878BD71-2F75-4EDF-882F-BC708154B1B0}.Release|x64.ActiveCfg = Release|Any CPU
		{3878BD71-2F75-4EDF-882F-BC708154B1B0}.Release|x64.Build.0 = Release|Any CPU
		{3878BD71-2F75-4EDF-882F-BC708154B1B0}.Release|x86.ActiveCfg = Release|Any CPU
		{3878BD71-2F75-4EDF-882F-BC708154B1B0}.Release|x86.Build.0 = Release|Any CPU
		{820D3488-76B9-4EE8-872A-BE06C2350B20}.Debug|Any CPU.ActiveCfg = Debug|Any CPU
		{820D3488-76B9-4EE8-872A-BE06C2350B20}.Debug|Any CPU.Build.0 = Debug|Any CPU
		{820D3488-76B9-4EE8-872A-BE06C2350B20}.Debug|x64.ActiveCfg = Debug|Any CPU
		{820D3488-76B9-4EE8-872A-BE06C2350B20}.Debug|x64.Build.0 = Debug|Any CPU
		{820D3488-76B9-4EE8-872A-BE06C2350B20}.Debug|x86.ActiveCfg = Debug|Any CPU
		{820D3488-76B9-4EE8-872A-BE06C2350B20}.Debug|x86.Build.0 = Debug|Any CPU
		{820D3488-76B9-4EE8-872A-BE06C2350B20}.Release|Any CPU.ActiveCfg = Release|Any CPU
		{820D3488-76B9-4EE8-872A-BE06C2350B20}.Release|Any CPU.Build.0 = Release|Any CPU
		{820D3488-76B9-4EE8-872A-BE06C2350B20}.Release|x64.ActiveCfg = Release|Any CPU
		{820D3488-76B9-4EE8-872A-BE06C2350B20}.Release|x64.Build.0 = Release|Any CPU
		{820D3488-76B9-4EE8-872A-BE06C2350B20}.Release|x86.ActiveCfg = Release|Any CPU
		{820D3488-76B9-4EE8-872A-BE06C2350B20}.Release|x86.Build.0 = Release|Any CPU
		{C9992B7C-313E-4C9F-A954-640D01EDFB58}.Debug|Any CPU.ActiveCfg = Debug|Win32
		{C9992B7C-313E-4C9F-A954-640D01EDFB58}.Debug|x64.ActiveCfg = Debug|x64
		{C9992B7C-313E-4C9F-A954-640D01EDFB58}.Debug|x64.Build.0 = Debug|x64
		{C9992B7C-313E-4C9F-A954-640D01EDFB58}.Debug|x86.ActiveCfg = Debug|Win32
		{C9992B7C-313E-4C9F-A954-640D01EDFB58}.Debug|x86.Build.0 = Debug|Win32
		{C9992B7C-313E-4C9F-A954-640D01EDFB58}.Release|Any CPU.ActiveCfg = Release|Win32
		{C9992B7C-313E-4C9F-A954-640D01EDFB58}.Release|x64.ActiveCfg = Release|x64
		{C9992B7C-313E-4C9F-A954-640D01EDFB58}.Release|x64.Build.0 = Release|x64
		{C9992B7C-313E-4C9F-A954-640D01EDFB58}.Release|x86.ActiveCfg = Release|Win32
		{C9992B7C-313E-4C9F-A954-640D01EDFB58}.Release|x86.Build.0 = Release|Win32
	EndGlobalSection
	GlobalSection(SolutionProperties) = preSolution
		HideSolutionNode = FALSE
	EndGlobalSection
	GlobalSection(NestedProjects) = preSolution
		{D1FDB199-0FB7-099D-3771-C6A942E4E326} = {914C77C9-212A-4DD0-8D9A-074620E77FAA}
		{CF118143-7E37-744F-BE45-3F55345FEC40} = {914C77C9-212A-4DD0-8D9A-074620E77FAA}
		{C17F48D3-964E-E97C-3D2E-966F7A6C6D93} = {914C77C9-212A-4DD0-8D9A-074620E77FAA}
		{40533600-4E69-4F7D-A924-E1A3B4127255} = {914C77C9-212A-4DD0-8D9A-074620E77FAA}
		{3F8DC04C-9E05-403F-B6A5-36293EB99937} = {46008B91-6EC0-448B-8D1A-D8C6D2EEBEF4}
		{E5078EC6-2B0E-4711-BE8B-D99F69638316} = {46008B91-6EC0-448B-8D1A-D8C6D2EEBEF4}
		{3878BD71-2F75-4EDF-882F-BC708154B1B0} = {46008B91-6EC0-448B-8D1A-D8C6D2EEBEF4}
		{820D3488-76B9-4EE8-872A-BE06C2350B20} = {46008B91-6EC0-448B-8D1A-D8C6D2EEBEF4}
		{78640FA0-9F11-412D-A639-61F03D02407A} = {46008B91-6EC0-448B-8D1A-D8C6D2EEBEF4}
		{C9992B7C-313E-4C9F-A954-640D01EDFB58} = {78640FA0-9F11-412D-A639-61F03D02407A}
	EndGlobalSection
	GlobalSection(ExtensibilityGlobals) = postSolution
		SolutionGuid = {EABC01E3-3EB5-47EF-B46E-AAD8BB3585F1}
	EndGlobalSection
EndGlobal
