
Microsoft Visual Studio Solution File, Format Version 12.00
# Visual Studio Version 17
VisualStudioVersion = 17.0.31903.59
MinimumVisualStudioVersion = 10.0.40219.1
Project("{2150E333-8FDC-42A3-9474-1A3956D46DE8}") = "Unity", "Unity", "{914C77C9-212A-4DD0-8D9A-074620E77FAA}"
EndProject
Project("{2150E333-8FDC-42A3-9474-1A3956D46DE8}") = "Apps", "Apps", "{46008B91-6EC0-448B-8D1A-D8C6D2EEBEF4}"
EndProject
Project("{FAE04EC0-301F-11D3-BF4B-00C04F79EFBC}") = "Unity.Model", "Unity\Unity.Model.csproj", "{9498BFB4-D9F5-C441-13E3-3F26F7700E29}"
EndProject
Project("{FAE04EC0-301F-11D3-BF4B-00C04F79EFBC}") = "Unity.Hotfix", "Unity\Unity.Hotfix.csproj", "{52F66610-896A-C4D1-9881-1A19DF7AB80E}"
EndProject
Project("{FAE04EC0-301F-11D3-BF4B-00C04F79EFBC}") = "Unity.Editor", "Unity\Unity.Editor.csproj", "{041131CD-3018-19B1-81B6-5DBEE2467FFB}"
EndProject
Project("{FAE04EC0-301F-11D3-BF4B-00C04F79EFBC}") = "Unity.HotfixView", "Unity\Unity.HotfixView.csproj", "{DE4513D3-889B-5C52-8E9C-744C99AE7509}"
EndProject
Project("{FAE04EC0-301F-11D3-BF4B-00C04F79EFBC}") = "Unity.ModelView", "Unity\Unity.ModelView.csproj", "{C109842F-01DA-64D4-DBF2-00C6449E459E}"
EndProject
Project("{FAE04EC0-301F-11D3-BF4B-00C04F79EFBC}") = "Unity.Mono", "Unity\Unity.Mono.csproj", "{5910FA29-5797-199C-985B-FC9FC473328E}"
EndProject
Project("{FAE04EC0-301F-11D3-BF4B-00C04F79EFBC}") = "Unity.ThirdParty", "Unity\Unity.ThirdParty.csproj", "{D2AD5BE1-263A-9A30-AB0F-DC5B08044350}"
EndProject
Project("{FAE04EC0-301F-11D3-BF4B-00C04F79EFBC}") = "Apps.Model", "Apps\Model\Apps.Model.csproj", "{1082AF19-6624-4CFA-92CD-F6AA2AE5B364}"
EndProject
Project("{FAE04EC0-301F-11D3-BF4B-00C04F79EFBC}") = "Apps.Hotfix", "Apps\Hotfix\Apps.Hotfix.csproj", "{492D9D9D-09FB-4757-B486-E56322605113}"
EndProject
Project("{FAE04EC0-301F-11D3-BF4B-00C04F79EFBC}") = "Apps.App", "Apps\App\Apps.App.csproj", "{B7A8A3FD-69EC-4156-8076-F33E98392601}"
EndProject
Project("{FAE04EC0-301F-11D3-BF4B-00C04F79EFBC}") = "Apps.ThirdParty", "Apps\ThirdParty\Apps.ThirdParty.csproj", "{E411076A-B800-457D-A36D-06EC716B2663}"
EndProject
Project("{FAE04EC0-301F-11D3-BF4B-00C04F79EFBC}") = "Apps.Tool", "Apps\Tool\Apps.Tool.csproj", "{21A2F73C-A935-42B7-A487-3962718CE29F}"
EndProject
Project("{2150E333-8FDC-42A3-9474-1A3956D46DE8}") = "Share", "Share", "{310F62C7-3732-49D7-ACC1-616703F4FE75}"
EndProject
Project("{FAE04EC0-301F-11D3-BF4B-00C04F79EFBC}") = "Share.Analyzer", "Share\Analyzer\Share.Analyzer.csproj", "{B3FA1A14-2C98-4893-974A-766791A1E655}"
EndProject
Global
	GlobalSection(SolutionConfigurationPlatforms) = preSolution
		Debug|Any CPU = Debug|Any CPU
		Debug|x64 = Debug|x64
		Debug|x86 = Debug|x86
		Release|Any CPU = Release|Any CPU
		Release|x64 = Release|x64
		Release|x86 = Release|x86
	EndGlobalSection
	GlobalSection(ProjectConfigurationPlatforms) = postSolution
		{9498BFB4-D9F5-C441-13E3-3F26F7700E29}.Debug|Any CPU.ActiveCfg = Debug|Any CPU
		{9498BFB4-D9F5-C441-13E3-3F26F7700E29}.Debug|Any CPU.Build.0 = Debug|Any CPU
		{9498BFB4-D9F5-C441-13E3-3F26F7700E29}.Debug|x64.ActiveCfg = Debug|Any CPU
		{9498BFB4-D9F5-C441-13E3-3F26F7700E29}.Debug|x64.Build.0 = Debug|Any CPU
		{9498BFB4-D9F5-C441-13E3-3F26F7700E29}.Debug|x86.ActiveCfg = Debug|Any CPU
		{9498BFB4-D9F5-C441-13E3-3F26F7700E29}.Debug|x86.Build.0 = Debug|Any CPU
		{9498BFB4-D9F5-C441-13E3-3F26F7700E29}.Release|Any CPU.ActiveCfg = Release|Any CPU
		{9498BFB4-D9F5-C441-13E3-3F26F7700E29}.Release|Any CPU.Build.0 = Release|Any CPU
		{9498BFB4-D9F5-C441-13E3-3F26F7700E29}.Release|x64.ActiveCfg = Release|Any CPU
		{9498BFB4-D9F5-C441-13E3-3F26F7700E29}.Release|x64.Build.0 = Release|Any CPU
		{9498BFB4-D9F5-C441-13E3-3F26F7700E29}.Release|x86.ActiveCfg = Release|Any CPU
		{9498BFB4-D9F5-C441-13E3-3F26F7700E29}.Release|x86.Build.0 = Release|Any CPU
		{52F66610-896A-C4D1-9881-1A19DF7AB80E}.Debug|Any CPU.ActiveCfg = Debug|Any CPU
		{52F66610-896A-C4D1-9881-1A19DF7AB80E}.Debug|Any CPU.Build.0 = Debug|Any CPU
		{52F66610-896A-C4D1-9881-1A19DF7AB80E}.Debug|x64.ActiveCfg = Debug|Any CPU
		{52F66610-896A-C4D1-9881-1A19DF7AB80E}.Debug|x64.Build.0 = Debug|Any CPU
		{52F66610-896A-C4D1-9881-1A19DF7AB80E}.Debug|x86.ActiveCfg = Debug|Any CPU
		{52F66610-896A-C4D1-9881-1A19DF7AB80E}.Debug|x86.Build.0 = Debug|Any CPU
		{52F66610-896A-C4D1-9881-1A19DF7AB80E}.Release|Any CPU.ActiveCfg = Release|Any CPU
		{52F66610-896A-C4D1-9881-1A19DF7AB80E}.Release|Any CPU.Build.0 = Release|Any CPU
		{52F66610-896A-C4D1-9881-1A19DF7AB80E}.Release|x64.ActiveCfg = Release|Any CPU
		{52F66610-896A-C4D1-9881-1A19DF7AB80E}.Release|x64.Build.0 = Release|Any CPU
		{52F66610-896A-C4D1-9881-1A19DF7AB80E}.Release|x86.ActiveCfg = Release|Any CPU
		{52F66610-896A-C4D1-9881-1A19DF7AB80E}.Release|x86.Build.0 = Release|Any CPU
		{041131CD-3018-19B1-81B6-5DBEE2467FFB}.Debug|Any CPU.ActiveCfg = Debug|Any CPU
		{041131CD-3018-19B1-81B6-5DBEE2467FFB}.Debug|Any CPU.Build.0 = Debug|Any CPU
		{041131CD-3018-19B1-81B6-5DBEE2467FFB}.Debug|x64.ActiveCfg = Debug|Any CPU
		{041131CD-3018-19B1-81B6-5DBEE2467FFB}.Debug|x64.Build.0 = Debug|Any CPU
		{041131CD-3018-19B1-81B6-5DBEE2467FFB}.Debug|x86.ActiveCfg = Debug|Any CPU
		{041131CD-3018-19B1-81B6-5DBEE2467FFB}.Debug|x86.Build.0 = Debug|Any CPU
		{041131CD-3018-19B1-81B6-5DBEE2467FFB}.Release|Any CPU.ActiveCfg = Release|Any CPU
		{041131CD-3018-19B1-81B6-5DBEE2467FFB}.Release|Any CPU.Build.0 = Release|Any CPU
		{041131CD-3018-19B1-81B6-5DBEE2467FFB}.Release|x64.ActiveCfg = Release|Any CPU
		{041131CD-3018-19B1-81B6-5DBEE2467FFB}.Release|x64.Build.0 = Release|Any CPU
		{041131CD-3018-19B1-81B6-5DBEE2467FFB}.Release|x86.ActiveCfg = Release|Any CPU
		{041131CD-3018-19B1-81B6-5DBEE2467FFB}.Release|x86.Build.0 = Release|Any CPU
		{DE4513D3-889B-5C52-8E9C-744C99AE7509}.Debug|Any CPU.ActiveCfg = Debug|Any CPU
		{DE4513D3-889B-5C52-8E9C-744C99AE7509}.Debug|Any CPU.Build.0 = Debug|Any CPU
		{DE4513D3-889B-5C52-8E9C-744C99AE7509}.Debug|x64.ActiveCfg = Debug|Any CPU
		{DE4513D3-889B-5C52-8E9C-744C99AE7509}.Debug|x64.Build.0 = Debug|Any CPU
		{DE4513D3-889B-5C52-8E9C-744C99AE7509}.Debug|x86.ActiveCfg = Debug|Any CPU
		{DE4513D3-889B-5C52-8E9C-744C99AE7509}.Debug|x86.Build.0 = Debug|Any CPU
		{DE4513D3-889B-5C52-8E9C-744C99AE7509}.Release|Any CPU.ActiveCfg = Release|Any CPU
		{DE4513D3-889B-5C52-8E9C-744C99AE7509}.Release|Any CPU.Build.0 = Release|Any CPU
		{DE4513D3-889B-5C52-8E9C-744C99AE7509}.Release|x64.ActiveCfg = Release|Any CPU
		{DE4513D3-889B-5C52-8E9C-744C99AE7509}.Release|x64.Build.0 = Release|Any CPU
		{DE4513D3-889B-5C52-8E9C-744C99AE7509}.Release|x86.ActiveCfg = Release|Any CPU
		{DE4513D3-889B-5C52-8E9C-744C99AE7509}.Release|x86.Build.0 = Release|Any CPU
		{C109842F-01DA-64D4-DBF2-00C6449E459E}.Debug|Any CPU.ActiveCfg = Debug|Any CPU
		{C109842F-01DA-64D4-DBF2-00C6449E459E}.Debug|Any CPU.Build.0 = Debug|Any CPU
		{C109842F-01DA-64D4-DBF2-00C6449E459E}.Debug|x64.ActiveCfg = Debug|Any CPU
		{C109842F-01DA-64D4-DBF2-00C6449E459E}.Debug|x64.Build.0 = Debug|Any CPU
		{C109842F-01DA-64D4-DBF2-00C6449E459E}.Debug|x86.ActiveCfg = Debug|Any CPU
		{C109842F-01DA-64D4-DBF2-00C6449E459E}.Debug|x86.Build.0 = Debug|Any CPU
		{C109842F-01DA-64D4-DBF2-00C6449E459E}.Release|Any CPU.ActiveCfg = Release|Any CPU
		{C109842F-01DA-64D4-DBF2-00C6449E459E}.Release|Any CPU.Build.0 = Release|Any CPU
		{C109842F-01DA-64D4-DBF2-00C6449E459E}.Release|x64.ActiveCfg = Release|Any CPU
		{C109842F-01DA-64D4-DBF2-00C6449E459E}.Release|x64.Build.0 = Release|Any CPU
		{C109842F-01DA-64D4-DBF2-00C6449E459E}.Release|x86.ActiveCfg = Release|Any CPU
		{C109842F-01DA-64D4-DBF2-00C6449E459E}.Release|x86.Build.0 = Release|Any CPU
		{5910FA29-5797-199C-985B-FC9FC473328E}.Debug|Any CPU.ActiveCfg = Debug|Any CPU
		{5910FA29-5797-199C-985B-FC9FC473328E}.Debug|Any CPU.Build.0 = Debug|Any CPU
		{5910FA29-5797-199C-985B-FC9FC473328E}.Debug|x64.ActiveCfg = Debug|Any CPU
		{5910FA29-5797-199C-985B-FC9FC473328E}.Debug|x64.Build.0 = Debug|Any CPU
		{5910FA29-5797-199C-985B-FC9FC473328E}.Debug|x86.ActiveCfg = Debug|Any CPU
		{5910FA29-5797-199C-985B-FC9FC473328E}.Debug|x86.Build.0 = Debug|Any CPU
		{5910FA29-5797-199C-985B-FC9FC473328E}.Release|Any CPU.ActiveCfg = Release|Any CPU
		{5910FA29-5797-199C-985B-FC9FC473328E}.Release|Any CPU.Build.0 = Release|Any CPU
		{5910FA29-5797-199C-985B-FC9FC473328E}.Release|x64.ActiveCfg = Release|Any CPU
		{5910FA29-5797-199C-985B-FC9FC473328E}.Release|x64.Build.0 = Release|Any CPU
		{5910FA29-5797-199C-985B-FC9FC473328E}.Release|x86.ActiveCfg = Release|Any CPU
		{5910FA29-5797-199C-985B-FC9FC473328E}.Release|x86.Build.0 = Release|Any CPU
		{D2AD5BE1-263A-9A30-AB0F-DC5B08044350}.Debug|Any CPU.ActiveCfg = Debug|Any CPU
		{D2AD5BE1-263A-9A30-AB0F-DC5B08044350}.Debug|Any CPU.Build.0 = Debug|Any CPU
		{D2AD5BE1-263A-9A30-AB0F-DC5B08044350}.Debug|x64.ActiveCfg = Debug|Any CPU
		{D2AD5BE1-263A-9A30-AB0F-DC5B08044350}.Debug|x64.Build.0 = Debug|Any CPU
		{D2AD5BE1-263A-9A30-AB0F-DC5B08044350}.Debug|x86.ActiveCfg = Debug|Any CPU
		{D2AD5BE1-263A-9A30-AB0F-DC5B08044350}.Debug|x86.Build.0 = Debug|Any CPU
		{D2AD5BE1-263A-9A30-AB0F-DC5B08044350}.Release|Any CPU.ActiveCfg = Release|Any CPU
		{D2AD5BE1-263A-9A30-AB0F-DC5B08044350}.Release|Any CPU.Build.0 = Release|Any CPU
		{D2AD5BE1-263A-9A30-AB0F-DC5B08044350}.Release|x64.ActiveCfg = Release|Any CPU
		{D2AD5BE1-263A-9A30-AB0F-DC5B08044350}.Release|x64.Build.0 = Release|Any CPU
		{D2AD5BE1-263A-9A30-AB0F-DC5B08044350}.Release|x86.ActiveCfg = Release|Any CPU
		{D2AD5BE1-263A-9A30-AB0F-DC5B08044350}.Release|x86.Build.0 = Release|Any CPU
		{1082AF19-6624-4CFA-92CD-F6AA2AE5B364}.Debug|Any CPU.ActiveCfg = Debug|Any CPU
		{1082AF19-6624-4CFA-92CD-F6AA2AE5B364}.Debug|Any CPU.Build.0 = Debug|Any CPU
		{1082AF19-6624-4CFA-92CD-F6AA2AE5B364}.Debug|x64.ActiveCfg = Debug|Any CPU
		{1082AF19-6624-4CFA-92CD-F6AA2AE5B364}.Debug|x64.Build.0 = Debug|Any CPU
		{1082AF19-6624-4CFA-92CD-F6AA2AE5B364}.Debug|x86.ActiveCfg = Debug|Any CPU
		{1082AF19-6624-4CFA-92CD-F6AA2AE5B364}.Debug|x86.Build.0 = Debug|Any CPU
		{1082AF19-6624-4CFA-92CD-F6AA2AE5B364}.Release|Any CPU.ActiveCfg = Release|Any CPU
		{1082AF19-6624-4CFA-92CD-F6AA2AE5B364}.Release|Any CPU.Build.0 = Release|Any CPU
		{1082AF19-6624-4CFA-92CD-F6AA2AE5B364}.Release|x64.ActiveCfg = Release|Any CPU
		{1082AF19-6624-4CFA-92CD-F6AA2AE5B364}.Release|x64.Build.0 = Release|Any CPU
		{1082AF19-6624-4CFA-92CD-F6AA2AE5B364}.Release|x86.ActiveCfg = Release|Any CPU
		{1082AF19-6624-4CFA-92CD-F6AA2AE5B364}.Release|x86.Build.0 = Release|Any CPU
		{492D9D9D-09FB-4757-B486-E56322605113}.Debug|Any CPU.ActiveCfg = Debug|Any CPU
		{492D9D9D-09FB-4757-B486-E56322605113}.Debug|Any CPU.Build.0 = Debug|Any CPU
		{492D9D9D-09FB-4757-B486-E56322605113}.Debug|x64.ActiveCfg = Debug|Any CPU
		{492D9D9D-09FB-4757-B486-E56322605113}.Debug|x64.Build.0 = Debug|Any CPU
		{492D9D9D-09FB-4757-B486-E56322605113}.Debug|x86.ActiveCfg = Debug|Any CPU
		{492D9D9D-09FB-4757-B486-E56322605113}.Debug|x86.Build.0 = Debug|Any CPU
		{492D9D9D-09FB-4757-B486-E56322605113}.Release|Any CPU.ActiveCfg = Release|Any CPU
		{492D9D9D-09FB-4757-B486-E56322605113}.Release|Any CPU.Build.0 = Release|Any CPU
		{492D9D9D-09FB-4757-B486-E56322605113}.Release|x64.ActiveCfg = Release|Any CPU
		{492D9D9D-09FB-4757-B486-E56322605113}.Release|x64.Build.0 = Release|Any CPU
		{492D9D9D-09FB-4757-B486-E56322605113}.Release|x86.ActiveCfg = Release|Any CPU
		{492D9D9D-09FB-4757-B486-E56322605113}.Release|x86.Build.0 = Release|Any CPU
		{B7A8A3FD-69EC-4156-8076-F33E98392601}.Debug|Any CPU.ActiveCfg = Debug|Any CPU
		{B7A8A3FD-69EC-4156-8076-F33E98392601}.Debug|Any CPU.Build.0 = Debug|Any CPU
		{B7A8A3FD-69EC-4156-8076-F33E98392601}.Debug|x64.ActiveCfg = Debug|Any CPU
		{B7A8A3FD-69EC-4156-8076-F33E98392601}.Debug|x64.Build.0 = Debug|Any CPU
		{B7A8A3FD-69EC-4156-8076-F33E98392601}.Debug|x86.ActiveCfg = Debug|Any CPU
		{B7A8A3FD-69EC-4156-8076-F33E98392601}.Debug|x86.Build.0 = Debug|Any CPU
		{B7A8A3FD-69EC-4156-8076-F33E98392601}.Release|Any CPU.ActiveCfg = Release|Any CPU
		{B7A8A3FD-69EC-4156-8076-F33E98392601}.Release|Any CPU.Build.0 = Release|Any CPU
		{B7A8A3FD-69EC-4156-8076-F33E98392601}.Release|x64.ActiveCfg = Release|Any CPU
		{B7A8A3FD-69EC-4156-8076-F33E98392601}.Release|x64.Build.0 = Release|Any CPU
		{B7A8A3FD-69EC-4156-8076-F33E98392601}.Release|x86.ActiveCfg = Release|Any CPU
		{B7A8A3FD-69EC-4156-8076-F33E98392601}.Release|x86.Build.0 = Release|Any CPU
		{E411076A-B800-457D-A36D-06EC716B2663}.Debug|Any CPU.ActiveCfg = Debug|Any CPU
		{E411076A-B800-457D-A36D-06EC716B2663}.Debug|Any CPU.Build.0 = Debug|Any CPU
		{E411076A-B800-457D-A36D-06EC716B2663}.Debug|x64.ActiveCfg = Debug|Any CPU
		{E411076A-B800-457D-A36D-06EC716B2663}.Debug|x64.Build.0 = Debug|Any CPU
		{E411076A-B800-457D-A36D-06EC716B2663}.Debug|x86.ActiveCfg = Debug|Any CPU
		{E411076A-B800-457D-A36D-06EC716B2663}.Debug|x86.Build.0 = Debug|Any CPU
		{E411076A-B800-457D-A36D-06EC716B2663}.Release|Any CPU.ActiveCfg = Release|Any CPU
		{E411076A-B800-457D-A36D-06EC716B2663}.Release|Any CPU.Build.0 = Release|Any CPU
		{E411076A-B800-457D-A36D-06EC716B2663}.Release|x64.ActiveCfg = Release|Any CPU
		{E411076A-B800-457D-A36D-06EC716B2663}.Release|x64.Build.0 = Release|Any CPU
		{E411076A-B800-457D-A36D-06EC716B2663}.Release|x86.ActiveCfg = Release|Any CPU
		{E411076A-B800-457D-A36D-06EC716B2663}.Release|x86.Build.0 = Release|Any CPU
		{21A2F73C-A935-42B7-A487-3962718CE29F}.Debug|Any CPU.ActiveCfg = Debug|Any CPU
		{21A2F73C-A935-42B7-A487-3962718CE29F}.Debug|Any CPU.Build.0 = Debug|Any CPU
		{21A2F73C-A935-42B7-A487-3962718CE29F}.Debug|x64.ActiveCfg = Debug|Any CPU
		{21A2F73C-A935-42B7-A487-3962718CE29F}.Debug|x64.Build.0 = Debug|Any CPU
		{21A2F73C-A935-42B7-A487-3962718CE29F}.Debug|x86.ActiveCfg = Debug|Any CPU
		{21A2F73C-A935-42B7-A487-3962718CE29F}.Debug|x86.Build.0 = Debug|Any CPU
		{21A2F73C-A935-42B7-A487-3962718CE29F}.Release|Any CPU.ActiveCfg = Release|Any CPU
		{21A2F73C-A935-42B7-A487-3962718CE29F}.Release|Any CPU.Build.0 = Release|Any CPU
		{21A2F73C-A935-42B7-A487-3962718CE29F}.Release|x64.ActiveCfg = Release|Any CPU
		{21A2F73C-A935-42B7-A487-3962718CE29F}.Release|x64.Build.0 = Release|Any CPU
		{21A2F73C-A935-42B7-A487-3962718CE29F}.Release|x86.ActiveCfg = Release|Any CPU
		{21A2F73C-A935-42B7-A487-3962718CE29F}.Release|x86.Build.0 = Release|Any CPU
		{B3FA1A14-2C98-4893-974A-766791A1E655}.Debug|Any CPU.ActiveCfg = Debug|Any CPU
		{B3FA1A14-2C98-4893-974A-766791A1E655}.Debug|Any CPU.Build.0 = Debug|Any CPU
		{B3FA1A14-2C98-4893-974A-766791A1E655}.Debug|x64.ActiveCfg = Debug|Any CPU
		{B3FA1A14-2C98-4893-974A-766791A1E655}.Debug|x64.Build.0 = Debug|Any CPU
		{B3FA1A14-2C98-4893-974A-766791A1E655}.Debug|x86.ActiveCfg = Debug|Any CPU
		{B3FA1A14-2C98-4893-974A-766791A1E655}.Debug|x86.Build.0 = Debug|Any CPU
		{B3FA1A14-2C98-4893-974A-766791A1E655}.Release|Any CPU.ActiveCfg = Release|Any CPU
		{B3FA1A14-2C98-4893-974A-766791A1E655}.Release|Any CPU.Build.0 = Release|Any CPU
		{B3FA1A14-2C98-4893-974A-766791A1E655}.Release|x64.ActiveCfg = Release|Any CPU
		{B3FA1A14-2C98-4893-974A-766791A1E655}.Release|x64.Build.0 = Release|Any CPU
		{B3FA1A14-2C98-4893-974A-766791A1E655}.Release|x86.ActiveCfg = Release|Any CPU
		{B3FA1A14-2C98-4893-974A-766791A1E655}.Release|x86.Build.0 = Release|Any CPU
	EndGlobalSection
	GlobalSection(SolutionProperties) = preSolution
		HideSolutionNode = FALSE
	EndGlobalSection
	GlobalSection(NestedProjects) = preSolution
		{9498BFB4-D9F5-C441-13E3-3F26F7700E29} = {914C77C9-212A-4DD0-8D9A-074620E77FAA}
		{52F66610-896A-C4D1-9881-1A19DF7AB80E} = {914C77C9-212A-4DD0-8D9A-074620E77FAA}
		{041131CD-3018-19B1-81B6-5DBEE2467FFB} = {914C77C9-212A-4DD0-8D9A-074620E77FAA}
		{DE4513D3-889B-5C52-8E9C-744C99AE7509} = {914C77C9-212A-4DD0-8D9A-074620E77FAA}
		{C109842F-01DA-64D4-DBF2-00C6449E459E} = {914C77C9-212A-4DD0-8D9A-074620E77FAA}
		{5910FA29-5797-199C-985B-FC9FC473328E} = {914C77C9-212A-4DD0-8D9A-074620E77FAA}
		{D2AD5BE1-263A-9A30-AB0F-DC5B08044350} = {914C77C9-212A-4DD0-8D9A-074620E77FAA}
		{1082AF19-6624-4CFA-92CD-F6AA2AE5B364} = {46008B91-6EC0-448B-8D1A-D8C6D2EEBEF4}
		{492D9D9D-09FB-4757-B486-E56322605113} = {46008B91-6EC0-448B-8D1A-D8C6D2EEBEF4}
		{B7A8A3FD-69EC-4156-8076-F33E98392601} = {46008B91-6EC0-448B-8D1A-D8C6D2EEBEF4}
		{E411076A-B800-457D-A36D-06EC716B2663} = {46008B91-6EC0-448B-8D1A-D8C6D2EEBEF4}
		{21A2F73C-A935-42B7-A487-3962718CE29F} = {46008B91-6EC0-448B-8D1A-D8C6D2EEBEF4}
		{B3FA1A14-2C98-4893-974A-766791A1E655} = {310F62C7-3732-49D7-ACC1-616703F4FE75}
	EndGlobalSection
	GlobalSection(ExtensibilityGlobals) = postSolution
		SolutionGuid = {EABC01E3-3EB5-47EF-B46E-AAD8BB3585F1}
	EndGlobalSection
EndGlobal
