
Microsoft Visual Studio Solution File, Format Version 12.00
# Visual Studio Version 17
VisualStudioVersion = 17.0.31903.59
MinimumVisualStudioVersion = 10.0.40219.1
Project("{2150E333-8FDC-42A3-9474-1A3956D46DE8}") = "Unity", "Unity", "{914C77C9-212A-4DD0-8D9A-074620E77FAA}"
EndProject
Project("{2150E333-8FDC-42A3-9474-1A3956D46DE8}") = "DotNet", "DotNet", "{46008B91-6EC0-448B-8D1A-D8C6D2EEBEF4}"
EndProject
Project("{FAE04EC0-301F-11D3-BF4B-00C04F79EFBC}") = "Unity.Model", "Unity\Unity.Model.csproj", "{9498BFB4-D9F5-C441-13E3-3F26F7700E29}"
EndProject
Project("{FAE04EC0-301F-11D3-BF4B-00C04F79EFBC}") = "Unity.Hotfix", "Unity\Unity.Hotfix.csproj", "{52F66610-896A-C4D1-9881-1A19DF7AB80E}"
EndProject
Project("{FAE04EC0-301F-11D3-BF4B-00C04F79EFBC}") = "Unity.Editor", "Unity\Unity.Editor.csproj", "{041131CD-3018-19B1-81B6-5DBEE2467FFB}"
EndProject
Project("{FAE04EC0-301F-11D3-BF4B-00C04F79EFBC}") = "Unity.HotfixView", "Unity\Unity.HotfixView.csproj", "{DE4513D3-889B-5C52-8E9C-744C99AE7509}"
EndProject
Project("{FAE04EC0-301F-11D3-BF4B-00C04F79EFBC}") = "Unity.ModelView", "Unity\Unity.ModelView.csproj", "{C109842F-01DA-64D4-DBF2-00C6449E459E}"
EndProject
Project("{FAE04EC0-301F-11D3-BF4B-00C04F79EFBC}") = "Unity.Mono", "Unity\Unity.Mono.csproj", "{5910FA29-5797-199C-985B-FC9FC473328E}"
EndProject
Project("{FAE04EC0-301F-11D3-BF4B-00C04F79EFBC}") = "Unity.ThirdParty", "Unity\Unity.ThirdParty.csproj", "{D2AD5BE1-263A-9A30-AB0F-DC5B08044350}"
EndProject
Project("{FAE04EC0-301F-11D3-BF4B-00C04F79EFBC}") = "Unity.Core", "Unity\Unity.Core.csproj", "{770E9BEB-B313-3761-FAA2-76DAF4B34ADA}"
EndProject
Project("{FAE04EC0-301F-11D3-BF4B-00C04F79EFBC}") = "DotNet.App", "DotNet\App\DotNet.App.csproj", "{CCF5D7E3-D5C6-4DE6-BB2D-1A931602F1AB}"
EndProject
Project("{FAE04EC0-301F-11D3-BF4B-00C04F79EFBC}") = "DotNet.Core", "DotNet\Core\DotNet.Core.csproj", "{20CA1FD3-A23B-4F12-ADA5-C3B759814F9D}"
EndProject
Project("{FAE04EC0-301F-11D3-BF4B-00C04F79EFBC}") = "DotNet.Hotfix", "DotNet\Hotfix\DotNet.Hotfix.csproj", "{1059524B-9F01-4C3E-8A7C-6BBDD1D174C7}"
EndProject
Project("{FAE04EC0-301F-11D3-BF4B-00C04F79EFBC}") = "DotNet.Model", "DotNet\Model\DotNet.Model.csproj", "{6AFC109E-85DE-4A14-9C81-95D93C3F90AE}"
EndProject
Project("{FAE04EC0-301F-11D3-BF4B-00C04F79EFBC}") = "DotNet.ThirdParty", "DotNet\ThirdParty\DotNet.ThirdParty.csproj", "{4B15C845-B5BD-4105-AE91-9B057F8AC134}"
EndProject
Project("{FAE04EC0-301F-11D3-BF4B-00C04F79EFBC}") = "DotNet.Tool", "DotNet\Tool\DotNet.Tool.csproj", "{4D3690A7-9EB1-4AF2-BEE1-8684BD252A96}"
EndProject
Project("{FAE04EC0-301F-11D3-BF4B-00C04F79EFBC}") = "Share.Analyzer", "Codes\Analyzer\Share.Analyzer.csproj", "{E7B6E5F0-094C-43E9-B4AA-8EB39CD93168}"
EndProject
Project("{2150E333-8FDC-42A3-9474-1A3956D46DE8}") = "Share", "Share", "{5374A1E3-B216-4BF6-A6A4-DA4B41D9F434}"
EndProject
Global
	GlobalSection(SolutionConfigurationPlatforms) = preSolution
		Debug|Any CPU = Debug|Any CPU
		Debug|x64 = Debug|x64
		Debug|x86 = Debug|x86
		Release|Any CPU = Release|Any CPU
		Release|x64 = Release|x64
		Release|x86 = Release|x86
	EndGlobalSection
	GlobalSection(ProjectConfigurationPlatforms) = postSolution
		{9498BFB4-D9F5-C441-13E3-3F26F7700E29}.Debug|Any CPU.ActiveCfg = Debug|Any CPU
		{9498BFB4-D9F5-C441-13E3-3F26F7700E29}.Debug|Any CPU.Build.0 = Debug|Any CPU
		{9498BFB4-D9F5-C441-13E3-3F26F7700E29}.Debug|x64.ActiveCfg = Debug|Any CPU
		{9498BFB4-D9F5-C441-13E3-3F26F7700E29}.Debug|x64.Build.0 = Debug|Any CPU
		{9498BFB4-D9F5-C441-13E3-3F26F7700E29}.Debug|x86.ActiveCfg = Debug|Any CPU
		{9498BFB4-D9F5-C441-13E3-3F26F7700E29}.Debug|x86.Build.0 = Debug|Any CPU
		{9498BFB4-D9F5-C441-13E3-3F26F7700E29}.Release|Any CPU.ActiveCfg = Release|Any CPU
		{9498BFB4-D9F5-C441-13E3-3F26F7700E29}.Release|Any CPU.Build.0 = Release|Any CPU
		{9498BFB4-D9F5-C441-13E3-3F26F7700E29}.Release|x64.ActiveCfg = Release|Any CPU
		{9498BFB4-D9F5-C441-13E3-3F26F7700E29}.Release|x64.Build.0 = Release|Any CPU
		{9498BFB4-D9F5-C441-13E3-3F26F7700E29}.Release|x86.ActiveCfg = Release|Any CPU
		{9498BFB4-D9F5-C441-13E3-3F26F7700E29}.Release|x86.Build.0 = Release|Any CPU
		{52F66610-896A-C4D1-9881-1A19DF7AB80E}.Debug|Any CPU.ActiveCfg = Debug|Any CPU
		{52F66610-896A-C4D1-9881-1A19DF7AB80E}.Debug|Any CPU.Build.0 = Debug|Any CPU
		{52F66610-896A-C4D1-9881-1A19DF7AB80E}.Debug|x64.ActiveCfg = Debug|Any CPU
		{52F66610-896A-C4D1-9881-1A19DF7AB80E}.Debug|x64.Build.0 = Debug|Any CPU
		{52F66610-896A-C4D1-9881-1A19DF7AB80E}.Debug|x86.ActiveCfg = Debug|Any CPU
		{52F66610-896A-C4D1-9881-1A19DF7AB80E}.Debug|x86.Build.0 = Debug|Any CPU
		{52F66610-896A-C4D1-9881-1A19DF7AB80E}.Release|Any CPU.ActiveCfg = Release|Any CPU
		{52F66610-896A-C4D1-9881-1A19DF7AB80E}.Release|Any CPU.Build.0 = Release|Any CPU
		{52F66610-896A-C4D1-9881-1A19DF7AB80E}.Release|x64.ActiveCfg = Release|Any CPU
		{52F66610-896A-C4D1-9881-1A19DF7AB80E}.Release|x64.Build.0 = Release|Any CPU
		{52F66610-896A-C4D1-9881-1A19DF7AB80E}.Release|x86.ActiveCfg = Release|Any CPU
		{52F66610-896A-C4D1-9881-1A19DF7AB80E}.Release|x86.Build.0 = Release|Any CPU
		{041131CD-3018-19B1-81B6-5DBEE2467FFB}.Debug|Any CPU.ActiveCfg = Debug|Any CPU
		{041131CD-3018-19B1-81B6-5DBEE2467FFB}.Debug|Any CPU.Build.0 = Debug|Any CPU
		{041131CD-3018-19B1-81B6-5DBEE2467FFB}.Debug|x64.ActiveCfg = Debug|Any CPU
		{041131CD-3018-19B1-81B6-5DBEE2467FFB}.Debug|x64.Build.0 = Debug|Any CPU
		{041131CD-3018-19B1-81B6-5DBEE2467FFB}.Debug|x86.ActiveCfg = Debug|Any CPU
		{041131CD-3018-19B1-81B6-5DBEE2467FFB}.Debug|x86.Build.0 = Debug|Any CPU
		{041131CD-3018-19B1-81B6-5DBEE2467FFB}.Release|Any CPU.ActiveCfg = Release|Any CPU
		{041131CD-3018-19B1-81B6-5DBEE2467FFB}.Release|Any CPU.Build.0 = Release|Any CPU
		{041131CD-3018-19B1-81B6-5DBEE2467FFB}.Release|x64.ActiveCfg = Release|Any CPU
		{041131CD-3018-19B1-81B6-5DBEE2467FFB}.Release|x64.Build.0 = Release|Any CPU
		{041131CD-3018-19B1-81B6-5DBEE2467FFB}.Release|x86.ActiveCfg = Release|Any CPU
		{041131CD-3018-19B1-81B6-5DBEE2467FFB}.Release|x86.Build.0 = Release|Any CPU
		{DE4513D3-889B-5C52-8E9C-744C99AE7509}.Debug|Any CPU.ActiveCfg = Debug|Any CPU
		{DE4513D3-889B-5C52-8E9C-744C99AE7509}.Debug|Any CPU.Build.0 = Debug|Any CPU
		{DE4513D3-889B-5C52-8E9C-744C99AE7509}.Debug|x64.ActiveCfg = Debug|Any CPU
		{DE4513D3-889B-5C52-8E9C-744C99AE7509}.Debug|x64.Build.0 = Debug|Any CPU
		{DE4513D3-889B-5C52-8E9C-744C99AE7509}.Debug|x86.ActiveCfg = Debug|Any CPU
		{DE4513D3-889B-5C52-8E9C-744C99AE7509}.Debug|x86.Build.0 = Debug|Any CPU
		{DE4513D3-889B-5C52-8E9C-744C99AE7509}.Release|Any CPU.ActiveCfg = Release|Any CPU
		{DE4513D3-889B-5C52-8E9C-744C99AE7509}.Release|Any CPU.Build.0 = Release|Any CPU
		{DE4513D3-889B-5C52-8E9C-744C99AE7509}.Release|x64.ActiveCfg = Release|Any CPU
		{DE4513D3-889B-5C52-8E9C-744C99AE7509}.Release|x64.Build.0 = Release|Any CPU
		{DE4513D3-889B-5C52-8E9C-744C99AE7509}.Release|x86.ActiveCfg = Release|Any CPU
		{DE4513D3-889B-5C52-8E9C-744C99AE7509}.Release|x86.Build.0 = Release|Any CPU
		{C109842F-01DA-64D4-DBF2-00C6449E459E}.Debug|Any CPU.ActiveCfg = Debug|Any CPU
		{C109842F-01DA-64D4-DBF2-00C6449E459E}.Debug|Any CPU.Build.0 = Debug|Any CPU
		{C109842F-01DA-64D4-DBF2-00C6449E459E}.Debug|x64.ActiveCfg = Debug|Any CPU
		{C109842F-01DA-64D4-DBF2-00C6449E459E}.Debug|x64.Build.0 = Debug|Any CPU
		{C109842F-01DA-64D4-DBF2-00C6449E459E}.Debug|x86.ActiveCfg = Debug|Any CPU
		{C109842F-01DA-64D4-DBF2-00C6449E459E}.Debug|x86.Build.0 = Debug|Any CPU
		{C109842F-01DA-64D4-DBF2-00C6449E459E}.Release|Any CPU.ActiveCfg = Release|Any CPU
		{C109842F-01DA-64D4-DBF2-00C6449E459E}.Release|Any CPU.Build.0 = Release|Any CPU
		{C109842F-01DA-64D4-DBF2-00C6449E459E}.Release|x64.ActiveCfg = Release|Any CPU
		{C109842F-01DA-64D4-DBF2-00C6449E459E}.Release|x64.Build.0 = Release|Any CPU
		{C109842F-01DA-64D4-DBF2-00C6449E459E}.Release|x86.ActiveCfg = Release|Any CPU
		{C109842F-01DA-64D4-DBF2-00C6449E459E}.Release|x86.Build.0 = Release|Any CPU
		{5910FA29-5797-199C-985B-FC9FC473328E}.Debug|Any CPU.ActiveCfg = Debug|Any CPU
		{5910FA29-5797-199C-985B-FC9FC473328E}.Debug|Any CPU.Build.0 = Debug|Any CPU
		{5910FA29-5797-199C-985B-FC9FC473328E}.Debug|x64.ActiveCfg = Debug|Any CPU
		{5910FA29-5797-199C-985B-FC9FC473328E}.Debug|x64.Build.0 = Debug|Any CPU
		{5910FA29-5797-199C-985B-FC9FC473328E}.Debug|x86.ActiveCfg = Debug|Any CPU
		{5910FA29-5797-199C-985B-FC9FC473328E}.Debug|x86.Build.0 = Debug|Any CPU
		{5910FA29-5797-199C-985B-FC9FC473328E}.Release|Any CPU.ActiveCfg = Release|Any CPU
		{5910FA29-5797-199C-985B-FC9FC473328E}.Release|Any CPU.Build.0 = Release|Any CPU
		{5910FA29-5797-199C-985B-FC9FC473328E}.Release|x64.ActiveCfg = Release|Any CPU
		{5910FA29-5797-199C-985B-FC9FC473328E}.Release|x64.Build.0 = Release|Any CPU
		{5910FA29-5797-199C-985B-FC9FC473328E}.Release|x86.ActiveCfg = Release|Any CPU
		{5910FA29-5797-199C-985B-FC9FC473328E}.Release|x86.Build.0 = Release|Any CPU
		{D2AD5BE1-263A-9A30-AB0F-DC5B08044350}.Debug|Any CPU.ActiveCfg = Debug|Any CPU
		{D2AD5BE1-263A-9A30-AB0F-DC5B08044350}.Debug|Any CPU.Build.0 = Debug|Any CPU
		{D2AD5BE1-263A-9A30-AB0F-DC5B08044350}.Debug|x64.ActiveCfg = Debug|Any CPU
		{D2AD5BE1-263A-9A30-AB0F-DC5B08044350}.Debug|x64.Build.0 = Debug|Any CPU
		{D2AD5BE1-263A-9A30-AB0F-DC5B08044350}.Debug|x86.ActiveCfg = Debug|Any CPU
		{D2AD5BE1-263A-9A30-AB0F-DC5B08044350}.Debug|x86.Build.0 = Debug|Any CPU
		{D2AD5BE1-263A-9A30-AB0F-DC5B08044350}.Release|Any CPU.ActiveCfg = Release|Any CPU
		{D2AD5BE1-263A-9A30-AB0F-DC5B08044350}.Release|Any CPU.Build.0 = Release|Any CPU
		{D2AD5BE1-263A-9A30-AB0F-DC5B08044350}.Release|x64.ActiveCfg = Release|Any CPU
		{D2AD5BE1-263A-9A30-AB0F-DC5B08044350}.Release|x64.Build.0 = Release|Any CPU
		{D2AD5BE1-263A-9A30-AB0F-DC5B08044350}.Release|x86.ActiveCfg = Release|Any CPU
		{D2AD5BE1-263A-9A30-AB0F-DC5B08044350}.Release|x86.Build.0 = Release|Any CPU
		{770E9BEB-B313-3761-FAA2-76DAF4B34ADA}.Debug|Any CPU.ActiveCfg = Debug|Any CPU
		{770E9BEB-B313-3761-FAA2-76DAF4B34ADA}.Debug|Any CPU.Build.0 = Debug|Any CPU
		{770E9BEB-B313-3761-FAA2-76DAF4B34ADA}.Debug|x64.ActiveCfg = Debug|Any CPU
		{770E9BEB-B313-3761-FAA2-76DAF4B34ADA}.Debug|x64.Build.0 = Debug|Any CPU
		{770E9BEB-B313-3761-FAA2-76DAF4B34ADA}.Debug|x86.ActiveCfg = Debug|Any CPU
		{770E9BEB-B313-3761-FAA2-76DAF4B34ADA}.Debug|x86.Build.0 = Debug|Any CPU
		{770E9BEB-B313-3761-FAA2-76DAF4B34ADA}.Release|Any CPU.ActiveCfg = Debug|Any CPU
		{770E9BEB-B313-3761-FAA2-76DAF4B34ADA}.Release|Any CPU.Build.0 = Debug|Any CPU
		{770E9BEB-B313-3761-FAA2-76DAF4B34ADA}.Release|x64.ActiveCfg = Debug|Any CPU
		{770E9BEB-B313-3761-FAA2-76DAF4B34ADA}.Release|x64.Build.0 = Debug|Any CPU
		{770E9BEB-B313-3761-FAA2-76DAF4B34ADA}.Release|x86.ActiveCfg = Debug|Any CPU
		{770E9BEB-B313-3761-FAA2-76DAF4B34ADA}.Release|x86.Build.0 = Debug|Any CPU
		{CCF5D7E3-D5C6-4DE6-BB2D-1A931602F1AB}.Debug|Any CPU.ActiveCfg = Debug|Any CPU
		{CCF5D7E3-D5C6-4DE6-BB2D-1A931602F1AB}.Debug|Any CPU.Build.0 = Debug|Any CPU
		{CCF5D7E3-D5C6-4DE6-BB2D-1A931602F1AB}.Debug|x64.ActiveCfg = Debug|Any CPU
		{CCF5D7E3-D5C6-4DE6-BB2D-1A931602F1AB}.Debug|x64.Build.0 = Debug|Any CPU
		{CCF5D7E3-D5C6-4DE6-BB2D-1A931602F1AB}.Debug|x86.ActiveCfg = Debug|Any CPU
		{CCF5D7E3-D5C6-4DE6-BB2D-1A931602F1AB}.Debug|x86.Build.0 = Debug|Any CPU
		{CCF5D7E3-D5C6-4DE6-BB2D-1A931602F1AB}.Release|Any CPU.ActiveCfg = Release|Any CPU
		{CCF5D7E3-D5C6-4DE6-BB2D-1A931602F1AB}.Release|Any CPU.Build.0 = Release|Any CPU
		{CCF5D7E3-D5C6-4DE6-BB2D-1A931602F1AB}.Release|x64.ActiveCfg = Release|Any CPU
		{CCF5D7E3-D5C6-4DE6-BB2D-1A931602F1AB}.Release|x64.Build.0 = Release|Any CPU
		{CCF5D7E3-D5C6-4DE6-BB2D-1A931602F1AB}.Release|x86.ActiveCfg = Release|Any CPU
		{CCF5D7E3-D5C6-4DE6-BB2D-1A931602F1AB}.Release|x86.Build.0 = Release|Any CPU
		{20CA1FD3-A23B-4F12-ADA5-C3B759814F9D}.Debug|Any CPU.ActiveCfg = Debug|Any CPU
		{20CA1FD3-A23B-4F12-ADA5-C3B759814F9D}.Debug|Any CPU.Build.0 = Debug|Any CPU
		{20CA1FD3-A23B-4F12-ADA5-C3B759814F9D}.Debug|x64.ActiveCfg = Debug|Any CPU
		{20CA1FD3-A23B-4F12-ADA5-C3B759814F9D}.Debug|x64.Build.0 = Debug|Any CPU
		{20CA1FD3-A23B-4F12-ADA5-C3B759814F9D}.Debug|x86.ActiveCfg = Debug|Any CPU
		{20CA1FD3-A23B-4F12-ADA5-C3B759814F9D}.Debug|x86.Build.0 = Debug|Any CPU
		{20CA1FD3-A23B-4F12-ADA5-C3B759814F9D}.Release|Any CPU.ActiveCfg = Release|Any CPU
		{20CA1FD3-A23B-4F12-ADA5-C3B759814F9D}.Release|Any CPU.Build.0 = Release|Any CPU
		{20CA1FD3-A23B-4F12-ADA5-C3B759814F9D}.Release|x64.ActiveCfg = Release|Any CPU
		{20CA1FD3-A23B-4F12-ADA5-C3B759814F9D}.Release|x64.Build.0 = Release|Any CPU
		{20CA1FD3-A23B-4F12-ADA5-C3B759814F9D}.Release|x86.ActiveCfg = Release|Any CPU
		{20CA1FD3-A23B-4F12-ADA5-C3B759814F9D}.Release|x86.Build.0 = Release|Any CPU
		{1059524B-9F01-4C3E-8A7C-6BBDD1D174C7}.Debug|Any CPU.ActiveCfg = Debug|Any CPU
		{1059524B-9F01-4C3E-8A7C-6BBDD1D174C7}.Debug|Any CPU.Build.0 = Debug|Any CPU
		{1059524B-9F01-4C3E-8A7C-6BBDD1D174C7}.Debug|x64.ActiveCfg = Debug|Any CPU
		{1059524B-9F01-4C3E-8A7C-6BBDD1D174C7}.Debug|x64.Build.0 = Debug|Any CPU
		{1059524B-9F01-4C3E-8A7C-6BBDD1D174C7}.Debug|x86.ActiveCfg = Debug|Any CPU
		{1059524B-9F01-4C3E-8A7C-6BBDD1D174C7}.Debug|x86.Build.0 = Debug|Any CPU
		{1059524B-9F01-4C3E-8A7C-6BBDD1D174C7}.Release|Any CPU.ActiveCfg = Release|Any CPU
		{1059524B-9F01-4C3E-8A7C-6BBDD1D174C7}.Release|Any CPU.Build.0 = Release|Any CPU
		{1059524B-9F01-4C3E-8A7C-6BBDD1D174C7}.Release|x64.ActiveCfg = Release|Any CPU
		{1059524B-9F01-4C3E-8A7C-6BBDD1D174C7}.Release|x64.Build.0 = Release|Any CPU
		{1059524B-9F01-4C3E-8A7C-6BBDD1D174C7}.Release|x86.ActiveCfg = Release|Any CPU
		{1059524B-9F01-4C3E-8A7C-6BBDD1D174C7}.Release|x86.Build.0 = Release|Any CPU
		{6AFC109E-85DE-4A14-9C81-95D93C3F90AE}.Debug|Any CPU.ActiveCfg = Debug|Any CPU
		{6AFC109E-85DE-4A14-9C81-95D93C3F90AE}.Debug|Any CPU.Build.0 = Debug|Any CPU
		{6AFC109E-85DE-4A14-9C81-95D93C3F90AE}.Debug|x64.ActiveCfg = Debug|Any CPU
		{6AFC109E-85DE-4A14-9C81-95D93C3F90AE}.Debug|x64.Build.0 = Debug|Any CPU
		{6AFC109E-85DE-4A14-9C81-95D93C3F90AE}.Debug|x86.ActiveCfg = Debug|Any CPU
		{6AFC109E-85DE-4A14-9C81-95D93C3F90AE}.Debug|x86.Build.0 = Debug|Any CPU
		{6AFC109E-85DE-4A14-9C81-95D93C3F90AE}.Release|Any CPU.ActiveCfg = Release|Any CPU
		{6AFC109E-85DE-4A14-9C81-95D93C3F90AE}.Release|Any CPU.Build.0 = Release|Any CPU
		{6AFC109E-85DE-4A14-9C81-95D93C3F90AE}.Release|x64.ActiveCfg = Release|Any CPU
		{6AFC109E-85DE-4A14-9C81-95D93C3F90AE}.Release|x64.Build.0 = Release|Any CPU
		{6AFC109E-85DE-4A14-9C81-95D93C3F90AE}.Release|x86.ActiveCfg = Release|Any CPU
		{6AFC109E-85DE-4A14-9C81-95D93C3F90AE}.Release|x86.Build.0 = Release|Any CPU
		{4B15C845-B5BD-4105-AE91-9B057F8AC134}.Debug|Any CPU.ActiveCfg = Debug|Any CPU
		{4B15C845-B5BD-4105-AE91-9B057F8AC134}.Debug|Any CPU.Build.0 = Debug|Any CPU
		{4B15C845-B5BD-4105-AE91-9B057F8AC134}.Debug|x64.ActiveCfg = Debug|Any CPU
		{4B15C845-B5BD-4105-AE91-9B057F8AC134}.Debug|x64.Build.0 = Debug|Any CPU
		{4B15C845-B5BD-4105-AE91-9B057F8AC134}.Debug|x86.ActiveCfg = Debug|Any CPU
		{4B15C845-B5BD-4105-AE91-9B057F8AC134}.Debug|x86.Build.0 = Debug|Any CPU
		{4B15C845-B5BD-4105-AE91-9B057F8AC134}.Release|Any CPU.ActiveCfg = Release|Any CPU
		{4B15C845-B5BD-4105-AE91-9B057F8AC134}.Release|Any CPU.Build.0 = Release|Any CPU
		{4B15C845-B5BD-4105-AE91-9B057F8AC134}.Release|x64.ActiveCfg = Release|Any CPU
		{4B15C845-B5BD-4105-AE91-9B057F8AC134}.Release|x64.Build.0 = Release|Any CPU
		{4B15C845-B5BD-4105-AE91-9B057F8AC134}.Release|x86.ActiveCfg = Release|Any CPU
		{4B15C845-B5BD-4105-AE91-9B057F8AC134}.Release|x86.Build.0 = Release|Any CPU
		{4D3690A7-9EB1-4AF2-BEE1-8684BD252A96}.Debug|Any CPU.ActiveCfg = Debug|Any CPU
		{4D3690A7-9EB1-4AF2-BEE1-8684BD252A96}.Debug|Any CPU.Build.0 = Debug|Any CPU
		{4D3690A7-9EB1-4AF2-BEE1-8684BD252A96}.Debug|x64.ActiveCfg = Debug|Any CPU
		{4D3690A7-9EB1-4AF2-BEE1-8684BD252A96}.Debug|x64.Build.0 = Debug|Any CPU
		{4D3690A7-9EB1-4AF2-BEE1-8684BD252A96}.Debug|x86.ActiveCfg = Debug|Any CPU
		{4D3690A7-9EB1-4AF2-BEE1-8684BD252A96}.Debug|x86.Build.0 = Debug|Any CPU
		{4D3690A7-9EB1-4AF2-BEE1-8684BD252A96}.Release|Any CPU.ActiveCfg = Release|Any CPU
		{4D3690A7-9EB1-4AF2-BEE1-8684BD252A96}.Release|Any CPU.Build.0 = Release|Any CPU
		{4D3690A7-9EB1-4AF2-BEE1-8684BD252A96}.Release|x64.ActiveCfg = Release|Any CPU
		{4D3690A7-9EB1-4AF2-BEE1-8684BD252A96}.Release|x64.Build.0 = Release|Any CPU
		{4D3690A7-9EB1-4AF2-BEE1-8684BD252A96}.Release|x86.ActiveCfg = Release|Any CPU
		{4D3690A7-9EB1-4AF2-BEE1-8684BD252A96}.Release|x86.Build.0 = Release|Any CPU
		{E7B6E5F0-094C-43E9-B4AA-8EB39CD93168}.Debug|Any CPU.ActiveCfg = Debug|Any CPU
		{E7B6E5F0-094C-43E9-B4AA-8EB39CD93168}.Debug|Any CPU.Build.0 = Debug|Any CPU
		{E7B6E5F0-094C-43E9-B4AA-8EB39CD93168}.Debug|x64.ActiveCfg = Debug|Any CPU
		{E7B6E5F0-094C-43E9-B4AA-8EB39CD93168}.Debug|x64.Build.0 = Debug|Any CPU
		{E7B6E5F0-094C-43E9-B4AA-8EB39CD93168}.Debug|x86.ActiveCfg = Debug|Any CPU
		{E7B6E5F0-094C-43E9-B4AA-8EB39CD93168}.Debug|x86.Build.0 = Debug|Any CPU
		{E7B6E5F0-094C-43E9-B4AA-8EB39CD93168}.Release|Any CPU.ActiveCfg = Release|Any CPU
		{E7B6E5F0-094C-43E9-B4AA-8EB39CD93168}.Release|Any CPU.Build.0 = Release|Any CPU
		{E7B6E5F0-094C-43E9-B4AA-8EB39CD93168}.Release|x64.ActiveCfg = Release|Any CPU
		{E7B6E5F0-094C-43E9-B4AA-8EB39CD93168}.Release|x64.Build.0 = Release|Any CPU
		{E7B6E5F0-094C-43E9-B4AA-8EB39CD93168}.Release|x86.ActiveCfg = Release|Any CPU
		{E7B6E5F0-094C-43E9-B4AA-8EB39CD93168}.Release|x86.Build.0 = Release|Any CPU
	EndGlobalSection
	GlobalSection(SolutionProperties) = preSolution
		HideSolutionNode = FALSE
	EndGlobalSection
	GlobalSection(NestedProjects) = preSolution
		{9498BFB4-D9F5-C441-13E3-3F26F7700E29} = {914C77C9-212A-4DD0-8D9A-074620E77FAA}
		{52F66610-896A-C4D1-9881-1A19DF7AB80E} = {914C77C9-212A-4DD0-8D9A-074620E77FAA}
		{041131CD-3018-19B1-81B6-5DBEE2467FFB} = {914C77C9-212A-4DD0-8D9A-074620E77FAA}
		{DE4513D3-889B-5C52-8E9C-744C99AE7509} = {914C77C9-212A-4DD0-8D9A-074620E77FAA}
		{C109842F-01DA-64D4-DBF2-00C6449E459E} = {914C77C9-212A-4DD0-8D9A-074620E77FAA}
		{5910FA29-5797-199C-985B-FC9FC473328E} = {914C77C9-212A-4DD0-8D9A-074620E77FAA}
		{D2AD5BE1-263A-9A30-AB0F-DC5B08044350} = {914C77C9-212A-4DD0-8D9A-074620E77FAA}
		{770E9BEB-B313-3761-FAA2-76DAF4B34ADA} = {914C77C9-212A-4DD0-8D9A-074620E77FAA}
		{CCF5D7E3-D5C6-4DE6-BB2D-1A931602F1AB} = {46008B91-6EC0-448B-8D1A-D8C6D2EEBEF4}
		{20CA1FD3-A23B-4F12-ADA5-C3B759814F9D} = {46008B91-6EC0-448B-8D1A-D8C6D2EEBEF4}
		{1059524B-9F01-4C3E-8A7C-6BBDD1D174C7} = {46008B91-6EC0-448B-8D1A-D8C6D2EEBEF4}
		{6AFC109E-85DE-4A14-9C81-95D93C3F90AE} = {46008B91-6EC0-448B-8D1A-D8C6D2EEBEF4}
		{4B15C845-B5BD-4105-AE91-9B057F8AC134} = {46008B91-6EC0-448B-8D1A-D8C6D2EEBEF4}
		{4D3690A7-9EB1-4AF2-BEE1-8684BD252A96} = {46008B91-6EC0-448B-8D1A-D8C6D2EEBEF4}
		{E7B6E5F0-094C-43E9-B4AA-8EB39CD93168} = {5374A1E3-B216-4BF6-A6A4-DA4B41D9F434}
	EndGlobalSection
	GlobalSection(ExtensibilityGlobals) = postSolution
		SolutionGuid = {EABC01E3-3EB5-47EF-B46E-AAD8BB3585F1}
	EndGlobalSection
EndGlobal
