
Microsoft Visual Studio Solution File, Format Version 12.00
# Visual Studio Version 17
VisualStudioVersion = 17.0.31903.59
MinimumVisualStudioVersion = 10.0.40219.1
Project("{2150E333-8FDC-42A3-9474-1A3956D46DE8}") = "Unity", "Unity", "{914C77C9-212A-4DD0-8D9A-074620E77FAA}"
EndProject
Project("{2150E333-8FDC-42A3-9474-1A3956D46DE8}") = "DotNet", "DotNet", "{46008B91-6EC0-448B-8D1A-D8C6D2EEBEF4}"
EndProject
Project("{FAE04EC0-301F-11D3-BF4B-00C04F79EFBC}") = "ET.Core", "ET.Core.csproj", "{357275F9-23B5-ED06-A723-291680D452AA}"
EndProject
Project("{FAE04EC0-301F-11D3-BF4B-00C04F79EFBC}") = "ET.Core.Editor", "ET.Core.Editor.csproj", "{3A94C6B6-82E5-A1A2-A312-9D8E905E8F4A}"
EndProject
Project("{FAE04EC0-301F-11D3-BF4B-00C04F79EFBC}") = "ET.YooAssets", "ET.YooAssets.csproj", "{7BE873E5-6C09-7F6F-D436-69F223C79329}"
EndProject
Project("{FAE04EC0-301F-11D3-BF4B-00C04F79EFBC}") = "ET.Loader", "ET.Loader.csproj", "{7426908B-F33B-16FE-D8E3-0A19FFDA947F}"
EndProject
Project("{FAE04EC0-301F-11D3-BF4B-00C04F79EFBC}") = "ET.Loader.Editor", "ET.Loader.Editor.csproj", "{BF9559A9-174A-DAF1-DF5F-03BEE8EBF4F1}"
EndProject
Project("{FAE04EC0-301F-11D3-BF4B-00C04F79EFBC}") = "ET.Model", "ET.Model.csproj", "{C3758BE1-78D5-CA86-C48D-CB9EE0875B9C}"
EndProject
Project("{FAE04EC0-301F-11D3-BF4B-00C04F79EFBC}") = "ET.Hotfix", "ET.Hotfix.csproj", "{A245516C-DF9D-4DF9-B6CB-B8E99D56D679}"
EndProject
Project("{FAE04EC0-301F-11D3-BF4B-00C04F79EFBC}") = "ET.HotfixView", "ET.HotfixView.csproj", "{4755D7E6-9C18-87F7-9FB0-AA8AF1801E83}"
EndProject
Project("{FAE04EC0-301F-11D3-BF4B-00C04F79EFBC}") = "ET.ModelView", "ET.ModelView.csproj", "{18FC8021-2861-97B8-C06F-E793AD2027C2}"
EndProject
Project("{FAE04EC0-301F-11D3-BF4B-00C04F79EFBC}") = "ET.ReferenceCollector.Editor", "ET.ReferenceCollector.Editor.csproj", "{82C48630-1CEC-CB9E-32EA-1BA4C0154BAC}"
EndProject
Project("{FAE04EC0-301F-11D3-BF4B-00C04F79EFBC}") = "ET.SourceGenerator", "Packages\cn.etetet.sourcegenerator\DotNet~\ET.SourceGenerator\ET.SourceGenerator.csproj", "{B8994466-96D7-4777-BE10-85EC5919EA98}"
EndProject
Project("{FAE04EC0-301F-11D3-BF4B-00C04F79EFBC}") = "ET.Init.Editor", "ET.Init.Editor.csproj", "{46E6A551-DFC7-9DC1-D7DF-40DD0CEF8A34}"
EndProject
Project("{FAE04EC0-301F-11D3-BF4B-00C04F79EFBC}") = "ET.Recast", "ET.Recast.csproj", "{9696D6D9-D3C2-E738-0BD1-0AB7E48E7ED6}"
EndProject
Project("{FAE04EC0-301F-11D3-BF4B-00C04F79EFBC}") = "ET.Model", "Packages\cn.etetet.statesync\DotNet~\Model\ET.Model.csproj", "{B25C83F5-6523-4DD9-A469-C41135F3D681}"
EndProject
Project("{FAE04EC0-301F-11D3-BF4B-00C04F79EFBC}") = "ET.Hotfix", "Packages\cn.etetet.statesync\DotNet~\Hotfix\ET.Hotfix.csproj", "{7678473B-B6EB-4C4D-9D71-97A35F07C4BF}"
EndProject
Project("{FAE04EC0-301F-11D3-BF4B-00C04F79EFBC}") = "ET.Recast", "Packages\cn.etetet.recast\DotNet~\ET.Recast.csproj", "{C03EE403-3B05-42E6-A26F-7C8761978B65}"
EndProject
Project("{FAE04EC0-301F-11D3-BF4B-00C04F79EFBC}") = "ET.Mathematics", "Packages\cn.etetet.mathematics\DotNet~\ET.Mathematics.csproj", "{31D1738C-1C25-46B9-ADF9-F36466EAE55A}"
EndProject
Project("{FAE04EC0-301F-11D3-BF4B-00C04F79EFBC}") = "ET.App", "Packages\cn.etetet.statesync\DotNet~\App\ET.App.csproj", "{27C202EB-9E1D-4BDD-8AB3-B48646BD63BF}"
EndProject
Project("{FAE04EC0-301F-11D3-BF4B-00C04F79EFBC}") = "ET.SourceGeneratorAttribute", "Packages\cn.etetet.sourcegenerator\DotNet~\ET.SourceGeneratorAttribute\ET.SourceGeneratorAttribute.csproj", "{405111D0-13AE-45E6-A15D-95F341904DD7}"
EndProject
Project("{FAE04EC0-301F-11D3-BF4B-00C04F79EFBC}") = "ET.SourceGeneratorAttribute", "ET.SourceGeneratorAttribute.csproj", "{5E1B6EBA-FB66-A2AB-F74C-651931E8F8A1}"
EndProject
Project("{FAE04EC0-301F-11D3-BF4B-00C04F79EFBC}") = "ET.ExcelExporter", "Packages\cn.etetet.excel\DotNet~\ET.ExcelExporter.csproj", "{B62663F3-87CD-4FE5-892D-2FA15017CC01}"
EndProject
Project("{FAE04EC0-301F-11D3-BF4B-00C04F79EFBC}") = "ET.Proto2CS", "Packages\cn.etetet.proto\DotNet~\ET.Proto2CS.csproj", "{BCC88832-608F-4D7E-AFF7-4EED50D5792C}"
EndProject
Project("{FAE04EC0-301F-11D3-BF4B-00C04F79EFBC}") = "ET.Proto.Editor", "ET.Proto.Editor.csproj", "{AD2911DA-1407-E041-BC8E-81A8F3A453CD}"
EndProject
Project("{FAE04EC0-301F-11D3-BF4B-00C04F79EFBC}") = "ET.StateSync.Editor", "ET.StateSync.Editor.csproj", "{05055170-2AAF-5EFE-13F5-061F10E24E87}"
EndProject
Project("{FAE04EC0-301F-11D3-BF4B-00C04F79EFBC}") = "ET.Excel.Editor", "ET.Excel.Editor.csproj", "{40F080E2-1F06-1013-AB14-67E667E9CFEF}"
EndProject
Project("{FAE04EC0-301F-11D3-BF4B-00C04F79EFBC}") = "ET.HybridCLR.Editor", "ET.HybridCLR.Editor.csproj", "{C2034659-2D54-17D7-0888-91B326856A8C}"
EndProject
Project("{FAE04EC0-301F-11D3-BF4B-00C04F79EFBC}") = "ET.PackageManager.Editor", "ET.PackageManager.Editor.csproj", "{10B09A45-FE82-0C3D-8220-4D900161B77C}"
EndProject
Project("{FAE04EC0-301F-11D3-BF4B-00C04F79EFBC}") = "ET.MemoryPack", "ET.MemoryPack.csproj", "{C372A850-105F-E609-3280-A9A3131336BD}"
EndProject
Project("{FAE04EC0-301F-11D3-BF4B-00C04F79EFBC}") = "ET.HybridCLR", "ET.HybridCLR.csproj", "{824084C4-6AAE-4966-58CF-9F64006CF4FB}"
EndProject
Project("{FAE04EC0-301F-11D3-BF4B-00C04F79EFBC}") = "ET.YooAssets.Editor", "ET.YooAssets.Editor.csproj", "{B5932977-D5B2-BB1D-C6AD-16658314F3B3}"
EndProject
Project("{FAE04EC0-301F-11D3-BF4B-00C04F79EFBC}") = "ET.Loader", "Packages\cn.etetet.loader\DotNet~\ET.Loader.csproj", "{8C08102D-FCCB-4153-AE81-7EFE85A97A62}"
EndProject
Project("{FAE04EC0-301F-11D3-BF4B-00C04F79EFBC}") = "ET.Core", "Packages\cn.etetet.core\DotNet~\ET.Core.csproj", "{04397D8D-77BB-47E8-9DEE-C886A1826EB4}"
EndProject
Project("{FAE04EC0-301F-11D3-BF4B-00C04F79EFBC}") = "ET.ReferenceCollector", "ET.ReferenceCollector.csproj", "{D5DA2CE8-12C4-8C94-16BA-300EA9A943E1}"
EndProject
Global
	GlobalSection(SolutionConfigurationPlatforms) = preSolution
		Debug|Any CPU = Debug|Any CPU
		Debug|x64 = Debug|x64
		Debug|x86 = Debug|x86
		Release|Any CPU = Release|Any CPU
		Release|x64 = Release|x64
		Release|x86 = Release|x86
	EndGlobalSection
	GlobalSection(ProjectConfigurationPlatforms) = postSolution
		{357275F9-23B5-ED06-A723-291680D452AA}.Debug|Any CPU.ActiveCfg = Debug|Any CPU
		{357275F9-23B5-ED06-A723-291680D452AA}.Debug|Any CPU.Build.0 = Debug|Any CPU
		{357275F9-23B5-ED06-A723-291680D452AA}.Debug|x64.ActiveCfg = Debug|Any CPU
		{357275F9-23B5-ED06-A723-291680D452AA}.Debug|x64.Build.0 = Debug|Any CPU
		{357275F9-23B5-ED06-A723-291680D452AA}.Debug|x86.ActiveCfg = Debug|Any CPU
		{357275F9-23B5-ED06-A723-291680D452AA}.Debug|x86.Build.0 = Debug|Any CPU
		{357275F9-23B5-ED06-A723-291680D452AA}.Release|Any CPU.ActiveCfg = Debug|Any CPU
		{357275F9-23B5-ED06-A723-291680D452AA}.Release|Any CPU.Build.0 = Debug|Any CPU
		{357275F9-23B5-ED06-A723-291680D452AA}.Release|x64.ActiveCfg = Debug|Any CPU
		{357275F9-23B5-ED06-A723-291680D452AA}.Release|x64.Build.0 = Debug|Any CPU
		{357275F9-23B5-ED06-A723-291680D452AA}.Release|x86.ActiveCfg = Debug|Any CPU
		{357275F9-23B5-ED06-A723-291680D452AA}.Release|x86.Build.0 = Debug|Any CPU
		{3A94C6B6-82E5-A1A2-A312-9D8E905E8F4A}.Debug|Any CPU.ActiveCfg = Debug|Any CPU
		{3A94C6B6-82E5-A1A2-A312-9D8E905E8F4A}.Debug|Any CPU.Build.0 = Debug|Any CPU
		{3A94C6B6-82E5-A1A2-A312-9D8E905E8F4A}.Debug|x64.ActiveCfg = Debug|Any CPU
		{3A94C6B6-82E5-A1A2-A312-9D8E905E8F4A}.Debug|x64.Build.0 = Debug|Any CPU
		{3A94C6B6-82E5-A1A2-A312-9D8E905E8F4A}.Debug|x86.ActiveCfg = Debug|Any CPU
		{3A94C6B6-82E5-A1A2-A312-9D8E905E8F4A}.Debug|x86.Build.0 = Debug|Any CPU
		{3A94C6B6-82E5-A1A2-A312-9D8E905E8F4A}.Release|Any CPU.ActiveCfg = Debug|Any CPU
		{3A94C6B6-82E5-A1A2-A312-9D8E905E8F4A}.Release|Any CPU.Build.0 = Debug|Any CPU
		{3A94C6B6-82E5-A1A2-A312-9D8E905E8F4A}.Release|x64.ActiveCfg = Debug|Any CPU
		{3A94C6B6-82E5-A1A2-A312-9D8E905E8F4A}.Release|x64.Build.0 = Debug|Any CPU
		{3A94C6B6-82E5-A1A2-A312-9D8E905E8F4A}.Release|x86.ActiveCfg = Debug|Any CPU
		{3A94C6B6-82E5-A1A2-A312-9D8E905E8F4A}.Release|x86.Build.0 = Debug|Any CPU
		{7BE873E5-6C09-7F6F-D436-69F223C79329}.Debug|Any CPU.ActiveCfg = Debug|Any CPU
		{7BE873E5-6C09-7F6F-D436-69F223C79329}.Debug|Any CPU.Build.0 = Debug|Any CPU
		{7BE873E5-6C09-7F6F-D436-69F223C79329}.Debug|x64.ActiveCfg = Debug|Any CPU
		{7BE873E5-6C09-7F6F-D436-69F223C79329}.Debug|x64.Build.0 = Debug|Any CPU
		{7BE873E5-6C09-7F6F-D436-69F223C79329}.Debug|x86.ActiveCfg = Debug|Any CPU
		{7BE873E5-6C09-7F6F-D436-69F223C79329}.Debug|x86.Build.0 = Debug|Any CPU
		{7BE873E5-6C09-7F6F-D436-69F223C79329}.Release|Any CPU.ActiveCfg = Debug|Any CPU
		{7BE873E5-6C09-7F6F-D436-69F223C79329}.Release|Any CPU.Build.0 = Debug|Any CPU
		{7BE873E5-6C09-7F6F-D436-69F223C79329}.Release|x64.ActiveCfg = Debug|Any CPU
		{7BE873E5-6C09-7F6F-D436-69F223C79329}.Release|x64.Build.0 = Debug|Any CPU
		{7BE873E5-6C09-7F6F-D436-69F223C79329}.Release|x86.ActiveCfg = Debug|Any CPU
		{7BE873E5-6C09-7F6F-D436-69F223C79329}.Release|x86.Build.0 = Debug|Any CPU
		{7426908B-F33B-16FE-D8E3-0A19FFDA947F}.Debug|Any CPU.ActiveCfg = Debug|Any CPU
		{7426908B-F33B-16FE-D8E3-0A19FFDA947F}.Debug|Any CPU.Build.0 = Debug|Any CPU
		{7426908B-F33B-16FE-D8E3-0A19FFDA947F}.Debug|x64.ActiveCfg = Debug|Any CPU
		{7426908B-F33B-16FE-D8E3-0A19FFDA947F}.Debug|x64.Build.0 = Debug|Any CPU
		{7426908B-F33B-16FE-D8E3-0A19FFDA947F}.Debug|x86.ActiveCfg = Debug|Any CPU
		{7426908B-F33B-16FE-D8E3-0A19FFDA947F}.Debug|x86.Build.0 = Debug|Any CPU
		{7426908B-F33B-16FE-D8E3-0A19FFDA947F}.Release|Any CPU.ActiveCfg = Debug|Any CPU
		{7426908B-F33B-16FE-D8E3-0A19FFDA947F}.Release|Any CPU.Build.0 = Debug|Any CPU
		{7426908B-F33B-16FE-D8E3-0A19FFDA947F}.Release|x64.ActiveCfg = Debug|Any CPU
		{7426908B-F33B-16FE-D8E3-0A19FFDA947F}.Release|x64.Build.0 = Debug|Any CPU
		{7426908B-F33B-16FE-D8E3-0A19FFDA947F}.Release|x86.ActiveCfg = Debug|Any CPU
		{7426908B-F33B-16FE-D8E3-0A19FFDA947F}.Release|x86.Build.0 = Debug|Any CPU
		{BF9559A9-174A-DAF1-DF5F-03BEE8EBF4F1}.Debug|Any CPU.ActiveCfg = Debug|Any CPU
		{BF9559A9-174A-DAF1-DF5F-03BEE8EBF4F1}.Debug|Any CPU.Build.0 = Debug|Any CPU
		{BF9559A9-174A-DAF1-DF5F-03BEE8EBF4F1}.Debug|x64.ActiveCfg = Debug|Any CPU
		{BF9559A9-174A-DAF1-DF5F-03BEE8EBF4F1}.Debug|x64.Build.0 = Debug|Any CPU
		{BF9559A9-174A-DAF1-DF5F-03BEE8EBF4F1}.Debug|x86.ActiveCfg = Debug|Any CPU
		{BF9559A9-174A-DAF1-DF5F-03BEE8EBF4F1}.Debug|x86.Build.0 = Debug|Any CPU
		{BF9559A9-174A-DAF1-DF5F-03BEE8EBF4F1}.Release|Any CPU.ActiveCfg = Debug|Any CPU
		{BF9559A9-174A-DAF1-DF5F-03BEE8EBF4F1}.Release|Any CPU.Build.0 = Debug|Any CPU
		{BF9559A9-174A-DAF1-DF5F-03BEE8EBF4F1}.Release|x64.ActiveCfg = Debug|Any CPU
		{BF9559A9-174A-DAF1-DF5F-03BEE8EBF4F1}.Release|x64.Build.0 = Debug|Any CPU
		{BF9559A9-174A-DAF1-DF5F-03BEE8EBF4F1}.Release|x86.ActiveCfg = Debug|Any CPU
		{BF9559A9-174A-DAF1-DF5F-03BEE8EBF4F1}.Release|x86.Build.0 = Debug|Any CPU
		{C3758BE1-78D5-CA86-C48D-CB9EE0875B9C}.Debug|Any CPU.ActiveCfg = Debug|Any CPU
		{C3758BE1-78D5-CA86-C48D-CB9EE0875B9C}.Debug|Any CPU.Build.0 = Debug|Any CPU
		{C3758BE1-78D5-CA86-C48D-CB9EE0875B9C}.Debug|x64.ActiveCfg = Debug|Any CPU
		{C3758BE1-78D5-CA86-C48D-CB9EE0875B9C}.Debug|x64.Build.0 = Debug|Any CPU
		{C3758BE1-78D5-CA86-C48D-CB9EE0875B9C}.Debug|x86.ActiveCfg = Debug|Any CPU
		{C3758BE1-78D5-CA86-C48D-CB9EE0875B9C}.Debug|x86.Build.0 = Debug|Any CPU
		{C3758BE1-78D5-CA86-C48D-CB9EE0875B9C}.Release|Any CPU.ActiveCfg = Debug|Any CPU
		{C3758BE1-78D5-CA86-C48D-CB9EE0875B9C}.Release|Any CPU.Build.0 = Debug|Any CPU
		{C3758BE1-78D5-CA86-C48D-CB9EE0875B9C}.Release|x64.ActiveCfg = Debug|Any CPU
		{C3758BE1-78D5-CA86-C48D-CB9EE0875B9C}.Release|x64.Build.0 = Debug|Any CPU
		{C3758BE1-78D5-CA86-C48D-CB9EE0875B9C}.Release|x86.ActiveCfg = Debug|Any CPU
		{C3758BE1-78D5-CA86-C48D-CB9EE0875B9C}.Release|x86.Build.0 = Debug|Any CPU
		{A245516C-DF9D-4DF9-B6CB-B8E99D56D679}.Debug|Any CPU.ActiveCfg = Debug|Any CPU
		{A245516C-DF9D-4DF9-B6CB-B8E99D56D679}.Debug|Any CPU.Build.0 = Debug|Any CPU
		{A245516C-DF9D-4DF9-B6CB-B8E99D56D679}.Debug|x64.ActiveCfg = Debug|Any CPU
		{A245516C-DF9D-4DF9-B6CB-B8E99D56D679}.Debug|x64.Build.0 = Debug|Any CPU
		{A245516C-DF9D-4DF9-B6CB-B8E99D56D679}.Debug|x86.ActiveCfg = Debug|Any CPU
		{A245516C-DF9D-4DF9-B6CB-B8E99D56D679}.Debug|x86.Build.0 = Debug|Any CPU
		{A245516C-DF9D-4DF9-B6CB-B8E99D56D679}.Release|Any CPU.ActiveCfg = Debug|Any CPU
		{A245516C-DF9D-4DF9-B6CB-B8E99D56D679}.Release|Any CPU.Build.0 = Debug|Any CPU
		{A245516C-DF9D-4DF9-B6CB-B8E99D56D679}.Release|x64.ActiveCfg = Debug|Any CPU
		{A245516C-DF9D-4DF9-B6CB-B8E99D56D679}.Release|x64.Build.0 = Debug|Any CPU
		{A245516C-DF9D-4DF9-B6CB-B8E99D56D679}.Release|x86.ActiveCfg = Debug|Any CPU
		{A245516C-DF9D-4DF9-B6CB-B8E99D56D679}.Release|x86.Build.0 = Debug|Any CPU
		{4755D7E6-9C18-87F7-9FB0-AA8AF1801E83}.Debug|Any CPU.ActiveCfg = Debug|Any CPU
		{4755D7E6-9C18-87F7-9FB0-AA8AF1801E83}.Debug|Any CPU.Build.0 = Debug|Any CPU
		{4755D7E6-9C18-87F7-9FB0-AA8AF1801E83}.Debug|x64.ActiveCfg = Debug|Any CPU
		{4755D7E6-9C18-87F7-9FB0-AA8AF1801E83}.Debug|x64.Build.0 = Debug|Any CPU
		{4755D7E6-9C18-87F7-9FB0-AA8AF1801E83}.Debug|x86.ActiveCfg = Debug|Any CPU
		{4755D7E6-9C18-87F7-9FB0-AA8AF1801E83}.Debug|x86.Build.0 = Debug|Any CPU
		{4755D7E6-9C18-87F7-9FB0-AA8AF1801E83}.Release|Any CPU.ActiveCfg = Debug|Any CPU
		{4755D7E6-9C18-87F7-9FB0-AA8AF1801E83}.Release|Any CPU.Build.0 = Debug|Any CPU
		{4755D7E6-9C18-87F7-9FB0-AA8AF1801E83}.Release|x64.ActiveCfg = Debug|Any CPU
		{4755D7E6-9C18-87F7-9FB0-AA8AF1801E83}.Release|x64.Build.0 = Debug|Any CPU
		{4755D7E6-9C18-87F7-9FB0-AA8AF1801E83}.Release|x86.ActiveCfg = Debug|Any CPU
		{4755D7E6-9C18-87F7-9FB0-AA8AF1801E83}.Release|x86.Build.0 = Debug|Any CPU
		{18FC8021-2861-97B8-C06F-E793AD2027C2}.Debug|Any CPU.ActiveCfg = Debug|Any CPU
		{18FC8021-2861-97B8-C06F-E793AD2027C2}.Debug|Any CPU.Build.0 = Debug|Any CPU
		{18FC8021-2861-97B8-C06F-E793AD2027C2}.Debug|x64.ActiveCfg = Debug|Any CPU
		{18FC8021-2861-97B8-C06F-E793AD2027C2}.Debug|x64.Build.0 = Debug|Any CPU
		{18FC8021-2861-97B8-C06F-E793AD2027C2}.Debug|x86.ActiveCfg = Debug|Any CPU
		{18FC8021-2861-97B8-C06F-E793AD2027C2}.Debug|x86.Build.0 = Debug|Any CPU
		{18FC8021-2861-97B8-C06F-E793AD2027C2}.Release|Any CPU.ActiveCfg = Debug|Any CPU
		{18FC8021-2861-97B8-C06F-E793AD2027C2}.Release|Any CPU.Build.0 = Debug|Any CPU
		{18FC8021-2861-97B8-C06F-E793AD2027C2}.Release|x64.ActiveCfg = Debug|Any CPU
		{18FC8021-2861-97B8-C06F-E793AD2027C2}.Release|x64.Build.0 = Debug|Any CPU
		{18FC8021-2861-97B8-C06F-E793AD2027C2}.Release|x86.ActiveCfg = Debug|Any CPU
		{18FC8021-2861-97B8-C06F-E793AD2027C2}.Release|x86.Build.0 = Debug|Any CPU
		{82C48630-1CEC-CB9E-32EA-1BA4C0154BAC}.Debug|Any CPU.ActiveCfg = Debug|Any CPU
		{82C48630-1CEC-CB9E-32EA-1BA4C0154BAC}.Debug|Any CPU.Build.0 = Debug|Any CPU
		{82C48630-1CEC-CB9E-32EA-1BA4C0154BAC}.Debug|x64.ActiveCfg = Debug|Any CPU
		{82C48630-1CEC-CB9E-32EA-1BA4C0154BAC}.Debug|x64.Build.0 = Debug|Any CPU
		{82C48630-1CEC-CB9E-32EA-1BA4C0154BAC}.Debug|x86.ActiveCfg = Debug|Any CPU
		{82C48630-1CEC-CB9E-32EA-1BA4C0154BAC}.Debug|x86.Build.0 = Debug|Any CPU
		{82C48630-1CEC-CB9E-32EA-1BA4C0154BAC}.Release|Any CPU.ActiveCfg = Debug|Any CPU
		{82C48630-1CEC-CB9E-32EA-1BA4C0154BAC}.Release|Any CPU.Build.0 = Debug|Any CPU
		{82C48630-1CEC-CB9E-32EA-1BA4C0154BAC}.Release|x64.ActiveCfg = Debug|Any CPU
		{82C48630-1CEC-CB9E-32EA-1BA4C0154BAC}.Release|x64.Build.0 = Debug|Any CPU
		{82C48630-1CEC-CB9E-32EA-1BA4C0154BAC}.Release|x86.ActiveCfg = Debug|Any CPU
		{82C48630-1CEC-CB9E-32EA-1BA4C0154BAC}.Release|x86.Build.0 = Debug|Any CPU
		{B8994466-96D7-4777-BE10-85EC5919EA98}.Debug|Any CPU.ActiveCfg = Debug|Any CPU
		{B8994466-96D7-4777-BE10-85EC5919EA98}.Debug|Any CPU.Build.0 = Debug|Any CPU
		{B8994466-96D7-4777-BE10-85EC5919EA98}.Debug|x64.ActiveCfg = Debug|Any CPU
		{B8994466-96D7-4777-BE10-85EC5919EA98}.Debug|x64.Build.0 = Debug|Any CPU
		{B8994466-96D7-4777-BE10-85EC5919EA98}.Debug|x86.ActiveCfg = Debug|Any CPU
		{B8994466-96D7-4777-BE10-85EC5919EA98}.Debug|x86.Build.0 = Debug|Any CPU
		{B8994466-96D7-4777-BE10-85EC5919EA98}.Release|Any CPU.ActiveCfg = Release|Any CPU
		{B8994466-96D7-4777-BE10-85EC5919EA98}.Release|Any CPU.Build.0 = Release|Any CPU
		{B8994466-96D7-4777-BE10-85EC5919EA98}.Release|x64.ActiveCfg = Release|Any CPU
		{B8994466-96D7-4777-BE10-85EC5919EA98}.Release|x64.Build.0 = Release|Any CPU
		{B8994466-96D7-4777-BE10-85EC5919EA98}.Release|x86.ActiveCfg = Release|Any CPU
		{B8994466-96D7-4777-BE10-85EC5919EA98}.Release|x86.Build.0 = Release|Any CPU
		{46E6A551-DFC7-9DC1-D7DF-40DD0CEF8A34}.Debug|Any CPU.ActiveCfg = Debug|Any CPU
		{46E6A551-DFC7-9DC1-D7DF-40DD0CEF8A34}.Debug|Any CPU.Build.0 = Debug|Any CPU
		{46E6A551-DFC7-9DC1-D7DF-40DD0CEF8A34}.Debug|x64.ActiveCfg = Debug|Any CPU
		{46E6A551-DFC7-9DC1-D7DF-40DD0CEF8A34}.Debug|x64.Build.0 = Debug|Any CPU
		{46E6A551-DFC7-9DC1-D7DF-40DD0CEF8A34}.Debug|x86.ActiveCfg = Debug|Any CPU
		{46E6A551-DFC7-9DC1-D7DF-40DD0CEF8A34}.Debug|x86.Build.0 = Debug|Any CPU
		{46E6A551-DFC7-9DC1-D7DF-40DD0CEF8A34}.Release|Any CPU.ActiveCfg = Debug|Any CPU
		{46E6A551-DFC7-9DC1-D7DF-40DD0CEF8A34}.Release|Any CPU.Build.0 = Debug|Any CPU
		{46E6A551-DFC7-9DC1-D7DF-40DD0CEF8A34}.Release|x64.ActiveCfg = Debug|Any CPU
		{46E6A551-DFC7-9DC1-D7DF-40DD0CEF8A34}.Release|x64.Build.0 = Debug|Any CPU
		{46E6A551-DFC7-9DC1-D7DF-40DD0CEF8A34}.Release|x86.ActiveCfg = Debug|Any CPU
		{46E6A551-DFC7-9DC1-D7DF-40DD0CEF8A34}.Release|x86.Build.0 = Debug|Any CPU
		{9696D6D9-D3C2-E738-0BD1-0AB7E48E7ED6}.Debug|Any CPU.ActiveCfg = Debug|Any CPU
		{9696D6D9-D3C2-E738-0BD1-0AB7E48E7ED6}.Debug|Any CPU.Build.0 = Debug|Any CPU
		{9696D6D9-D3C2-E738-0BD1-0AB7E48E7ED6}.Debug|x64.ActiveCfg = Debug|Any CPU
		{9696D6D9-D3C2-E738-0BD1-0AB7E48E7ED6}.Debug|x64.Build.0 = Debug|Any CPU
		{9696D6D9-D3C2-E738-0BD1-0AB7E48E7ED6}.Debug|x86.ActiveCfg = Debug|Any CPU
		{9696D6D9-D3C2-E738-0BD1-0AB7E48E7ED6}.Debug|x86.Build.0 = Debug|Any CPU
		{9696D6D9-D3C2-E738-0BD1-0AB7E48E7ED6}.Release|Any CPU.ActiveCfg = Debug|Any CPU
		{9696D6D9-D3C2-E738-0BD1-0AB7E48E7ED6}.Release|Any CPU.Build.0 = Debug|Any CPU
		{9696D6D9-D3C2-E738-0BD1-0AB7E48E7ED6}.Release|x64.ActiveCfg = Debug|Any CPU
		{9696D6D9-D3C2-E738-0BD1-0AB7E48E7ED6}.Release|x64.Build.0 = Debug|Any CPU
		{9696D6D9-D3C2-E738-0BD1-0AB7E48E7ED6}.Release|x86.ActiveCfg = Debug|Any CPU
		{9696D6D9-D3C2-E738-0BD1-0AB7E48E7ED6}.Release|x86.Build.0 = Debug|Any CPU
		{B25C83F5-6523-4DD9-A469-C41135F3D681}.Debug|Any CPU.ActiveCfg = Debug|Any CPU
		{B25C83F5-6523-4DD9-A469-C41135F3D681}.Debug|Any CPU.Build.0 = Debug|Any CPU
		{B25C83F5-6523-4DD9-A469-C41135F3D681}.Debug|x64.ActiveCfg = Debug|Any CPU
		{B25C83F5-6523-4DD9-A469-C41135F3D681}.Debug|x64.Build.0 = Debug|Any CPU
		{B25C83F5-6523-4DD9-A469-C41135F3D681}.Debug|x86.ActiveCfg = Debug|Any CPU
		{B25C83F5-6523-4DD9-A469-C41135F3D681}.Debug|x86.Build.0 = Debug|Any CPU
		{B25C83F5-6523-4DD9-A469-C41135F3D681}.Release|Any CPU.ActiveCfg = Release|Any CPU
		{B25C83F5-6523-4DD9-A469-C41135F3D681}.Release|Any CPU.Build.0 = Release|Any CPU
		{B25C83F5-6523-4DD9-A469-C41135F3D681}.Release|x64.ActiveCfg = Release|Any CPU
		{B25C83F5-6523-4DD9-A469-C41135F3D681}.Release|x64.Build.0 = Release|Any CPU
		{B25C83F5-6523-4DD9-A469-C41135F3D681}.Release|x86.ActiveCfg = Release|Any CPU
		{B25C83F5-6523-4DD9-A469-C41135F3D681}.Release|x86.Build.0 = Release|Any CPU
		{7678473B-B6EB-4C4D-9D71-97A35F07C4BF}.Debug|Any CPU.ActiveCfg = Debug|Any CPU
		{7678473B-B6EB-4C4D-9D71-97A35F07C4BF}.Debug|Any CPU.Build.0 = Debug|Any CPU
		{7678473B-B6EB-4C4D-9D71-97A35F07C4BF}.Debug|x64.ActiveCfg = Debug|Any CPU
		{7678473B-B6EB-4C4D-9D71-97A35F07C4BF}.Debug|x64.Build.0 = Debug|Any CPU
		{7678473B-B6EB-4C4D-9D71-97A35F07C4BF}.Debug|x86.ActiveCfg = Debug|Any CPU
		{7678473B-B6EB-4C4D-9D71-97A35F07C4BF}.Debug|x86.Build.0 = Debug|Any CPU
		{7678473B-B6EB-4C4D-9D71-97A35F07C4BF}.Release|Any CPU.ActiveCfg = Release|Any CPU
		{7678473B-B6EB-4C4D-9D71-97A35F07C4BF}.Release|Any CPU.Build.0 = Release|Any CPU
		{7678473B-B6EB-4C4D-9D71-97A35F07C4BF}.Release|x64.ActiveCfg = Release|Any CPU
		{7678473B-B6EB-4C4D-9D71-97A35F07C4BF}.Release|x64.Build.0 = Release|Any CPU
		{7678473B-B6EB-4C4D-9D71-97A35F07C4BF}.Release|x86.ActiveCfg = Release|Any CPU
		{7678473B-B6EB-4C4D-9D71-97A35F07C4BF}.Release|x86.Build.0 = Release|Any CPU
		{C03EE403-3B05-42E6-A26F-7C8761978B65}.Debug|Any CPU.ActiveCfg = Debug|Any CPU
		{C03EE403-3B05-42E6-A26F-7C8761978B65}.Debug|Any CPU.Build.0 = Debug|Any CPU
		{C03EE403-3B05-42E6-A26F-7C8761978B65}.Debug|x64.ActiveCfg = Debug|Any CPU
		{C03EE403-3B05-42E6-A26F-7C8761978B65}.Debug|x64.Build.0 = Debug|Any CPU
		{C03EE403-3B05-42E6-A26F-7C8761978B65}.Debug|x86.ActiveCfg = Debug|Any CPU
		{C03EE403-3B05-42E6-A26F-7C8761978B65}.Debug|x86.Build.0 = Debug|Any CPU
		{C03EE403-3B05-42E6-A26F-7C8761978B65}.Release|Any CPU.ActiveCfg = Release|Any CPU
		{C03EE403-3B05-42E6-A26F-7C8761978B65}.Release|Any CPU.Build.0 = Release|Any CPU
		{C03EE403-3B05-42E6-A26F-7C8761978B65}.Release|x64.ActiveCfg = Release|Any CPU
		{C03EE403-3B05-42E6-A26F-7C8761978B65}.Release|x64.Build.0 = Release|Any CPU
		{C03EE403-3B05-42E6-A26F-7C8761978B65}.Release|x86.ActiveCfg = Release|Any CPU
		{C03EE403-3B05-42E6-A26F-7C8761978B65}.Release|x86.Build.0 = Release|Any CPU
		{31D1738C-1C25-46B9-ADF9-F36466EAE55A}.Debug|Any CPU.ActiveCfg = Debug|Any CPU
		{31D1738C-1C25-46B9-ADF9-F36466EAE55A}.Debug|Any CPU.Build.0 = Debug|Any CPU
		{31D1738C-1C25-46B9-ADF9-F36466EAE55A}.Debug|x64.ActiveCfg = Debug|Any CPU
		{31D1738C-1C25-46B9-ADF9-F36466EAE55A}.Debug|x64.Build.0 = Debug|Any CPU
		{31D1738C-1C25-46B9-ADF9-F36466EAE55A}.Debug|x86.ActiveCfg = Debug|Any CPU
		{31D1738C-1C25-46B9-ADF9-F36466EAE55A}.Debug|x86.Build.0 = Debug|Any CPU
		{31D1738C-1C25-46B9-ADF9-F36466EAE55A}.Release|Any CPU.ActiveCfg = Release|Any CPU
		{31D1738C-1C25-46B9-ADF9-F36466EAE55A}.Release|Any CPU.Build.0 = Release|Any CPU
		{31D1738C-1C25-46B9-ADF9-F36466EAE55A}.Release|x64.ActiveCfg = Release|Any CPU
		{31D1738C-1C25-46B9-ADF9-F36466EAE55A}.Release|x64.Build.0 = Release|Any CPU
		{31D1738C-1C25-46B9-ADF9-F36466EAE55A}.Release|x86.ActiveCfg = Release|Any CPU
		{31D1738C-1C25-46B9-ADF9-F36466EAE55A}.Release|x86.Build.0 = Release|Any CPU
		{27C202EB-9E1D-4BDD-8AB3-B48646BD63BF}.Debug|Any CPU.ActiveCfg = Debug|Any CPU
		{27C202EB-9E1D-4BDD-8AB3-B48646BD63BF}.Debug|Any CPU.Build.0 = Debug|Any CPU
		{27C202EB-9E1D-4BDD-8AB3-B48646BD63BF}.Debug|x64.ActiveCfg = Debug|Any CPU
		{27C202EB-9E1D-4BDD-8AB3-B48646BD63BF}.Debug|x64.Build.0 = Debug|Any CPU
		{27C202EB-9E1D-4BDD-8AB3-B48646BD63BF}.Debug|x86.ActiveCfg = Debug|Any CPU
		{27C202EB-9E1D-4BDD-8AB3-B48646BD63BF}.Debug|x86.Build.0 = Debug|Any CPU
		{27C202EB-9E1D-4BDD-8AB3-B48646BD63BF}.Release|Any CPU.ActiveCfg = Release|Any CPU
		{27C202EB-9E1D-4BDD-8AB3-B48646BD63BF}.Release|Any CPU.Build.0 = Release|Any CPU
		{27C202EB-9E1D-4BDD-8AB3-B48646BD63BF}.Release|x64.ActiveCfg = Release|Any CPU
		{27C202EB-9E1D-4BDD-8AB3-B48646BD63BF}.Release|x64.Build.0 = Release|Any CPU
		{27C202EB-9E1D-4BDD-8AB3-B48646BD63BF}.Release|x86.ActiveCfg = Release|Any CPU
		{27C202EB-9E1D-4BDD-8AB3-B48646BD63BF}.Release|x86.Build.0 = Release|Any CPU
		{405111D0-13AE-45E6-A15D-95F341904DD7}.Debug|Any CPU.ActiveCfg = Debug|Any CPU
		{405111D0-13AE-45E6-A15D-95F341904DD7}.Debug|Any CPU.Build.0 = Debug|Any CPU
		{405111D0-13AE-45E6-A15D-95F341904DD7}.Debug|x64.ActiveCfg = Debug|Any CPU
		{405111D0-13AE-45E6-A15D-95F341904DD7}.Debug|x64.Build.0 = Debug|Any CPU
		{405111D0-13AE-45E6-A15D-95F341904DD7}.Debug|x86.ActiveCfg = Debug|Any CPU
		{405111D0-13AE-45E6-A15D-95F341904DD7}.Debug|x86.Build.0 = Debug|Any CPU
		{405111D0-13AE-45E6-A15D-95F341904DD7}.Release|Any CPU.ActiveCfg = Release|Any CPU
		{405111D0-13AE-45E6-A15D-95F341904DD7}.Release|Any CPU.Build.0 = Release|Any CPU
		{405111D0-13AE-45E6-A15D-95F341904DD7}.Release|x64.ActiveCfg = Release|Any CPU
		{405111D0-13AE-45E6-A15D-95F341904DD7}.Release|x64.Build.0 = Release|Any CPU
		{405111D0-13AE-45E6-A15D-95F341904DD7}.Release|x86.ActiveCfg = Release|Any CPU
		{405111D0-13AE-45E6-A15D-95F341904DD7}.Release|x86.Build.0 = Release|Any CPU
		{5E1B6EBA-FB66-A2AB-F74C-651931E8F8A1}.Debug|Any CPU.ActiveCfg = Debug|Any CPU
		{5E1B6EBA-FB66-A2AB-F74C-651931E8F8A1}.Debug|Any CPU.Build.0 = Debug|Any CPU
		{5E1B6EBA-FB66-A2AB-F74C-651931E8F8A1}.Debug|x64.ActiveCfg = Debug|Any CPU
		{5E1B6EBA-FB66-A2AB-F74C-651931E8F8A1}.Debug|x64.Build.0 = Debug|Any CPU
		{5E1B6EBA-FB66-A2AB-F74C-651931E8F8A1}.Debug|x86.ActiveCfg = Debug|Any CPU
		{5E1B6EBA-FB66-A2AB-F74C-651931E8F8A1}.Debug|x86.Build.0 = Debug|Any CPU
		{5E1B6EBA-FB66-A2AB-F74C-651931E8F8A1}.Release|Any CPU.ActiveCfg = Debug|Any CPU
		{5E1B6EBA-FB66-A2AB-F74C-651931E8F8A1}.Release|Any CPU.Build.0 = Debug|Any CPU
		{5E1B6EBA-FB66-A2AB-F74C-651931E8F8A1}.Release|x64.ActiveCfg = Debug|Any CPU
		{5E1B6EBA-FB66-A2AB-F74C-651931E8F8A1}.Release|x64.Build.0 = Debug|Any CPU
		{5E1B6EBA-FB66-A2AB-F74C-651931E8F8A1}.Release|x86.ActiveCfg = Debug|Any CPU
		{5E1B6EBA-FB66-A2AB-F74C-651931E8F8A1}.Release|x86.Build.0 = Debug|Any CPU
		{B62663F3-87CD-4FE5-892D-2FA15017CC01}.Debug|Any CPU.ActiveCfg = Debug|Any CPU
		{B62663F3-87CD-4FE5-892D-2FA15017CC01}.Debug|Any CPU.Build.0 = Debug|Any CPU
		{B62663F3-87CD-4FE5-892D-2FA15017CC01}.Debug|x64.ActiveCfg = Debug|Any CPU
		{B62663F3-87CD-4FE5-892D-2FA15017CC01}.Debug|x64.Build.0 = Debug|Any CPU
		{B62663F3-87CD-4FE5-892D-2FA15017CC01}.Debug|x86.ActiveCfg = Debug|Any CPU
		{B62663F3-87CD-4FE5-892D-2FA15017CC01}.Debug|x86.Build.0 = Debug|Any CPU
		{B62663F3-87CD-4FE5-892D-2FA15017CC01}.Release|Any CPU.ActiveCfg = Release|Any CPU
		{B62663F3-87CD-4FE5-892D-2FA15017CC01}.Release|Any CPU.Build.0 = Release|Any CPU
		{B62663F3-87CD-4FE5-892D-2FA15017CC01}.Release|x64.ActiveCfg = Release|Any CPU
		{B62663F3-87CD-4FE5-892D-2FA15017CC01}.Release|x64.Build.0 = Release|Any CPU
		{B62663F3-87CD-4FE5-892D-2FA15017CC01}.Release|x86.ActiveCfg = Release|Any CPU
		{B62663F3-87CD-4FE5-892D-2FA15017CC01}.Release|x86.Build.0 = Release|Any CPU
		{BCC88832-608F-4D7E-AFF7-4EED50D5792C}.Debug|Any CPU.ActiveCfg = Debug|Any CPU
		{BCC88832-608F-4D7E-AFF7-4EED50D5792C}.Debug|Any CPU.Build.0 = Debug|Any CPU
		{BCC88832-608F-4D7E-AFF7-4EED50D5792C}.Debug|x64.ActiveCfg = Debug|Any CPU
		{BCC88832-608F-4D7E-AFF7-4EED50D5792C}.Debug|x64.Build.0 = Debug|Any CPU
		{BCC88832-608F-4D7E-AFF7-4EED50D5792C}.Debug|x86.ActiveCfg = Debug|Any CPU
		{BCC88832-608F-4D7E-AFF7-4EED50D5792C}.Debug|x86.Build.0 = Debug|Any CPU
		{BCC88832-608F-4D7E-AFF7-4EED50D5792C}.Release|Any CPU.ActiveCfg = Release|Any CPU
		{BCC88832-608F-4D7E-AFF7-4EED50D5792C}.Release|Any CPU.Build.0 = Release|Any CPU
		{BCC88832-608F-4D7E-AFF7-4EED50D5792C}.Release|x64.ActiveCfg = Release|Any CPU
		{BCC88832-608F-4D7E-AFF7-4EED50D5792C}.Release|x64.Build.0 = Release|Any CPU
		{BCC88832-608F-4D7E-AFF7-4EED50D5792C}.Release|x86.ActiveCfg = Release|Any CPU
		{BCC88832-608F-4D7E-AFF7-4EED50D5792C}.Release|x86.Build.0 = Release|Any CPU
		{AD2911DA-1407-E041-BC8E-81A8F3A453CD}.Debug|Any CPU.ActiveCfg = Debug|Any CPU
		{AD2911DA-1407-E041-BC8E-81A8F3A453CD}.Debug|Any CPU.Build.0 = Debug|Any CPU
		{AD2911DA-1407-E041-BC8E-81A8F3A453CD}.Debug|x64.ActiveCfg = Debug|Any CPU
		{AD2911DA-1407-E041-BC8E-81A8F3A453CD}.Debug|x64.Build.0 = Debug|Any CPU
		{AD2911DA-1407-E041-BC8E-81A8F3A453CD}.Debug|x86.ActiveCfg = Debug|Any CPU
		{AD2911DA-1407-E041-BC8E-81A8F3A453CD}.Debug|x86.Build.0 = Debug|Any CPU
		{AD2911DA-1407-E041-BC8E-81A8F3A453CD}.Release|Any CPU.ActiveCfg = Debug|Any CPU
		{AD2911DA-1407-E041-BC8E-81A8F3A453CD}.Release|Any CPU.Build.0 = Debug|Any CPU
		{AD2911DA-1407-E041-BC8E-81A8F3A453CD}.Release|x64.ActiveCfg = Debug|Any CPU
		{AD2911DA-1407-E041-BC8E-81A8F3A453CD}.Release|x64.Build.0 = Debug|Any CPU
		{AD2911DA-1407-E041-BC8E-81A8F3A453CD}.Release|x86.ActiveCfg = Debug|Any CPU
		{AD2911DA-1407-E041-BC8E-81A8F3A453CD}.Release|x86.Build.0 = Debug|Any CPU
		{05055170-2AAF-5EFE-13F5-061F10E24E87}.Debug|Any CPU.ActiveCfg = Debug|Any CPU
		{05055170-2AAF-5EFE-13F5-061F10E24E87}.Debug|Any CPU.Build.0 = Debug|Any CPU
		{05055170-2AAF-5EFE-13F5-061F10E24E87}.Debug|x64.ActiveCfg = Debug|Any CPU
		{05055170-2AAF-5EFE-13F5-061F10E24E87}.Debug|x64.Build.0 = Debug|Any CPU
		{05055170-2AAF-5EFE-13F5-061F10E24E87}.Debug|x86.ActiveCfg = Debug|Any CPU
		{05055170-2AAF-5EFE-13F5-061F10E24E87}.Debug|x86.Build.0 = Debug|Any CPU
		{05055170-2AAF-5EFE-13F5-061F10E24E87}.Release|Any CPU.ActiveCfg = Debug|Any CPU
		{05055170-2AAF-5EFE-13F5-061F10E24E87}.Release|Any CPU.Build.0 = Debug|Any CPU
		{05055170-2AAF-5EFE-13F5-061F10E24E87}.Release|x64.ActiveCfg = Debug|Any CPU
		{05055170-2AAF-5EFE-13F5-061F10E24E87}.Release|x64.Build.0 = Debug|Any CPU
		{05055170-2AAF-5EFE-13F5-061F10E24E87}.Release|x86.ActiveCfg = Debug|Any CPU
		{05055170-2AAF-5EFE-13F5-061F10E24E87}.Release|x86.Build.0 = Debug|Any CPU
		{40F080E2-1F06-1013-AB14-67E667E9CFEF}.Debug|Any CPU.ActiveCfg = Debug|Any CPU
		{40F080E2-1F06-1013-AB14-67E667E9CFEF}.Debug|Any CPU.Build.0 = Debug|Any CPU
		{40F080E2-1F06-1013-AB14-67E667E9CFEF}.Debug|x64.ActiveCfg = Debug|Any CPU
		{40F080E2-1F06-1013-AB14-67E667E9CFEF}.Debug|x64.Build.0 = Debug|Any CPU
		{40F080E2-1F06-1013-AB14-67E667E9CFEF}.Debug|x86.ActiveCfg = Debug|Any CPU
		{40F080E2-1F06-1013-AB14-67E667E9CFEF}.Debug|x86.Build.0 = Debug|Any CPU
		{40F080E2-1F06-1013-AB14-67E667E9CFEF}.Release|Any CPU.ActiveCfg = Debug|Any CPU
		{40F080E2-1F06-1013-AB14-67E667E9CFEF}.Release|Any CPU.Build.0 = Debug|Any CPU
		{40F080E2-1F06-1013-AB14-67E667E9CFEF}.Release|x64.ActiveCfg = Debug|Any CPU
		{40F080E2-1F06-1013-AB14-67E667E9CFEF}.Release|x64.Build.0 = Debug|Any CPU
		{40F080E2-1F06-1013-AB14-67E667E9CFEF}.Release|x86.ActiveCfg = Debug|Any CPU
		{40F080E2-1F06-1013-AB14-67E667E9CFEF}.Release|x86.Build.0 = Debug|Any CPU
		{C2034659-2D54-17D7-0888-91B326856A8C}.Debug|Any CPU.ActiveCfg = Debug|Any CPU
		{C2034659-2D54-17D7-0888-91B326856A8C}.Debug|Any CPU.Build.0 = Debug|Any CPU
		{C2034659-2D54-17D7-0888-91B326856A8C}.Debug|x64.ActiveCfg = Debug|Any CPU
		{C2034659-2D54-17D7-0888-91B326856A8C}.Debug|x64.Build.0 = Debug|Any CPU
		{C2034659-2D54-17D7-0888-91B326856A8C}.Debug|x86.ActiveCfg = Debug|Any CPU
		{C2034659-2D54-17D7-0888-91B326856A8C}.Debug|x86.Build.0 = Debug|Any CPU
		{C2034659-2D54-17D7-0888-91B326856A8C}.Release|Any CPU.ActiveCfg = Debug|Any CPU
		{C2034659-2D54-17D7-0888-91B326856A8C}.Release|Any CPU.Build.0 = Debug|Any CPU
		{C2034659-2D54-17D7-0888-91B326856A8C}.Release|x64.ActiveCfg = Debug|Any CPU
		{C2034659-2D54-17D7-0888-91B326856A8C}.Release|x64.Build.0 = Debug|Any CPU
		{C2034659-2D54-17D7-0888-91B326856A8C}.Release|x86.ActiveCfg = Debug|Any CPU
		{C2034659-2D54-17D7-0888-91B326856A8C}.Release|x86.Build.0 = Debug|Any CPU
		{10B09A45-FE82-0C3D-8220-4D900161B77C}.Debug|Any CPU.ActiveCfg = Debug|Any CPU
		{10B09A45-FE82-0C3D-8220-4D900161B77C}.Debug|Any CPU.Build.0 = Debug|Any CPU
		{10B09A45-FE82-0C3D-8220-4D900161B77C}.Debug|x64.ActiveCfg = Debug|Any CPU
		{10B09A45-FE82-0C3D-8220-4D900161B77C}.Debug|x64.Build.0 = Debug|Any CPU
		{10B09A45-FE82-0C3D-8220-4D900161B77C}.Debug|x86.ActiveCfg = Debug|Any CPU
		{10B09A45-FE82-0C3D-8220-4D900161B77C}.Debug|x86.Build.0 = Debug|Any CPU
		{10B09A45-FE82-0C3D-8220-4D900161B77C}.Release|Any CPU.ActiveCfg = Debug|Any CPU
		{10B09A45-FE82-0C3D-8220-4D900161B77C}.Release|Any CPU.Build.0 = Debug|Any CPU
		{10B09A45-FE82-0C3D-8220-4D900161B77C}.Release|x64.ActiveCfg = Debug|Any CPU
		{10B09A45-FE82-0C3D-8220-4D900161B77C}.Release|x64.Build.0 = Debug|Any CPU
		{10B09A45-FE82-0C3D-8220-4D900161B77C}.Release|x86.ActiveCfg = Debug|Any CPU
		{10B09A45-FE82-0C3D-8220-4D900161B77C}.Release|x86.Build.0 = Debug|Any CPU
		{C372A850-105F-E609-3280-A9A3131336BD}.Debug|Any CPU.ActiveCfg = Debug|Any CPU
		{C372A850-105F-E609-3280-A9A3131336BD}.Debug|Any CPU.Build.0 = Debug|Any CPU
		{C372A850-105F-E609-3280-A9A3131336BD}.Debug|x64.ActiveCfg = Debug|Any CPU
		{C372A850-105F-E609-3280-A9A3131336BD}.Debug|x64.Build.0 = Debug|Any CPU
		{C372A850-105F-E609-3280-A9A3131336BD}.Debug|x86.ActiveCfg = Debug|Any CPU
		{C372A850-105F-E609-3280-A9A3131336BD}.Debug|x86.Build.0 = Debug|Any CPU
		{C372A850-105F-E609-3280-A9A3131336BD}.Release|Any CPU.ActiveCfg = Debug|Any CPU
		{C372A850-105F-E609-3280-A9A3131336BD}.Release|Any CPU.Build.0 = Debug|Any CPU
		{C372A850-105F-E609-3280-A9A3131336BD}.Release|x64.ActiveCfg = Debug|Any CPU
		{C372A850-105F-E609-3280-A9A3131336BD}.Release|x64.Build.0 = Debug|Any CPU
		{C372A850-105F-E609-3280-A9A3131336BD}.Release|x86.ActiveCfg = Debug|Any CPU
		{C372A850-105F-E609-3280-A9A3131336BD}.Release|x86.Build.0 = Debug|Any CPU
		{824084C4-6AAE-4966-58CF-9F64006CF4FB}.Debug|Any CPU.ActiveCfg = Debug|Any CPU
		{824084C4-6AAE-4966-58CF-9F64006CF4FB}.Debug|Any CPU.Build.0 = Debug|Any CPU
		{824084C4-6AAE-4966-58CF-9F64006CF4FB}.Debug|x64.ActiveCfg = Debug|Any CPU
		{824084C4-6AAE-4966-58CF-9F64006CF4FB}.Debug|x64.Build.0 = Debug|Any CPU
		{824084C4-6AAE-4966-58CF-9F64006CF4FB}.Debug|x86.ActiveCfg = Debug|Any CPU
		{824084C4-6AAE-4966-58CF-9F64006CF4FB}.Debug|x86.Build.0 = Debug|Any CPU
		{824084C4-6AAE-4966-58CF-9F64006CF4FB}.Release|Any CPU.ActiveCfg = Debug|Any CPU
		{824084C4-6AAE-4966-58CF-9F64006CF4FB}.Release|Any CPU.Build.0 = Debug|Any CPU
		{824084C4-6AAE-4966-58CF-9F64006CF4FB}.Release|x64.ActiveCfg = Debug|Any CPU
		{824084C4-6AAE-4966-58CF-9F64006CF4FB}.Release|x64.Build.0 = Debug|Any CPU
		{824084C4-6AAE-4966-58CF-9F64006CF4FB}.Release|x86.ActiveCfg = Debug|Any CPU
		{824084C4-6AAE-4966-58CF-9F64006CF4FB}.Release|x86.Build.0 = Debug|Any CPU
		{B5932977-D5B2-BB1D-C6AD-16658314F3B3}.Debug|Any CPU.ActiveCfg = Debug|Any CPU
		{B5932977-D5B2-BB1D-C6AD-16658314F3B3}.Debug|Any CPU.Build.0 = Debug|Any CPU
		{B5932977-D5B2-BB1D-C6AD-16658314F3B3}.Debug|x64.ActiveCfg = Debug|Any CPU
		{B5932977-D5B2-BB1D-C6AD-16658314F3B3}.Debug|x64.Build.0 = Debug|Any CPU
		{B5932977-D5B2-BB1D-C6AD-16658314F3B3}.Debug|x86.ActiveCfg = Debug|Any CPU
		{B5932977-D5B2-BB1D-C6AD-16658314F3B3}.Debug|x86.Build.0 = Debug|Any CPU
		{B5932977-D5B2-BB1D-C6AD-16658314F3B3}.Release|Any CPU.ActiveCfg = Debug|Any CPU
		{B5932977-D5B2-BB1D-C6AD-16658314F3B3}.Release|Any CPU.Build.0 = Debug|Any CPU
		{B5932977-D5B2-BB1D-C6AD-16658314F3B3}.Release|x64.ActiveCfg = Debug|Any CPU
		{B5932977-D5B2-BB1D-C6AD-16658314F3B3}.Release|x64.Build.0 = Debug|Any CPU
		{B5932977-D5B2-BB1D-C6AD-16658314F3B3}.Release|x86.ActiveCfg = Debug|Any CPU
		{B5932977-D5B2-BB1D-C6AD-16658314F3B3}.Release|x86.Build.0 = Debug|Any CPU
		{8C08102D-FCCB-4153-AE81-7EFE85A97A62}.Debug|Any CPU.ActiveCfg = Debug|Any CPU
		{8C08102D-FCCB-4153-AE81-7EFE85A97A62}.Debug|Any CPU.Build.0 = Debug|Any CPU
		{8C08102D-FCCB-4153-AE81-7EFE85A97A62}.Debug|x64.ActiveCfg = Debug|Any CPU
		{8C08102D-FCCB-4153-AE81-7EFE85A97A62}.Debug|x64.Build.0 = Debug|Any CPU
		{8C08102D-FCCB-4153-AE81-7EFE85A97A62}.Debug|x86.ActiveCfg = Debug|Any CPU
		{8C08102D-FCCB-4153-AE81-7EFE85A97A62}.Debug|x86.Build.0 = Debug|Any CPU
		{8C08102D-FCCB-4153-AE81-7EFE85A97A62}.Release|Any CPU.ActiveCfg = Release|Any CPU
		{8C08102D-FCCB-4153-AE81-7EFE85A97A62}.Release|Any CPU.Build.0 = Release|Any CPU
		{8C08102D-FCCB-4153-AE81-7EFE85A97A62}.Release|x64.ActiveCfg = Release|Any CPU
		{8C08102D-FCCB-4153-AE81-7EFE85A97A62}.Release|x64.Build.0 = Release|Any CPU
		{8C08102D-FCCB-4153-AE81-7EFE85A97A62}.Release|x86.ActiveCfg = Release|Any CPU
		{8C08102D-FCCB-4153-AE81-7EFE85A97A62}.Release|x86.Build.0 = Release|Any CPU
		{04397D8D-77BB-47E8-9DEE-C886A1826EB4}.Debug|Any CPU.ActiveCfg = Debug|Any CPU
		{04397D8D-77BB-47E8-9DEE-C886A1826EB4}.Debug|Any CPU.Build.0 = Debug|Any CPU
		{04397D8D-77BB-47E8-9DEE-C886A1826EB4}.Debug|x64.ActiveCfg = Debug|Any CPU
		{04397D8D-77BB-47E8-9DEE-C886A1826EB4}.Debug|x64.Build.0 = Debug|Any CPU
		{04397D8D-77BB-47E8-9DEE-C886A1826EB4}.Debug|x86.ActiveCfg = Debug|Any CPU
		{04397D8D-77BB-47E8-9DEE-C886A1826EB4}.Debug|x86.Build.0 = Debug|Any CPU
		{04397D8D-77BB-47E8-9DEE-C886A1826EB4}.Release|Any CPU.ActiveCfg = Release|Any CPU
		{04397D8D-77BB-47E8-9DEE-C886A1826EB4}.Release|Any CPU.Build.0 = Release|Any CPU
		{04397D8D-77BB-47E8-9DEE-C886A1826EB4}.Release|x64.ActiveCfg = Release|Any CPU
		{04397D8D-77BB-47E8-9DEE-C886A1826EB4}.Release|x64.Build.0 = Release|Any CPU
		{04397D8D-77BB-47E8-9DEE-C886A1826EB4}.Release|x86.ActiveCfg = Release|Any CPU
		{04397D8D-77BB-47E8-9DEE-C886A1826EB4}.Release|x86.Build.0 = Release|Any CPU
		{D5DA2CE8-12C4-8C94-16BA-300EA9A943E1}.Debug|Any CPU.ActiveCfg = Debug|Any CPU
		{D5DA2CE8-12C4-8C94-16BA-300EA9A943E1}.Debug|Any CPU.Build.0 = Debug|Any CPU
		{D5DA2CE8-12C4-8C94-16BA-300EA9A943E1}.Debug|x64.ActiveCfg = Debug|Any CPU
		{D5DA2CE8-12C4-8C94-16BA-300EA9A943E1}.Debug|x64.Build.0 = Debug|Any CPU
		{D5DA2CE8-12C4-8C94-16BA-300EA9A943E1}.Debug|x86.ActiveCfg = Debug|Any CPU
		{D5DA2CE8-12C4-8C94-16BA-300EA9A943E1}.Debug|x86.Build.0 = Debug|Any CPU
		{D5DA2CE8-12C4-8C94-16BA-300EA9A943E1}.Release|Any CPU.ActiveCfg = Debug|Any CPU
		{D5DA2CE8-12C4-8C94-16BA-300EA9A943E1}.Release|Any CPU.Build.0 = Debug|Any CPU
		{D5DA2CE8-12C4-8C94-16BA-300EA9A943E1}.Release|x64.ActiveCfg = Debug|Any CPU
		{D5DA2CE8-12C4-8C94-16BA-300EA9A943E1}.Release|x64.Build.0 = Debug|Any CPU
		{D5DA2CE8-12C4-8C94-16BA-300EA9A943E1}.Release|x86.ActiveCfg = Debug|Any CPU
		{D5DA2CE8-12C4-8C94-16BA-300EA9A943E1}.Release|x86.Build.0 = Debug|Any CPU
	EndGlobalSection
	GlobalSection(SolutionProperties) = preSolution
		HideSolutionNode = FALSE
	EndGlobalSection
	GlobalSection(NestedProjects) = preSolution
		{357275F9-23B5-ED06-A723-291680D452AA} = {914C77C9-212A-4DD0-8D9A-074620E77FAA}
		{3A94C6B6-82E5-A1A2-A312-9D8E905E8F4A} = {914C77C9-212A-4DD0-8D9A-074620E77FAA}
		{7BE873E5-6C09-7F6F-D436-69F223C79329} = {914C77C9-212A-4DD0-8D9A-074620E77FAA}
		{7426908B-F33B-16FE-D8E3-0A19FFDA947F} = {914C77C9-212A-4DD0-8D9A-074620E77FAA}
		{BF9559A9-174A-DAF1-DF5F-03BEE8EBF4F1} = {914C77C9-212A-4DD0-8D9A-074620E77FAA}
		{C3758BE1-78D5-CA86-C48D-CB9EE0875B9C} = {914C77C9-212A-4DD0-8D9A-074620E77FAA}
		{A245516C-DF9D-4DF9-B6CB-B8E99D56D679} = {914C77C9-212A-4DD0-8D9A-074620E77FAA}
		{4755D7E6-9C18-87F7-9FB0-AA8AF1801E83} = {914C77C9-212A-4DD0-8D9A-074620E77FAA}
		{18FC8021-2861-97B8-C06F-E793AD2027C2} = {914C77C9-212A-4DD0-8D9A-074620E77FAA}
		{82C48630-1CEC-CB9E-32EA-1BA4C0154BAC} = {914C77C9-212A-4DD0-8D9A-074620E77FAA}
		{B8994466-96D7-4777-BE10-85EC5919EA98} = {46008B91-6EC0-448B-8D1A-D8C6D2EEBEF4}
		{46E6A551-DFC7-9DC1-D7DF-40DD0CEF8A34} = {914C77C9-212A-4DD0-8D9A-074620E77FAA}
		{9696D6D9-D3C2-E738-0BD1-0AB7E48E7ED6} = {914C77C9-212A-4DD0-8D9A-074620E77FAA}
		{B25C83F5-6523-4DD9-A469-C41135F3D681} = {46008B91-6EC0-448B-8D1A-D8C6D2EEBEF4}
		{7678473B-B6EB-4C4D-9D71-97A35F07C4BF} = {46008B91-6EC0-448B-8D1A-D8C6D2EEBEF4}
		{C03EE403-3B05-42E6-A26F-7C8761978B65} = {46008B91-6EC0-448B-8D1A-D8C6D2EEBEF4}
		{31D1738C-1C25-46B9-ADF9-F36466EAE55A} = {46008B91-6EC0-448B-8D1A-D8C6D2EEBEF4}
		{27C202EB-9E1D-4BDD-8AB3-B48646BD63BF} = {46008B91-6EC0-448B-8D1A-D8C6D2EEBEF4}
		{405111D0-13AE-45E6-A15D-95F341904DD7} = {46008B91-6EC0-448B-8D1A-D8C6D2EEBEF4}
		{5E1B6EBA-FB66-A2AB-F74C-651931E8F8A1} = {914C77C9-212A-4DD0-8D9A-074620E77FAA}
		{B62663F3-87CD-4FE5-892D-2FA15017CC01} = {46008B91-6EC0-448B-8D1A-D8C6D2EEBEF4}
		{BCC88832-608F-4D7E-AFF7-4EED50D5792C} = {46008B91-6EC0-448B-8D1A-D8C6D2EEBEF4}
		{AD2911DA-1407-E041-BC8E-81A8F3A453CD} = {914C77C9-212A-4DD0-8D9A-074620E77FAA}
		{05055170-2AAF-5EFE-13F5-061F10E24E87} = {914C77C9-212A-4DD0-8D9A-074620E77FAA}
		{40F080E2-1F06-1013-AB14-67E667E9CFEF} = {914C77C9-212A-4DD0-8D9A-074620E77FAA}
		{C2034659-2D54-17D7-0888-91B326856A8C} = {914C77C9-212A-4DD0-8D9A-074620E77FAA}
		{10B09A45-FE82-0C3D-8220-4D900161B77C} = {914C77C9-212A-4DD0-8D9A-074620E77FAA}
		{C372A850-105F-E609-3280-A9A3131336BD} = {914C77C9-212A-4DD0-8D9A-074620E77FAA}
		{824084C4-6AAE-4966-58CF-9F64006CF4FB} = {914C77C9-212A-4DD0-8D9A-074620E77FAA}
		{B5932977-D5B2-BB1D-C6AD-16658314F3B3} = {914C77C9-212A-4DD0-8D9A-074620E77FAA}
		{8C08102D-FCCB-4153-AE81-7EFE85A97A62} = {46008B91-6EC0-448B-8D1A-D8C6D2EEBEF4}
		{04397D8D-77BB-47E8-9DEE-C886A1826EB4} = {46008B91-6EC0-448B-8D1A-D8C6D2EEBEF4}
		{D5DA2CE8-12C4-8C94-16BA-300EA9A943E1} = {914C77C9-212A-4DD0-8D9A-074620E77FAA}
	EndGlobalSection
	GlobalSection(ExtensibilityGlobals) = postSolution
		SolutionGuid = {EABC01E3-3EB5-47EF-B46E-AAD8BB3585F1}
	EndGlobalSection
EndGlobal
