
Microsoft Visual Studio Solution File, Format Version 12.00
# Visual Studio Version 17
VisualStudioVersion = 17.0.31903.59
MinimumVisualStudioVersion = 10.0.40219.1
Project("{FAE04EC0-301F-11D3-BF4B-00C04F79EFBC}") = "AdjustETCsprojs", "AdjustETCsprojs\AdjustETCsprojs.csproj", "{380460F3-F38A-4728-97C4-2AD1C2659846}"
EndProject
Global
	GlobalSection(SolutionConfigurationPlatforms) = preSolution
		Debug|Any CPU = Debug|Any CPU
		Release|Any CPU = Release|Any CPU
	EndGlobalSection
	GlobalSection(ProjectConfigurationPlatforms) = postSolution
		{380460F3-F38A-4728-97C4-2AD1C2659846}.Debug|Any CPU.ActiveCfg = Debug|Any CPU
		{380460F3-F38A-4728-97C4-2AD1C2659846}.Debug|Any CPU.Build.0 = Debug|Any CPU
		{380460F3-F38A-4728-97C4-2AD1C2659846}.Release|Any CPU.ActiveCfg = Release|Any CPU
		{380460F3-F38A-4728-97C4-2AD1C2659846}.Release|Any CPU.Build.0 = Release|Any CPU
	EndGlobalSection
	GlobalSection(SolutionProperties) = preSolution
		HideSolutionNode = FALSE
	EndGlobalSection
	GlobalSection(ExtensibilityGlobals) = postSolution
		SolutionGuid = {AD299D7F-770F-4397-9A9D-84E50662BD0A}
	EndGlobalSection
EndGlobal
