
Microsoft Visual Studio Solution File, Format Version 12.00
# Visual Studio Version 16
VisualStudioVersion = 16.0.31702.278
MinimumVisualStudioVersion = 10.0.40219.1
Project("{8BC9CEB8-8B4A-11D0-8D11-00A0C91BC942}") = "Interpreter", "Interpreter\Interpreter.vcxproj", "{B8BD0219-AEA8-4167-ABD7-29D7628803D9}"
EndProject
Project("{8BC9CEB8-8B4A-11D0-8D11-00A0C91BC942}") = "App", "App\App.vcxproj", "{6781B069-A20C-43A2-A83C-1F3D3F3E8CD8}"
EndProject
Global
	GlobalSection(SolutionConfigurationPlatforms) = preSolution
		Debug|x64 = Debug|x64
		Debug|x86 = Debug|x86
		Release|x64 = Release|x64
		Release|x86 = Release|x86
	EndGlobalSection
	GlobalSection(ProjectConfigurationPlatforms) = postSolution
		{B8BD0219-AEA8-4167-ABD7-29D7628803D9}.Debug|x64.ActiveCfg = Debug|x64
		{B8BD0219-AEA8-4167-ABD7-29D7628803D9}.Debug|x64.Build.0 = Debug|x64
		{B8BD0219-AEA8-4167-ABD7-29D7628803D9}.Debug|x86.ActiveCfg = Debug|Win32
		{B8BD0219-AEA8-4167-ABD7-29D7628803D9}.Release|x64.ActiveCfg = Release|x64
		{B8BD0219-AEA8-4167-ABD7-29D7628803D9}.Release|x64.Build.0 = Release|x64
		{B8BD0219-AEA8-4167-ABD7-29D7628803D9}.Release|x86.ActiveCfg = Release|Win32
		{B8BD0219-AEA8-4167-ABD7-29D7628803D9}.Release|x86.Build.0 = Release|Win32
		{6781B069-A20C-43A2-A83C-1F3D3F3E8CD8}.Debug|x64.ActiveCfg = Debug|x64
		{6781B069-A20C-43A2-A83C-1F3D3F3E8CD8}.Debug|x64.Build.0 = Debug|x64
		{6781B069-A20C-43A2-A83C-1F3D3F3E8CD8}.Debug|x86.ActiveCfg = Debug|Win32
		{6781B069-A20C-43A2-A83C-1F3D3F3E8CD8}.Release|x64.ActiveCfg = Release|x64
		{6781B069-A20C-43A2-A83C-1F3D3F3E8CD8}.Release|x64.Build.0 = Release|x64
		{6781B069-A20C-43A2-A83C-1F3D3F3E8CD8}.Release|x86.ActiveCfg = Release|Win32
		{6781B069-A20C-43A2-A83C-1F3D3F3E8CD8}.Release|x86.Build.0 = Release|Win32
	EndGlobalSection
	GlobalSection(SolutionProperties) = preSolution
		HideSolutionNode = FALSE
	EndGlobalSection
	GlobalSection(ExtensibilityGlobals) = postSolution
		SolutionGuid = {B5408F2B-2F4D-4830-8D78-3B1DE8FF60F4}
	EndGlobalSection
EndGlobal
