
Microsoft Visual Studio Solution File, Format Version 12.00
# Visual Studio 15
VisualStudioVersion = 15.0.26730.10
MinimumVisualStudioVersion = 10.0.40219.1
Project("{FAE04EC0-301F-11D3-BF4B-00C04F79EFBC}") = "Server.Base", "Base\Server.Base.csproj", "{E5078EC6-2B0E-4711-BE8B-D99F69638316}"
EndProject
Project("{FAE04EC0-301F-11D3-BF4B-00C04F79EFBC}") = "Server.Model", "Model\Server.Model.csproj", "{820D3488-76B9-4EE8-872A-BE06C2350B20}"
EndProject
Project("{2150E333-8FDC-42A3-9474-1A3956D46DE8}") = "ThirdParty", "ThirdParty", "{01CCAD69-09B1-42F9-8A39-489268BEE18D}"
EndProject
Project("{FAE04EC0-301F-11D3-BF4B-00C04F79EFBC}") = "Server.App", "App\Server.App.csproj", "{3F8DC04C-9E05-403F-B6A5-36293EB99937}"
EndProject
Project("{8BC9CEB8-8B4A-11D0-8D11-00A0C91BC942}") = "ENet", "ThirdParty\ENet\ENet.vcxproj", "{C9992B7C-313E-4C9F-A954-640D01EDFB58}"
EndProject
Project("{FAE04EC0-301F-11D3-BF4B-00C04F79EFBC}") = "Server.Hotfix", "Hotfix\Server.Hotfix.csproj", "{3878BD71-2F75-4EDF-882F-BC708154B1B0}"
EndProject
Global
	GlobalSection(SolutionConfigurationPlatforms) = preSolution
		Debug|Any CPU = Debug|Any CPU
		Debug|x64 = Debug|x64
		Debug|x86 = Debug|x86
		Release|Any CPU = Release|Any CPU
		Release|x64 = Release|x64
		Release|x86 = Release|x86
	EndGlobalSection
	GlobalSection(ProjectConfigurationPlatforms) = postSolution
		{E5078EC6-2B0E-4711-BE8B-D99F69638316}.Debug|Any CPU.ActiveCfg = Debug|Any CPU
		{E5078EC6-2B0E-4711-BE8B-D99F69638316}.Debug|Any CPU.Build.0 = Debug|Any CPU
		{E5078EC6-2B0E-4711-BE8B-D99F69638316}.Debug|x64.ActiveCfg = Debug|Any CPU
		{E5078EC6-2B0E-4711-BE8B-D99F69638316}.Debug|x64.Build.0 = Debug|Any CPU
		{E5078EC6-2B0E-4711-BE8B-D99F69638316}.Debug|x86.ActiveCfg = Debug|Any CPU
		{E5078EC6-2B0E-4711-BE8B-D99F69638316}.Debug|x86.Build.0 = Debug|Any CPU
		{E5078EC6-2B0E-4711-BE8B-D99F69638316}.Release|Any CPU.ActiveCfg = Release|Any CPU
		{E5078EC6-2B0E-4711-BE8B-D99F69638316}.Release|Any CPU.Build.0 = Release|Any CPU
		{E5078EC6-2B0E-4711-BE8B-D99F69638316}.Release|x64.ActiveCfg = Release|Any CPU
		{E5078EC6-2B0E-4711-BE8B-D99F69638316}.Release|x64.Build.0 = Release|Any CPU
		{E5078EC6-2B0E-4711-BE8B-D99F69638316}.Release|x86.ActiveCfg = Release|Any CPU
		{E5078EC6-2B0E-4711-BE8B-D99F69638316}.Release|x86.Build.0 = Release|Any CPU
		{820D3488-76B9-4EE8-872A-BE06C2350B20}.Debug|Any CPU.ActiveCfg = Debug|Any CPU
		{820D3488-76B9-4EE8-872A-BE06C2350B20}.Debug|Any CPU.Build.0 = Debug|Any CPU
		{820D3488-76B9-4EE8-872A-BE06C2350B20}.Debug|x64.ActiveCfg = Debug|Any CPU
		{820D3488-76B9-4EE8-872A-BE06C2350B20}.Debug|x64.Build.0 = Debug|Any CPU
		{820D3488-76B9-4EE8-872A-BE06C2350B20}.Debug|x86.ActiveCfg = Debug|Any CPU
		{820D3488-76B9-4EE8-872A-BE06C2350B20}.Debug|x86.Build.0 = Debug|Any CPU
		{820D3488-76B9-4EE8-872A-BE06C2350B20}.Release|Any CPU.ActiveCfg = Release|Any CPU
		{820D3488-76B9-4EE8-872A-BE06C2350B20}.Release|Any CPU.Build.0 = Release|Any CPU
		{820D3488-76B9-4EE8-872A-BE06C2350B20}.Release|x64.ActiveCfg = Release|Any CPU
		{820D3488-76B9-4EE8-872A-BE06C2350B20}.Release|x64.Build.0 = Release|Any CPU
		{820D3488-76B9-4EE8-872A-BE06C2350B20}.Release|x86.ActiveCfg = Release|Any CPU
		{820D3488-76B9-4EE8-872A-BE06C2350B20}.Release|x86.Build.0 = Release|Any CPU
		{3F8DC04C-9E05-403F-B6A5-36293EB99937}.Debug|Any CPU.ActiveCfg = Debug|Any CPU
		{3F8DC04C-9E05-403F-B6A5-36293EB99937}.Debug|Any CPU.Build.0 = Debug|Any CPU
		{3F8DC04C-9E05-403F-B6A5-36293EB99937}.Debug|x64.ActiveCfg = Debug|Any CPU
		{3F8DC04C-9E05-403F-B6A5-36293EB99937}.Debug|x64.Build.0 = Debug|Any CPU
		{3F8DC04C-9E05-403F-B6A5-36293EB99937}.Debug|x86.ActiveCfg = Debug|Any CPU
		{3F8DC04C-9E05-403F-B6A5-36293EB99937}.Debug|x86.Build.0 = Debug|Any CPU
		{3F8DC04C-9E05-403F-B6A5-36293EB99937}.Release|Any CPU.ActiveCfg = Release|Any CPU
		{3F8DC04C-9E05-403F-B6A5-36293EB99937}.Release|Any CPU.Build.0 = Release|Any CPU
		{3F8DC04C-9E05-403F-B6A5-36293EB99937}.Release|x64.ActiveCfg = Release|Any CPU
		{3F8DC04C-9E05-403F-B6A5-36293EB99937}.Release|x64.Build.0 = Release|Any CPU
		{3F8DC04C-9E05-403F-B6A5-36293EB99937}.Release|x86.ActiveCfg = Release|Any CPU
		{3F8DC04C-9E05-403F-B6A5-36293EB99937}.Release|x86.Build.0 = Release|Any CPU
		{C9992B7C-313E-4C9F-A954-640D01EDFB58}.Debug|Any CPU.ActiveCfg = Debug|Win32
		{C9992B7C-313E-4C9F-A954-640D01EDFB58}.Debug|Any CPU.Build.0 = Debug|Win32
		{C9992B7C-313E-4C9F-A954-640D01EDFB58}.Debug|x64.ActiveCfg = Debug|x64
		{C9992B7C-313E-4C9F-A954-640D01EDFB58}.Debug|x64.Build.0 = Debug|x64
		{C9992B7C-313E-4C9F-A954-640D01EDFB58}.Debug|x86.ActiveCfg = Debug|Win32
		{C9992B7C-313E-4C9F-A954-640D01EDFB58}.Debug|x86.Build.0 = Debug|Win32
		{C9992B7C-313E-4C9F-A954-640D01EDFB58}.Release|Any CPU.ActiveCfg = Release|Win32
		{C9992B7C-313E-4C9F-A954-640D01EDFB58}.Release|x64.ActiveCfg = Release|x64
		{C9992B7C-313E-4C9F-A954-640D01EDFB58}.Release|x64.Build.0 = Release|x64
		{C9992B7C-313E-4C9F-A954-640D01EDFB58}.Release|x86.ActiveCfg = Release|Win32
		{C9992B7C-313E-4C9F-A954-640D01EDFB58}.Release|x86.Build.0 = Release|Win32
		{3878BD71-2F75-4EDF-882F-BC708154B1B0}.Debug|Any CPU.ActiveCfg = Debug|Any CPU
		{3878BD71-2F75-4EDF-882F-BC708154B1B0}.Debug|Any CPU.Build.0 = Debug|Any CPU
		{3878BD71-2F75-4EDF-882F-BC708154B1B0}.Debug|x64.ActiveCfg = Debug|Any CPU
		{3878BD71-2F75-4EDF-882F-BC708154B1B0}.Debug|x64.Build.0 = Debug|Any CPU
		{3878BD71-2F75-4EDF-882F-BC708154B1B0}.Debug|x86.ActiveCfg = Debug|Any CPU
		{3878BD71-2F75-4EDF-882F-BC708154B1B0}.Debug|x86.Build.0 = Debug|Any CPU
		{3878BD71-2F75-4EDF-882F-BC708154B1B0}.Release|Any CPU.ActiveCfg = Release|Any CPU
		{3878BD71-2F75-4EDF-882F-BC708154B1B0}.Release|Any CPU.Build.0 = Release|Any CPU
		{3878BD71-2F75-4EDF-882F-BC708154B1B0}.Release|x64.ActiveCfg = Release|Any CPU
		{3878BD71-2F75-4EDF-882F-BC708154B1B0}.Release|x64.Build.0 = Release|Any CPU
		{3878BD71-2F75-4EDF-882F-BC708154B1B0}.Release|x86.ActiveCfg = Release|Any CPU
		{3878BD71-2F75-4EDF-882F-BC708154B1B0}.Release|x86.Build.0 = Release|Any CPU
	EndGlobalSection
	GlobalSection(SolutionProperties) = preSolution
		HideSolutionNode = FALSE
	EndGlobalSection
	GlobalSection(NestedProjects) = preSolution
		{C9992B7C-313E-4C9F-A954-640D01EDFB58} = {01CCAD69-09B1-42F9-8A39-489268BEE18D}
	EndGlobalSection
	GlobalSection(ExtensibilityGlobals) = postSolution
		SolutionGuid = {0B3370FF-162C-439D-9E8D-7DDFF59AD82B}
	EndGlobalSection
EndGlobal
