
Microsoft Visual Studio Solution File, Format Version 12.00
# Visual Studio 15
VisualStudioVersion = 15.0.27130.2010
MinimumVisualStudioVersion = 10.0.40219.1
Project("{9A19103F-16F7-4668-BE54-9A1E7A4F7556}") = "Server.App", "App\Server.App.csproj", "{11464C2C-E0B6-476E-ABB1-87445E736B76}"
EndProject
Project("{9A19103F-16F7-4668-BE54-9A1E7A4F7556}") = "Server.Hotfix", "Hotfix\Server.Hotfix.csproj", "{E383A68D-1928-46F4-8896-4E99DF331476}"
EndProject
Project("{9A19103F-16F7-4668-BE54-9A1E7A4F7556}") = "Server.Model", "Model\Server.Model.csproj", "{85CB09B5-6392-4A13-BAF8-025218BFF496}"
EndProject
Project("{2150E333-8FDC-42A3-9474-1A3956D46DE8}") = "ThirdParty", "ThirdParty", "{5D11E730-0CAA-4A47-BA1A-379004F0F6D9}"
EndProject
Project("{2150E333-8FDC-42A3-9474-1A3956D46DE8}") = "MongodbDriver", "MongodbDriver", "{6946DBCF-B81C-4B2A-A7C5-94A337D915C2}"
EndProject
Project("{9A19103F-16F7-4668-BE54-9A1E7A4F7556}") = "MongoDB.Bson", "ThirdParty\MongodbDriver\DotNetCoreDriver\MongoDB.Bson\MongoDB.Bson.csproj", "{817B2682-29D6-4BAC-9AA7-618DCCD8CBE5}"
EndProject
Project("{9A19103F-16F7-4668-BE54-9A1E7A4F7556}") = "MongoDB.Driver", "ThirdParty\MongodbDriver\DotNetCoreDriver\MongoDB.Driver\MongoDB.Driver.csproj", "{3FD1D683-59E8-47C4-9436-B3D856EFB094}"
EndProject
Project("{9A19103F-16F7-4668-BE54-9A1E7A4F7556}") = "MongoDB.Driver.Core", "ThirdParty\MongodbDriver\DotNetCoreDriver\MongoDB.Driver.Core\MongoDB.Driver.Core.csproj", "{46A590DE-EBA3-4928-AB78-5C514D08C9E7}"
EndProject
Project("{9A19103F-16F7-4668-BE54-9A1E7A4F7556}") = "Google.Protobuf", "ThirdParty\Google.Protobuf\Google.Protobuf.csproj", "{02B4D7EC-AC40-4675-963E-53CAB9A86BDE}"
EndProject
Project("{FAE04EC0-301F-11D3-BF4B-00C04F79EFBC}") = "KcpLib", "ThirdParty\KcpLib\KcpLib.csproj", "{2B432E70-FA05-4D99-8241-237B0E4F5D84}"
EndProject
Global
	GlobalSection(SolutionConfigurationPlatforms) = preSolution
		Debug|Any CPU = Debug|Any CPU
		Debug|x64 = Debug|x64
		Debug|x86 = Debug|x86
		Release|Any CPU = Release|Any CPU
		Release|x64 = Release|x64
		Release|x86 = Release|x86
	EndGlobalSection
	GlobalSection(ProjectConfigurationPlatforms) = postSolution
		{11464C2C-E0B6-476E-ABB1-87445E736B76}.Debug|Any CPU.ActiveCfg = Debug|Any CPU
		{11464C2C-E0B6-476E-ABB1-87445E736B76}.Debug|Any CPU.Build.0 = Debug|Any CPU
		{11464C2C-E0B6-476E-ABB1-87445E736B76}.Debug|x64.ActiveCfg = Debug|Any CPU
		{11464C2C-E0B6-476E-ABB1-87445E736B76}.Debug|x64.Build.0 = Debug|Any CPU
		{11464C2C-E0B6-476E-ABB1-87445E736B76}.Debug|x86.ActiveCfg = Debug|Any CPU
		{11464C2C-E0B6-476E-ABB1-87445E736B76}.Debug|x86.Build.0 = Debug|Any CPU
		{11464C2C-E0B6-476E-ABB1-87445E736B76}.Release|Any CPU.ActiveCfg = Release|Any CPU
		{11464C2C-E0B6-476E-ABB1-87445E736B76}.Release|Any CPU.Build.0 = Release|Any CPU
		{11464C2C-E0B6-476E-ABB1-87445E736B76}.Release|x64.ActiveCfg = Release|Any CPU
		{11464C2C-E0B6-476E-ABB1-87445E736B76}.Release|x64.Build.0 = Release|Any CPU
		{11464C2C-E0B6-476E-ABB1-87445E736B76}.Release|x86.ActiveCfg = Release|Any CPU
		{11464C2C-E0B6-476E-ABB1-87445E736B76}.Release|x86.Build.0 = Release|Any CPU
		{E383A68D-1928-46F4-8896-4E99DF331476}.Debug|Any CPU.ActiveCfg = Debug|Any CPU
		{E383A68D-1928-46F4-8896-4E99DF331476}.Debug|Any CPU.Build.0 = Debug|Any CPU
		{E383A68D-1928-46F4-8896-4E99DF331476}.Debug|x64.ActiveCfg = Debug|Any CPU
		{E383A68D-1928-46F4-8896-4E99DF331476}.Debug|x64.Build.0 = Debug|Any CPU
		{E383A68D-1928-46F4-8896-4E99DF331476}.Debug|x86.ActiveCfg = Debug|Any CPU
		{E383A68D-1928-46F4-8896-4E99DF331476}.Debug|x86.Build.0 = Debug|Any CPU
		{E383A68D-1928-46F4-8896-4E99DF331476}.Release|Any CPU.ActiveCfg = Release|Any CPU
		{E383A68D-1928-46F4-8896-4E99DF331476}.Release|Any CPU.Build.0 = Release|Any CPU
		{E383A68D-1928-46F4-8896-4E99DF331476}.Release|x64.ActiveCfg = Release|Any CPU
		{E383A68D-1928-46F4-8896-4E99DF331476}.Release|x64.Build.0 = Release|Any CPU
		{E383A68D-1928-46F4-8896-4E99DF331476}.Release|x86.ActiveCfg = Release|Any CPU
		{E383A68D-1928-46F4-8896-4E99DF331476}.Release|x86.Build.0 = Release|Any CPU
		{85CB09B5-6392-4A13-BAF8-025218BFF496}.Debug|Any CPU.ActiveCfg = Debug|Any CPU
		{85CB09B5-6392-4A13-BAF8-025218BFF496}.Debug|Any CPU.Build.0 = Debug|Any CPU
		{85CB09B5-6392-4A13-BAF8-025218BFF496}.Debug|x64.ActiveCfg = Debug|Any CPU
		{85CB09B5-6392-4A13-BAF8-025218BFF496}.Debug|x64.Build.0 = Debug|Any CPU
		{85CB09B5-6392-4A13-BAF8-025218BFF496}.Debug|x86.ActiveCfg = Debug|Any CPU
		{85CB09B5-6392-4A13-BAF8-025218BFF496}.Debug|x86.Build.0 = Debug|Any CPU
		{85CB09B5-6392-4A13-BAF8-025218BFF496}.Release|Any CPU.ActiveCfg = Release|Any CPU
		{85CB09B5-6392-4A13-BAF8-025218BFF496}.Release|Any CPU.Build.0 = Release|Any CPU
		{85CB09B5-6392-4A13-BAF8-025218BFF496}.Release|x64.ActiveCfg = Release|Any CPU
		{85CB09B5-6392-4A13-BAF8-025218BFF496}.Release|x64.Build.0 = Release|Any CPU
		{85CB09B5-6392-4A13-BAF8-025218BFF496}.Release|x86.ActiveCfg = Release|Any CPU
		{85CB09B5-6392-4A13-BAF8-025218BFF496}.Release|x86.Build.0 = Release|Any CPU
		{817B2682-29D6-4BAC-9AA7-618DCCD8CBE5}.Debug|Any CPU.ActiveCfg = Debug|Any CPU
		{817B2682-29D6-4BAC-9AA7-618DCCD8CBE5}.Debug|Any CPU.Build.0 = Debug|Any CPU
		{817B2682-29D6-4BAC-9AA7-618DCCD8CBE5}.Debug|x64.ActiveCfg = Debug|Any CPU
		{817B2682-29D6-4BAC-9AA7-618DCCD8CBE5}.Debug|x64.Build.0 = Debug|Any CPU
		{817B2682-29D6-4BAC-9AA7-618DCCD8CBE5}.Debug|x86.ActiveCfg = Debug|Any CPU
		{817B2682-29D6-4BAC-9AA7-618DCCD8CBE5}.Debug|x86.Build.0 = Debug|Any CPU
		{817B2682-29D6-4BAC-9AA7-618DCCD8CBE5}.Release|Any CPU.ActiveCfg = Release|Any CPU
		{817B2682-29D6-4BAC-9AA7-618DCCD8CBE5}.Release|Any CPU.Build.0 = Release|Any CPU
		{817B2682-29D6-4BAC-9AA7-618DCCD8CBE5}.Release|x64.ActiveCfg = Release|Any CPU
		{817B2682-29D6-4BAC-9AA7-618DCCD8CBE5}.Release|x64.Build.0 = Release|Any CPU
		{817B2682-29D6-4BAC-9AA7-618DCCD8CBE5}.Release|x86.ActiveCfg = Release|Any CPU
		{817B2682-29D6-4BAC-9AA7-618DCCD8CBE5}.Release|x86.Build.0 = Release|Any CPU
		{3FD1D683-59E8-47C4-9436-B3D856EFB094}.Debug|Any CPU.ActiveCfg = Debug|Any CPU
		{3FD1D683-59E8-47C4-9436-B3D856EFB094}.Debug|Any CPU.Build.0 = Debug|Any CPU
		{3FD1D683-59E8-47C4-9436-B3D856EFB094}.Debug|x64.ActiveCfg = Debug|Any CPU
		{3FD1D683-59E8-47C4-9436-B3D856EFB094}.Debug|x64.Build.0 = Debug|Any CPU
		{3FD1D683-59E8-47C4-9436-B3D856EFB094}.Debug|x86.ActiveCfg = Debug|Any CPU
		{3FD1D683-59E8-47C4-9436-B3D856EFB094}.Debug|x86.Build.0 = Debug|Any CPU
		{3FD1D683-59E8-47C4-9436-B3D856EFB094}.Release|Any CPU.ActiveCfg = Release|Any CPU
		{3FD1D683-59E8-47C4-9436-B3D856EFB094}.Release|Any CPU.Build.0 = Release|Any CPU
		{3FD1D683-59E8-47C4-9436-B3D856EFB094}.Release|x64.ActiveCfg = Release|Any CPU
		{3FD1D683-59E8-47C4-9436-B3D856EFB094}.Release|x64.Build.0 = Release|Any CPU
		{3FD1D683-59E8-47C4-9436-B3D856EFB094}.Release|x86.ActiveCfg = Release|Any CPU
		{3FD1D683-59E8-47C4-9436-B3D856EFB094}.Release|x86.Build.0 = Release|Any CPU
		{46A590DE-EBA3-4928-AB78-5C514D08C9E7}.Debug|Any CPU.ActiveCfg = Debug|Any CPU
		{46A590DE-EBA3-4928-AB78-5C514D08C9E7}.Debug|Any CPU.Build.0 = Debug|Any CPU
		{46A590DE-EBA3-4928-AB78-5C514D08C9E7}.Debug|x64.ActiveCfg = Debug|Any CPU
		{46A590DE-EBA3-4928-AB78-5C514D08C9E7}.Debug|x64.Build.0 = Debug|Any CPU
		{46A590DE-EBA3-4928-AB78-5C514D08C9E7}.Debug|x86.ActiveCfg = Debug|Any CPU
		{46A590DE-EBA3-4928-AB78-5C514D08C9E7}.Debug|x86.Build.0 = Debug|Any CPU
		{46A590DE-EBA3-4928-AB78-5C514D08C9E7}.Release|Any CPU.ActiveCfg = Release|Any CPU
		{46A590DE-EBA3-4928-AB78-5C514D08C9E7}.Release|Any CPU.Build.0 = Release|Any CPU
		{46A590DE-EBA3-4928-AB78-5C514D08C9E7}.Release|x64.ActiveCfg = Release|Any CPU
		{46A590DE-EBA3-4928-AB78-5C514D08C9E7}.Release|x64.Build.0 = Release|Any CPU
		{46A590DE-EBA3-4928-AB78-5C514D08C9E7}.Release|x86.ActiveCfg = Release|Any CPU
		{46A590DE-EBA3-4928-AB78-5C514D08C9E7}.Release|x86.Build.0 = Release|Any CPU
		{02B4D7EC-AC40-4675-963E-53CAB9A86BDE}.Debug|Any CPU.ActiveCfg = Debug|Any CPU
		{02B4D7EC-AC40-4675-963E-53CAB9A86BDE}.Debug|Any CPU.Build.0 = Debug|Any CPU
		{02B4D7EC-AC40-4675-963E-53CAB9A86BDE}.Debug|x64.ActiveCfg = Debug|Any CPU
		{02B4D7EC-AC40-4675-963E-53CAB9A86BDE}.Debug|x64.Build.0 = Debug|Any CPU
		{02B4D7EC-AC40-4675-963E-53CAB9A86BDE}.Debug|x86.ActiveCfg = Debug|Any CPU
		{02B4D7EC-AC40-4675-963E-53CAB9A86BDE}.Debug|x86.Build.0 = Debug|Any CPU
		{02B4D7EC-AC40-4675-963E-53CAB9A86BDE}.Release|Any CPU.ActiveCfg = Release|Any CPU
		{02B4D7EC-AC40-4675-963E-53CAB9A86BDE}.Release|Any CPU.Build.0 = Release|Any CPU
		{02B4D7EC-AC40-4675-963E-53CAB9A86BDE}.Release|x64.ActiveCfg = Release|Any CPU
		{02B4D7EC-AC40-4675-963E-53CAB9A86BDE}.Release|x64.Build.0 = Release|Any CPU
		{02B4D7EC-AC40-4675-963E-53CAB9A86BDE}.Release|x86.ActiveCfg = Release|Any CPU
		{02B4D7EC-AC40-4675-963E-53CAB9A86BDE}.Release|x86.Build.0 = Release|Any CPU
		{2B432E70-FA05-4D99-8241-237B0E4F5D84}.Debug|Any CPU.ActiveCfg = Debug|Any CPU
		{2B432E70-FA05-4D99-8241-237B0E4F5D84}.Debug|Any CPU.Build.0 = Debug|Any CPU
		{2B432E70-FA05-4D99-8241-237B0E4F5D84}.Debug|x64.ActiveCfg = Debug|Any CPU
		{2B432E70-FA05-4D99-8241-237B0E4F5D84}.Debug|x64.Build.0 = Debug|Any CPU
		{2B432E70-FA05-4D99-8241-237B0E4F5D84}.Debug|x86.ActiveCfg = Debug|Any CPU
		{2B432E70-FA05-4D99-8241-237B0E4F5D84}.Debug|x86.Build.0 = Debug|Any CPU
		{2B432E70-FA05-4D99-8241-237B0E4F5D84}.Release|Any CPU.ActiveCfg = Release|Any CPU
		{2B432E70-FA05-4D99-8241-237B0E4F5D84}.Release|Any CPU.Build.0 = Release|Any CPU
		{2B432E70-FA05-4D99-8241-237B0E4F5D84}.Release|x64.ActiveCfg = Release|Any CPU
		{2B432E70-FA05-4D99-8241-237B0E4F5D84}.Release|x64.Build.0 = Release|Any CPU
		{2B432E70-FA05-4D99-8241-237B0E4F5D84}.Release|x86.ActiveCfg = Release|Any CPU
		{2B432E70-FA05-4D99-8241-237B0E4F5D84}.Release|x86.Build.0 = Release|Any CPU
	EndGlobalSection
	GlobalSection(SolutionProperties) = preSolution
		HideSolutionNode = FALSE
	EndGlobalSection
	GlobalSection(NestedProjects) = preSolution
		{6946DBCF-B81C-4B2A-A7C5-94A337D915C2} = {5D11E730-0CAA-4A47-BA1A-379004F0F6D9}
		{817B2682-29D6-4BAC-9AA7-618DCCD8CBE5} = {6946DBCF-B81C-4B2A-A7C5-94A337D915C2}
		{3FD1D683-59E8-47C4-9436-B3D856EFB094} = {6946DBCF-B81C-4B2A-A7C5-94A337D915C2}
		{46A590DE-EBA3-4928-AB78-5C514D08C9E7} = {6946DBCF-B81C-4B2A-A7C5-94A337D915C2}
		{02B4D7EC-AC40-4675-963E-53CAB9A86BDE} = {5D11E730-0CAA-4A47-BA1A-379004F0F6D9}
		{2B432E70-FA05-4D99-8241-237B0E4F5D84} = {5D11E730-0CAA-4A47-BA1A-379004F0F6D9}
	EndGlobalSection
	GlobalSection(ExtensibilityGlobals) = postSolution
		SolutionGuid = {EE120158-643A-409C-B8F2-5E654E4D6D70}
	EndGlobalSection
EndGlobal
