
Microsoft Visual Studio Solution File, Format Version 12.00
Project("{FAE04EC0-301F-11D3-BF4B-00C04F79EFBC}") = "ET.Model", "Model\ET.Model.csproj", "{7CA034F1-2B16-469C-BB74-4CBFF1F3C0CE}"
EndProject
Project("{FAE04EC0-301F-11D3-BF4B-00C04F79EFBC}") = "ET.Hotfix", "Hotfix\ET.Hotfix.csproj", "{07852679-F999-486F-9B5C-B3492F1D25DD}"
EndProject
Project("{FAE04EC0-301F-11D3-BF4B-00C04F79EFBC}") = "ET.App", "App\ET.App.csproj", "{88BB6401-F44F-4D8C-BECD-28E89D0D1A6B}"
EndProject
Project("{FAE04EC0-301F-11D3-BF4B-00C04F79EFBC}") = "ET.Loader", "..\Unity\Packages\com.et.loader\DotNet~\ET.Loader.csproj", "{7DC3D4FE-7E0B-4B45-8833-FA065A6F1259}"
EndProject
Project("{FAE04EC0-301F-11D3-BF4B-00C04F79EFBC}") = "ET.Mathematics", "..\Unity\Packages\com.et.mathematics\Runtime~\ET.Mathematics.csproj", "{CC3D4C90-F852-431F-9C05-BA3BD756688E}"
EndProject
Project("{FAE04EC0-301F-11D3-BF4B-00C04F79EFBC}") = "ET.DotRecast", "..\Unity\Packages\com.et.dotrecast\DotNet~\ET.DotRecast.csproj", "{BE32E4A4-0C68-459C-BAD5-141B63731F16}"
EndProject
Project("{FAE04EC0-301F-11D3-BF4B-00C04F79EFBC}") = "ET.Core", "..\Unity\Packages\com.et.core\DotNet~\ET.Core.csproj", "{E6211C7D-7FCD-49A8-8F22-58587D0C48D9}"
EndProject
Global
	GlobalSection(SolutionConfigurationPlatforms) = preSolution
		Debug|Any CPU = Debug|Any CPU
		Release|Any CPU = Release|Any CPU
	EndGlobalSection
	GlobalSection(ProjectConfigurationPlatforms) = postSolution
		{7CA034F1-2B16-469C-BB74-4CBFF1F3C0CE}.Debug|Any CPU.ActiveCfg = Debug|Any CPU
		{7CA034F1-2B16-469C-BB74-4CBFF1F3C0CE}.Debug|Any CPU.Build.0 = Debug|Any CPU
		{7CA034F1-2B16-469C-BB74-4CBFF1F3C0CE}.Release|Any CPU.ActiveCfg = Release|Any CPU
		{7CA034F1-2B16-469C-BB74-4CBFF1F3C0CE}.Release|Any CPU.Build.0 = Release|Any CPU
		{07852679-F999-486F-9B5C-B3492F1D25DD}.Debug|Any CPU.ActiveCfg = Debug|Any CPU
		{07852679-F999-486F-9B5C-B3492F1D25DD}.Debug|Any CPU.Build.0 = Debug|Any CPU
		{07852679-F999-486F-9B5C-B3492F1D25DD}.Release|Any CPU.ActiveCfg = Release|Any CPU
		{07852679-F999-486F-9B5C-B3492F1D25DD}.Release|Any CPU.Build.0 = Release|Any CPU
		{88BB6401-F44F-4D8C-BECD-28E89D0D1A6B}.Debug|Any CPU.ActiveCfg = Debug|Any CPU
		{88BB6401-F44F-4D8C-BECD-28E89D0D1A6B}.Debug|Any CPU.Build.0 = Debug|Any CPU
		{88BB6401-F44F-4D8C-BECD-28E89D0D1A6B}.Release|Any CPU.ActiveCfg = Release|Any CPU
		{88BB6401-F44F-4D8C-BECD-28E89D0D1A6B}.Release|Any CPU.Build.0 = Release|Any CPU
		{7DC3D4FE-7E0B-4B45-8833-FA065A6F1259}.Debug|Any CPU.ActiveCfg = Debug|Any CPU
		{7DC3D4FE-7E0B-4B45-8833-FA065A6F1259}.Debug|Any CPU.Build.0 = Debug|Any CPU
		{7DC3D4FE-7E0B-4B45-8833-FA065A6F1259}.Release|Any CPU.ActiveCfg = Release|Any CPU
		{7DC3D4FE-7E0B-4B45-8833-FA065A6F1259}.Release|Any CPU.Build.0 = Release|Any CPU
		{CC3D4C90-F852-431F-9C05-BA3BD756688E}.Debug|Any CPU.ActiveCfg = Debug|Any CPU
		{CC3D4C90-F852-431F-9C05-BA3BD756688E}.Debug|Any CPU.Build.0 = Debug|Any CPU
		{CC3D4C90-F852-431F-9C05-BA3BD756688E}.Release|Any CPU.ActiveCfg = Release|Any CPU
		{CC3D4C90-F852-431F-9C05-BA3BD756688E}.Release|Any CPU.Build.0 = Release|Any CPU
		{BE32E4A4-0C68-459C-BAD5-141B63731F16}.Debug|Any CPU.ActiveCfg = Debug|Any CPU
		{BE32E4A4-0C68-459C-BAD5-141B63731F16}.Debug|Any CPU.Build.0 = Debug|Any CPU
		{BE32E4A4-0C68-459C-BAD5-141B63731F16}.Release|Any CPU.ActiveCfg = Release|Any CPU
		{BE32E4A4-0C68-459C-BAD5-141B63731F16}.Release|Any CPU.Build.0 = Release|Any CPU
		{E6211C7D-7FCD-49A8-8F22-58587D0C48D9}.Debug|Any CPU.ActiveCfg = Debug|Any CPU
		{E6211C7D-7FCD-49A8-8F22-58587D0C48D9}.Debug|Any CPU.Build.0 = Debug|Any CPU
		{E6211C7D-7FCD-49A8-8F22-58587D0C48D9}.Release|Any CPU.ActiveCfg = Release|Any CPU
		{E6211C7D-7FCD-49A8-8F22-58587D0C48D9}.Release|Any CPU.Build.0 = Release|Any CPU
	EndGlobalSection
EndGlobal
