<?xml version="1.0" encoding="utf-8"?>
<Project ToolsVersion="4.0" xmlns="http://schemas.microsoft.com/developer/msbuild/2003">
  <ItemGroup>
    <ClCompile Include="callbacks.c" />
    <ClCompile Include="compress.c" />
    <ClCompile Include="host.c" />
    <ClCompile Include="list.c" />
    <ClCompile Include="packet.c" />
    <ClCompile Include="peer.c" />
    <ClCompile Include="protocol.c" />
    <ClCompile Include="unix.c" />
    <ClCompile Include="win32.c" />
  </ItemGroup>
  <ItemGroup>
    <Filter Include="enet">
      <UniqueIdentifier>{5b0e5c61-d179-4c41-a760-6154cf2db017}</UniqueIdentifier>
    </Filter>
  </ItemGroup>
  <ItemGroup>
    <ClInclude Include="enet\callbacks.h">
      <Filter>enet</Filter>
    </ClInclude>
    <ClInclude Include="enet\enet.h">
      <Filter>enet</Filter>
    </ClInclude>
    <ClInclude Include="enet\list.h">
      <Filter>enet</Filter>
    </ClInclude>
    <ClInclude Include="enet\protocol.h">
      <Filter>enet</Filter>
    </ClInclude>
    <ClInclude Include="enet\time.h">
      <Filter>enet</Filter>
    </ClInclude>
    <ClInclude Include="enet\types.h">
      <Filter>enet</Filter>
    </ClInclude>
    <ClInclude Include="enet\unix.h">
      <Filter>enet</Filter>
    </ClInclude>
    <ClInclude Include="enet\utility.h">
      <Filter>enet</Filter>
    </ClInclude>
    <ClInclude Include="enet\win32.h">
      <Filter>enet</Filter>
    </ClInclude>
  </ItemGroup>
</Project>