
Microsoft Visual Studio Solution File, Format Version 11.00
# Visual Studio 2010
Project("{FAE04EC0-301F-11D3-BF4B-00C04F79EFBC}") = "Unity.Mono", "Unity.Mono.csproj", "{5910fa29-5797-199c-985b-fc9fc473328e}"
EndProject
Project("{FAE04EC0-301F-11D3-BF4B-00C04F79EFBC}") = "Unity.ThirdParty", "Unity.ThirdParty.csproj", "{d2ad5be1-263a-9a30-ab0f-dc5b08044350}"
EndProject
Project("{FAE04EC0-301F-11D3-BF4B-00C04F79EFBC}") = "Unity.Editor", "Unity.Editor.csproj", "{041131cd-3018-19b1-81b6-5dbee2467ffb}"
EndProject
Project("{FAE04EC0-301F-11D3-BF4B-00C04F79EFBC}") = "Assembly-CSharp", "Assembly-CSharp.csproj", "{03938ccd-4b40-8dfb-6b9b-21988d5cac0a}"
EndProject
Global
	GlobalSection(SolutionConfigurationPlatforms) = preSolution
		Debug|Any CPU = Debug|Any CPU
	EndGlobalSection
	GlobalSection(ProjectConfigurationPlatforms) = postSolution
		{5910fa29-5797-199c-985b-fc9fc473328e}.Debug|Any CPU.ActiveCfg = Debug|Any CPU
		{5910fa29-5797-199c-985b-fc9fc473328e}.Debug|Any CPU.Build.0 = Debug|Any CPU
		{d2ad5be1-263a-9a30-ab0f-dc5b08044350}.Debug|Any CPU.ActiveCfg = Debug|Any CPU
		{d2ad5be1-263a-9a30-ab0f-dc5b08044350}.Debug|Any CPU.Build.0 = Debug|Any CPU
		{041131cd-3018-19b1-81b6-5dbee2467ffb}.Debug|Any CPU.ActiveCfg = Debug|Any CPU
		{041131cd-3018-19b1-81b6-5dbee2467ffb}.Debug|Any CPU.Build.0 = Debug|Any CPU
		{03938ccd-4b40-8dfb-6b9b-21988d5cac0a}.Debug|Any CPU.ActiveCfg = Debug|Any CPU
		{03938ccd-4b40-8dfb-6b9b-21988d5cac0a}.Debug|Any CPU.Build.0 = Debug|Any CPU
	EndGlobalSection
	GlobalSection(SolutionProperties) = preSolution
		HideSolutionNode = FALSE
	EndGlobalSection
EndGlobal
