
Microsoft Visual Studio Solution File, Format Version 12.00
# Visual Studio 15
VisualStudioVersion = 15.0.28010.2046
MinimumVisualStudioVersion = 10.0.40219.1
Project("{9A19103F-16F7-4668-BE54-9A1E7A4F7556}") = "Proto2CS", "Proto2CS\Proto2CS.csproj", "{6903B08C-40ED-4324-9F33-E65E9341EC95}"
EndProject
Global
	GlobalSection(SolutionConfigurationPlatforms) = preSolution
		Debug|Any CPU = Debug|Any CPU
		Release|Any CPU = Release|Any CPU
	EndGlobalSection
	GlobalSection(ProjectConfigurationPlatforms) = postSolution
		{6903B08C-40ED-4324-9F33-E65E9341EC95}.Debug|Any CPU.ActiveCfg = Debug|Any CPU
		{6903B08C-40ED-4324-9F33-E65E9341EC95}.Debug|Any CPU.Build.0 = Debug|Any CPU
		{6903B08C-40ED-4324-9F33-E65E9341EC95}.Release|Any CPU.ActiveCfg = Release|Any CPU
		{6903B08C-40ED-4324-9F33-E65E9341EC95}.Release|Any CPU.Build.0 = Release|Any CPU
	EndGlobalSection
	GlobalSection(SolutionProperties) = preSolution
		HideSolutionNode = FALSE
	EndGlobalSection
	GlobalSection(ExtensibilityGlobals) = postSolution
		SolutionGuid = {26215A9A-992A-4D3E-9EE3-DE8128C832E2}
	EndGlobalSection
EndGlobal
